
Microsoft Visual Studio Solution File, Format Version 10.00
# Visual Studio 2008
Project("{FAE04EC0-301F-11D3-BF4B-00C04F79EFBC}") = "AgateDrawing", "..\Drivers\AgateDrawing\AgateDrawing.csproj", "{5CD0553F-A741-410C-BA82-E8EAFB1553DB}"
EndProject
Project("{FAE04EC0-301F-11D3-BF4B-00C04F79EFBC}") = "AgateOTK", "..\Drivers\AgateOTK\AgateOTK.csproj", "{89DFB559-852D-43E1-B9D7-53537CD6B1D9}"
EndProject
Project("{FAE04EC0-301F-11D3-BF4B-00C04F79EFBC}") = "BasicDrawingTester", "BasicDrawingTester\BasicDrawingTester.csproj", "{DC7A1A84-1547-4B14-A54A-31BC20B25F47}"
EndProject
Project("{FAE04EC0-301F-11D3-BF4B-00C04F79EFBC}") = "CreateWindowTest", "CreateWindowTest\CreateWindowTest.csproj", "{FBA15345-5D2C-440A-8BE0-83FA53BEDBCF}"
EndProject
Project("{FAE04EC0-301F-11D3-BF4B-00C04F79EFBC}") = "MultipleWindowTest", "MultipleWindowTest\MultipleWindowTest.csproj", "{29E34C41-06E2-4D25-8000-4A8740C54758}"
EndProject
Project("{FAE04EC0-301F-11D3-BF4B-00C04F79EFBC}") = "TilingTest", "TilingTest\TilingTest.csproj", "{614C418D-3DFA-4DA5-B6ED-C580A3939FEF}"
EndProject
Project("{FAE04EC0-301F-11D3-BF4B-00C04F79EFBC}") = "Pong", "Pong\Pong.csproj", "{436641C4-846C-42D0-8E8F-95F70E211D22}"
EndProject
Project("{FAE04EC0-301F-11D3-BF4B-00C04F79EFBC}") = "BallBuster.Net", "BallBuster.Net\BallBuster.Net.csproj", "{DD3CF4AA-02CC-4881-AFB1-6F10DFA1F8AF}"
EndProject
Project("{FAE04EC0-301F-11D3-BF4B-00C04F79EFBC}") = "AgateLib", "..\AgateLib\AgateLib.csproj", "{85F1BBEE-197B-4A4D-ABE5-100B75F9FE57}"
EndProject
Project("{FAE04EC0-301F-11D3-BF4B-00C04F79EFBC}") = "AgateLib.WinForms", "..\Drivers\AgateLib.WinForms\AgateLib.WinForms.csproj", "{07841EAA-0FFE-43AA-BF86-789D9909A02C}"
EndProject
Project("{FAE04EC0-301F-11D3-BF4B-00C04F79EFBC}") = "AgateSDL", "..\Drivers\AgateSDL\AgateSDL.csproj", "{FDA3969A-9EAA-4C15-A8CC-3D8DDAF705AE}"
EndProject
Global
	GlobalSection(SolutionConfigurationPlatforms) = preSolution
		Debug|Any CPU = Debug|Any CPU
		Release|Any CPU = Release|Any CPU
	EndGlobalSection
	GlobalSection(ProjectConfigurationPlatforms) = postSolution
		{5CD0553F-A741-410C-BA82-E8EAFB1553DB}.Debug|Any CPU.ActiveCfg = Debug|Any CPU
		{5CD0553F-A741-410C-BA82-E8EAFB1553DB}.Debug|Any CPU.Build.0 = Debug|Any CPU
		{5CD0553F-A741-410C-BA82-E8EAFB1553DB}.Release|Any CPU.ActiveCfg = Release|Any CPU
		{5CD0553F-A741-410C-BA82-E8EAFB1553DB}.Release|Any CPU.Build.0 = Release|Any CPU
		{89DFB559-852D-43E1-B9D7-53537CD6B1D9}.Debug|Any CPU.ActiveCfg = Debug|Any CPU
		{89DFB559-852D-43E1-B9D7-53537CD6B1D9}.Debug|Any CPU.Build.0 = Debug|Any CPU
		{89DFB559-852D-43E1-B9D7-53537CD6B1D9}.Release|Any CPU.ActiveCfg = Release|Any CPU
		{89DFB559-852D-43E1-B9D7-53537CD6B1D9}.Release|Any CPU.Build.0 = Release|Any CPU
		{DC7A1A84-1547-4B14-A54A-31BC20B25F47}.Debug|Any CPU.ActiveCfg = Debug|Any CPU
		{DC7A1A84-1547-4B14-A54A-31BC20B25F47}.Debug|Any CPU.Build.0 = Debug|Any CPU
		{DC7A1A84-1547-4B14-A54A-31BC20B25F47}.Release|Any CPU.ActiveCfg = Release|Any CPU
		{DC7A1A84-1547-4B14-A54A-31BC20B25F47}.Release|Any CPU.Build.0 = Release|Any CPU
		{FBA15345-5D2C-440A-8BE0-83FA53BEDBCF}.Debug|Any CPU.ActiveCfg = Debug|Any CPU
		{FBA15345-5D2C-440A-8BE0-83FA53BEDBCF}.Debug|Any CPU.Build.0 = Debug|Any CPU
		{FBA15345-5D2C-440A-8BE0-83FA53BEDBCF}.Release|Any CPU.ActiveCfg = Release|Any CPU
		{FBA15345-5D2C-440A-8BE0-83FA53BEDBCF}.Release|Any CPU.Build.0 = Release|Any CPU
		{29E34C41-06E2-4D25-8000-4A8740C54758}.Debug|Any CPU.ActiveCfg = Debug|Any CPU
		{29E34C41-06E2-4D25-8000-4A8740C54758}.Debug|Any CPU.Build.0 = Debug|Any CPU
		{29E34C41-06E2-4D25-8000-4A8740C54758}.Release|Any CPU.ActiveCfg = Release|Any CPU
		{29E34C41-06E2-4D25-8000-4A8740C54758}.Release|Any CPU.Build.0 = Release|Any CPU
		{614C418D-3DFA-4DA5-B6ED-C580A3939FEF}.Debug|Any CPU.ActiveCfg = Debug|Any CPU
		{614C418D-3DFA-4DA5-B6ED-C580A3939FEF}.Debug|Any CPU.Build.0 = Debug|Any CPU
		{614C418D-3DFA-4DA5-B6ED-C580A3939FEF}.Release|Any CPU.ActiveCfg = Release|Any CPU
		{614C418D-3DFA-4DA5-B6ED-C580A3939FEF}.Release|Any CPU.Build.0 = Release|Any CPU
		{436641C4-846C-42D0-8E8F-95F70E211D22}.Debug|Any CPU.ActiveCfg = Debug|Any CPU
		{436641C4-846C-42D0-8E8F-95F70E211D22}.Debug|Any CPU.Build.0 = Debug|Any CPU
		{436641C4-846C-42D0-8E8F-95F70E211D22}.Release|Any CPU.ActiveCfg = Release|Any CPU
		{436641C4-846C-42D0-8E8F-95F70E211D22}.Release|Any CPU.Build.0 = Release|Any CPU
		{DD3CF4AA-02CC-4881-AFB1-6F10DFA1F8AF}.Debug|Any CPU.ActiveCfg = Debug|Any CPU
		{DD3CF4AA-02CC-4881-AFB1-6F10DFA1F8AF}.Debug|Any CPU.Build.0 = Debug|Any CPU
		{DD3CF4AA-02CC-4881-AFB1-6F10DFA1F8AF}.Release|Any CPU.ActiveCfg = Release|Any CPU
		{DD3CF4AA-02CC-4881-AFB1-6F10DFA1F8AF}.Release|Any CPU.Build.0 = Release|Any CPU
		{85F1BBEE-197B-4A4D-ABE5-100B75F9FE57}.Debug|Any CPU.ActiveCfg = Debug|Any CPU
		{85F1BBEE-197B-4A4D-ABE5-100B75F9FE57}.Debug|Any CPU.Build.0 = Debug|Any CPU
		{85F1BBEE-197B-4A4D-ABE5-100B75F9FE57}.Release|Any CPU.ActiveCfg = Release|Any CPU
		{85F1BBEE-197B-4A4D-ABE5-100B75F9FE57}.Release|Any CPU.Build.0 = Release|Any CPU
		{07841EAA-0FFE-43AA-BF86-789D9909A02C}.Debug|Any CPU.ActiveCfg = Debug|Any CPU
		{07841EAA-0FFE-43AA-BF86-789D9909A02C}.Debug|Any CPU.Build.0 = Debug|Any CPU
		{07841EAA-0FFE-43AA-BF86-789D9909A02C}.Release|Any CPU.ActiveCfg = Release|Any CPU
		{07841EAA-0FFE-43AA-BF86-789D9909A02C}.Release|Any CPU.Build.0 = Release|Any CPU
		{FDA3969A-9EAA-4C15-A8CC-3D8DDAF705AE}.Debug|Any CPU.ActiveCfg = Debug|Any CPU
		{FDA3969A-9EAA-4C15-A8CC-3D8DDAF705AE}.Debug|Any CPU.Build.0 = Debug|Any CPU
		{FDA3969A-9EAA-4C15-A8CC-3D8DDAF705AE}.Release|Any CPU.ActiveCfg = Release|Any CPU
		{FDA3969A-9EAA-4C15-A8CC-3D8DDAF705AE}.Release|Any CPU.Build.0 = Release|Any CPU
	EndGlobalSection
	GlobalSection(SolutionProperties) = preSolution
		HideSolutionNode = FALSE
	EndGlobalSection
EndGlobal
