Microsoft Visual Studio Solution File, Format Version 11.00
# Visual Studio 2010
Project("{2150E333-8FDC-42A3-9474-1A3956D46DE8}") = "Solution Files", "Solution Files", "{6AFA2E43-361A-4AA6-83D9-6DE946C1F0B6}"
	ProjectSection(SolutionItems) = preProject
		ChangeLog.txt = ChangeLog.txt
		ReleaseNotes.txt = ReleaseNotes.txt
		TODO.txt = TODO.txt
	EndProjectSection
EndProject
Project("{FAE04EC0-301F-11D3-BF4B-00C04F79EFBC}") = "Tests", "Tests\Tests.csproj", "{DC687DB2-90A8-484D-AB99-B3D29FDD8D44}"
	ProjectSection(ProjectDependencies) = postProject
		{9E095F03-BA3F-4EAD-A905-2A2647CE4405} = {9E095F03-BA3F-4EAD-A905-2A2647CE4405}
		{EF993B30-D9A9-4962-80BB-6826D39B3465} = {EF993B30-D9A9-4962-80BB-6826D39B3465}
		{164A785D-924E-40FB-A517-D7E677F3B53A} = {164A785D-924E-40FB-A517-D7E677F3B53A}
		{00C7FA95-98F4-43D9-9B63-34122B1DB003} = {00C7FA95-98F4-43D9-9B63-34122B1DB003}
	EndProjectSection
EndProject
Project("{FAE04EC0-301F-11D3-BF4B-00C04F79EFBC}") = "AgateLib.WinForms", "Drivers\AgateLib.WinForms\AgateLib.WinForms.csproj", "{BEF6D67B-4C84-4D3E-8047-6DB2C8754D77}"
EndProject
Project("{FAE04EC0-301F-11D3-BF4B-00C04F79EFBC}") = "AgateDrawing", "Drivers\AgateDrawing\AgateDrawing.csproj", "{164A785D-924E-40FB-A517-D7E677F3B53A}"
EndProject
Project("{FAE04EC0-301F-11D3-BF4B-00C04F79EFBC}") = "AgateSDL", "Drivers\AgateSDL\AgateSDL.csproj", "{00C7FA95-98F4-43D9-9B63-34122B1DB003}"
EndProject
Project("{FAE04EC0-301F-11D3-BF4B-00C04F79EFBC}") = "AgateSDX", "Drivers\AgateSDX\AgateSDX.csproj", "{EF993B30-D9A9-4962-80BB-6826D39B3465}"
EndProject
Project("{FAE04EC0-301F-11D3-BF4B-00C04F79EFBC}") = "AgateLib", "AgateLib\AgateLib.csproj", "{9490B719-829E-43A7-A5FE-8001F8A81759}"
EndProject
Project("{FAE04EC0-301F-11D3-BF4B-00C04F79EFBC}") = "AgateFMOD", "Drivers\AgateFMOD\AgateFMOD.csproj", "{424C08A9-6CC6-4FFF-B782-CBD58BC42FCA}"
EndProject
Project("{FAE04EC0-301F-11D3-BF4B-00C04F79EFBC}") = "AgateOTK", "Drivers\AgateOTK\AgateOTK.csproj", "{9E095F03-BA3F-4EAD-A905-2A2647CE4405}"
EndProject
Global
	GlobalSection(SolutionConfigurationPlatforms) = preSolution
		Debug|Any CPU = Debug|Any CPU
		Debug|Mixed Platforms = Debug|Mixed Platforms
		Debug|Win32 = Debug|Win32
		Debug|x64 = Debug|x64
		Debug|x86 = Debug|x86
		Public|Any CPU = Public|Any CPU
		Public|Mixed Platforms = Public|Mixed Platforms
		Public|Win32 = Public|Win32
		Public|x64 = Public|x64
		Public|x86 = Public|x86
		Release|Any CPU = Release|Any CPU
		Release|Mixed Platforms = Release|Mixed Platforms
		Release|Win32 = Release|Win32
		Release|x64 = Release|x64
		Release|x86 = Release|x86
	EndGlobalSection
	GlobalSection(ProjectConfigurationPlatforms) = postSolution
		{DC687DB2-90A8-484D-AB99-B3D29FDD8D44}.Debug|Any CPU.ActiveCfg = Debug|Any CPU
		{DC687DB2-90A8-484D-AB99-B3D29FDD8D44}.Debug|Any CPU.Build.0 = Debug|Any CPU
		{DC687DB2-90A8-484D-AB99-B3D29FDD8D44}.Debug|Mixed Platforms.ActiveCfg = Debug|x86
		{DC687DB2-90A8-484D-AB99-B3D29FDD8D44}.Debug|Mixed Platforms.Build.0 = Debug|x86
		{DC687DB2-90A8-484D-AB99-B3D29FDD8D44}.Debug|Win32.ActiveCfg = Debug|x86
		{DC687DB2-90A8-484D-AB99-B3D29FDD8D44}.Debug|x64.ActiveCfg = Debug|x64
		{DC687DB2-90A8-484D-AB99-B3D29FDD8D44}.Debug|x64.Build.0 = Debug|x64
		{DC687DB2-90A8-484D-AB99-B3D29FDD8D44}.Debug|x86.ActiveCfg = Debug|x86
		{DC687DB2-90A8-484D-AB99-B3D29FDD8D44}.Debug|x86.Build.0 = Debug|x86
		{DC687DB2-90A8-484D-AB99-B3D29FDD8D44}.Public|Any CPU.ActiveCfg = Release|x86
		{DC687DB2-90A8-484D-AB99-B3D29FDD8D44}.Public|Mixed Platforms.ActiveCfg = Release|x86
		{DC687DB2-90A8-484D-AB99-B3D29FDD8D44}.Public|Mixed Platforms.Build.0 = Release|x86
		{DC687DB2-90A8-484D-AB99-B3D29FDD8D44}.Public|Win32.ActiveCfg = Release|x86
		{DC687DB2-90A8-484D-AB99-B3D29FDD8D44}.Public|x64.ActiveCfg = Release|x86
		{DC687DB2-90A8-484D-AB99-B3D29FDD8D44}.Public|x86.ActiveCfg = Release|x86
		{DC687DB2-90A8-484D-AB99-B3D29FDD8D44}.Public|x86.Build.0 = Release|x86
		{DC687DB2-90A8-484D-AB99-B3D29FDD8D44}.Release|Any CPU.ActiveCfg = Release|Any CPU
		{DC687DB2-90A8-484D-AB99-B3D29FDD8D44}.Release|Any CPU.Build.0 = Release|Any CPU
		{DC687DB2-90A8-484D-AB99-B3D29FDD8D44}.Release|Mixed Platforms.ActiveCfg = Release|x86
		{DC687DB2-90A8-484D-AB99-B3D29FDD8D44}.Release|Mixed Platforms.Build.0 = Release|x86
		{DC687DB2-90A8-484D-AB99-B3D29FDD8D44}.Release|Win32.ActiveCfg = Release|x86
		{DC687DB2-90A8-484D-AB99-B3D29FDD8D44}.Release|x64.ActiveCfg = Release|x64
		{DC687DB2-90A8-484D-AB99-B3D29FDD8D44}.Release|x64.Build.0 = Release|x64
		{DC687DB2-90A8-484D-AB99-B3D29FDD8D44}.Release|x86.ActiveCfg = Release|x86
		{DC687DB2-90A8-484D-AB99-B3D29FDD8D44}.Release|x86.Build.0 = Release|x86
		{BEF6D67B-4C84-4D3E-8047-6DB2C8754D77}.Debug|Any CPU.ActiveCfg = Debug|Any CPU
		{BEF6D67B-4C84-4D3E-8047-6DB2C8754D77}.Debug|Any CPU.Build.0 = Debug|Any CPU
		{BEF6D67B-4C84-4D3E-8047-6DB2C8754D77}.Debug|Mixed Platforms.ActiveCfg = Debug|x86
		{BEF6D67B-4C84-4D3E-8047-6DB2C8754D77}.Debug|Mixed Platforms.Build.0 = Debug|x86
		{BEF6D67B-4C84-4D3E-8047-6DB2C8754D77}.Debug|Win32.ActiveCfg = Debug|x86
		{BEF6D67B-4C84-4D3E-8047-6DB2C8754D77}.Debug|x64.ActiveCfg = Debug|x64
		{BEF6D67B-4C84-4D3E-8047-6DB2C8754D77}.Debug|x64.Build.0 = Debug|x64
		{BEF6D67B-4C84-4D3E-8047-6DB2C8754D77}.Debug|x86.ActiveCfg = Debug|x86
		{BEF6D67B-4C84-4D3E-8047-6DB2C8754D77}.Debug|x86.Build.0 = Debug|x86
		{BEF6D67B-4C84-4D3E-8047-6DB2C8754D77}.Public|Any CPU.ActiveCfg = Release|x86
		{BEF6D67B-4C84-4D3E-8047-6DB2C8754D77}.Public|Mixed Platforms.ActiveCfg = Release|x86
		{BEF6D67B-4C84-4D3E-8047-6DB2C8754D77}.Public|Mixed Platforms.Build.0 = Release|x86
		{BEF6D67B-4C84-4D3E-8047-6DB2C8754D77}.Public|Win32.ActiveCfg = Release|x86
		{BEF6D67B-4C84-4D3E-8047-6DB2C8754D77}.Public|x64.ActiveCfg = Release|x86
		{BEF6D67B-4C84-4D3E-8047-6DB2C8754D77}.Public|x86.ActiveCfg = Release|x86
		{BEF6D67B-4C84-4D3E-8047-6DB2C8754D77}.Public|x86.Build.0 = Release|x86
		{BEF6D67B-4C84-4D3E-8047-6DB2C8754D77}.Release|Any CPU.ActiveCfg = Release|Any CPU
		{BEF6D67B-4C84-4D3E-8047-6DB2C8754D77}.Release|Any CPU.Build.0 = Release|Any CPU
		{BEF6D67B-4C84-4D3E-8047-6DB2C8754D77}.Release|Mixed Platforms.ActiveCfg = Release|x86
		{BEF6D67B-4C84-4D3E-8047-6DB2C8754D77}.Release|Mixed Platforms.Build.0 = Release|x86
		{BEF6D67B-4C84-4D3E-8047-6DB2C8754D77}.Release|Win32.ActiveCfg = Release|x86
		{BEF6D67B-4C84-4D3E-8047-6DB2C8754D77}.Release|x64.ActiveCfg = Release|x64
		{BEF6D67B-4C84-4D3E-8047-6DB2C8754D77}.Release|x64.Build.0 = Release|x64
		{BEF6D67B-4C84-4D3E-8047-6DB2C8754D77}.Release|x86.ActiveCfg = Release|x86
		{BEF6D67B-4C84-4D3E-8047-6DB2C8754D77}.Release|x86.Build.0 = Release|x86
		{164A785D-924E-40FB-A517-D7E677F3B53A}.Debug|Any CPU.ActiveCfg = Debug|Any CPU
		{164A785D-924E-40FB-A517-D7E677F3B53A}.Debug|Any CPU.Build.0 = Debug|Any CPU
		{164A785D-924E-40FB-A517-D7E677F3B53A}.Debug|Mixed Platforms.ActiveCfg = Debug|x86
		{164A785D-924E-40FB-A517-D7E677F3B53A}.Debug|Mixed Platforms.Build.0 = Debug|x86
		{164A785D-924E-40FB-A517-D7E677F3B53A}.Debug|Win32.ActiveCfg = Debug|x86
		{164A785D-924E-40FB-A517-D7E677F3B53A}.Debug|x64.ActiveCfg = Debug|x64
		{164A785D-924E-40FB-A517-D7E677F3B53A}.Debug|x64.Build.0 = Debug|x64
		{164A785D-924E-40FB-A517-D7E677F3B53A}.Debug|x86.ActiveCfg = Debug|x86
		{164A785D-924E-40FB-A517-D7E677F3B53A}.Debug|x86.Build.0 = Debug|x86
		{164A785D-924E-40FB-A517-D7E677F3B53A}.Public|Any CPU.ActiveCfg = Release|x86
		{164A785D-924E-40FB-A517-D7E677F3B53A}.Public|Mixed Platforms.ActiveCfg = Release|x86
		{164A785D-924E-40FB-A517-D7E677F3B53A}.Public|Mixed Platforms.Build.0 = Release|x86
		{164A785D-924E-40FB-A517-D7E677F3B53A}.Public|Win32.ActiveCfg = Release|x86
		{164A785D-924E-40FB-A517-D7E677F3B53A}.Public|x64.ActiveCfg = Release|x86
		{164A785D-924E-40FB-A517-D7E677F3B53A}.Public|x86.ActiveCfg = Release|x86
		{164A785D-924E-40FB-A517-D7E677F3B53A}.Public|x86.Build.0 = Release|x86
		{164A785D-924E-40FB-A517-D7E677F3B53A}.Release|Any CPU.ActiveCfg = Release|Any CPU
		{164A785D-924E-40FB-A517-D7E677F3B53A}.Release|Any CPU.Build.0 = Release|Any CPU
		{164A785D-924E-40FB-A517-D7E677F3B53A}.Release|Mixed Platforms.ActiveCfg = Release|x86
		{164A785D-924E-40FB-A517-D7E677F3B53A}.Release|Mixed Platforms.Build.0 = Release|x86
		{164A785D-924E-40FB-A517-D7E677F3B53A}.Release|Win32.ActiveCfg = Release|x86
		{164A785D-924E-40FB-A517-D7E677F3B53A}.Release|x64.ActiveCfg = Release|x64
		{164A785D-924E-40FB-A517-D7E677F3B53A}.Release|x64.Build.0 = Release|x64
		{164A785D-924E-40FB-A517-D7E677F3B53A}.Release|x86.ActiveCfg = Release|x86
		{164A785D-924E-40FB-A517-D7E677F3B53A}.Release|x86.Build.0 = Release|x86
		{00C7FA95-98F4-43D9-9B63-34122B1DB003}.Debug|Any CPU.ActiveCfg = Debug|Any CPU
		{00C7FA95-98F4-43D9-9B63-34122B1DB003}.Debug|Any CPU.Build.0 = Debug|Any CPU
		{00C7FA95-98F4-43D9-9B63-34122B1DB003}.Debug|Mixed Platforms.ActiveCfg = Debug|x86
		{00C7FA95-98F4-43D9-9B63-34122B1DB003}.Debug|Mixed Platforms.Build.0 = Debug|x86
		{00C7FA95-98F4-43D9-9B63-34122B1DB003}.Debug|Win32.ActiveCfg = Debug|x86
		{00C7FA95-98F4-43D9-9B63-34122B1DB003}.Debug|x64.ActiveCfg = Debug|x64
		{00C7FA95-98F4-43D9-9B63-34122B1DB003}.Debug|x64.Build.0 = Debug|x64
		{00C7FA95-98F4-43D9-9B63-34122B1DB003}.Debug|x86.ActiveCfg = Debug|x86
		{00C7FA95-98F4-43D9-9B63-34122B1DB003}.Debug|x86.Build.0 = Debug|x86
		{00C7FA95-98F4-43D9-9B63-34122B1DB003}.Public|Any CPU.ActiveCfg = Release|x86
		{00C7FA95-98F4-43D9-9B63-34122B1DB003}.Public|Mixed Platforms.ActiveCfg = Release|x86
		{00C7FA95-98F4-43D9-9B63-34122B1DB003}.Public|Mixed Platforms.Build.0 = Release|x86
		{00C7FA95-98F4-43D9-9B63-34122B1DB003}.Public|Win32.ActiveCfg = Release|x86
		{00C7FA95-98F4-43D9-9B63-34122B1DB003}.Public|x64.ActiveCfg = Release|x86
		{00C7FA95-98F4-43D9-9B63-34122B1DB003}.Public|x86.ActiveCfg = Release|x86
		{00C7FA95-98F4-43D9-9B63-34122B1DB003}.Public|x86.Build.0 = Release|x86
		{00C7FA95-98F4-43D9-9B63-34122B1DB003}.Release|Any CPU.ActiveCfg = Release|Any CPU
		{00C7FA95-98F4-43D9-9B63-34122B1DB003}.Release|Any CPU.Build.0 = Release|Any CPU
		{00C7FA95-98F4-43D9-9B63-34122B1DB003}.Release|Mixed Platforms.ActiveCfg = Release|x86
		{00C7FA95-98F4-43D9-9B63-34122B1DB003}.Release|Mixed Platforms.Build.0 = Release|x86
		{00C7FA95-98F4-43D9-9B63-34122B1DB003}.Release|Win32.ActiveCfg = Release|x86
		{00C7FA95-98F4-43D9-9B63-34122B1DB003}.Release|x64.ActiveCfg = Release|x64
		{00C7FA95-98F4-43D9-9B63-34122B1DB003}.Release|x64.Build.0 = Release|x64
		{00C7FA95-98F4-43D9-9B63-34122B1DB003}.Release|x86.ActiveCfg = Release|x86
		{00C7FA95-98F4-43D9-9B63-34122B1DB003}.Release|x86.Build.0 = Release|x86
		{EF993B30-D9A9-4962-80BB-6826D39B3465}.Debug|Any CPU.ActiveCfg = Debug|Any CPU
		{EF993B30-D9A9-4962-80BB-6826D39B3465}.Debug|Any CPU.Build.0 = Debug|Any CPU
		{EF993B30-D9A9-4962-80BB-6826D39B3465}.Debug|Mixed Platforms.ActiveCfg = Debug|x86
		{EF993B30-D9A9-4962-80BB-6826D39B3465}.Debug|Mixed Platforms.Build.0 = Debug|x86
		{EF993B30-D9A9-4962-80BB-6826D39B3465}.Debug|Win32.ActiveCfg = Debug|Any CPU
		{EF993B30-D9A9-4962-80BB-6826D39B3465}.Debug|x64.ActiveCfg = Debug|x64
		{EF993B30-D9A9-4962-80BB-6826D39B3465}.Debug|x64.Build.0 = Debug|x64
		{EF993B30-D9A9-4962-80BB-6826D39B3465}.Debug|x86.ActiveCfg = Debug|x86
		{EF993B30-D9A9-4962-80BB-6826D39B3465}.Debug|x86.Build.0 = Debug|x86
		{EF993B30-D9A9-4962-80BB-6826D39B3465}.Public|Any CPU.ActiveCfg = Release|Any CPU
		{EF993B30-D9A9-4962-80BB-6826D39B3465}.Public|Any CPU.Build.0 = Release|Any CPU
		{EF993B30-D9A9-4962-80BB-6826D39B3465}.Public|Mixed Platforms.ActiveCfg = Release|Any CPU
		{EF993B30-D9A9-4962-80BB-6826D39B3465}.Public|Mixed Platforms.Build.0 = Release|Any CPU
		{EF993B30-D9A9-4962-80BB-6826D39B3465}.Public|Win32.ActiveCfg = Release|Any CPU
		{EF993B30-D9A9-4962-80BB-6826D39B3465}.Public|x64.ActiveCfg = Release|x64
		{EF993B30-D9A9-4962-80BB-6826D39B3465}.Public|x64.Build.0 = Release|x64
		{EF993B30-D9A9-4962-80BB-6826D39B3465}.Public|x86.ActiveCfg = Release|x64
		{EF993B30-D9A9-4962-80BB-6826D39B3465}.Release|Any CPU.ActiveCfg = Release|Any CPU
		{EF993B30-D9A9-4962-80BB-6826D39B3465}.Release|Any CPU.Build.0 = Release|Any CPU
		{EF993B30-D9A9-4962-80BB-6826D39B3465}.Release|Mixed Platforms.ActiveCfg = Release|Any CPU
		{EF993B30-D9A9-4962-80BB-6826D39B3465}.Release|Mixed Platforms.Build.0 = Release|Any CPU
		{EF993B30-D9A9-4962-80BB-6826D39B3465}.Release|Win32.ActiveCfg = Release|Any CPU
		{EF993B30-D9A9-4962-80BB-6826D39B3465}.Release|x64.ActiveCfg = Release|x64
		{EF993B30-D9A9-4962-80BB-6826D39B3465}.Release|x64.Build.0 = Release|x64
		{EF993B30-D9A9-4962-80BB-6826D39B3465}.Release|x86.ActiveCfg = Release|x86
		{EF993B30-D9A9-4962-80BB-6826D39B3465}.Release|x86.Build.0 = Release|x86
		{9490B719-829E-43A7-A5FE-8001F8A81759}.Debug|Any CPU.ActiveCfg = Debug|Any CPU
		{9490B719-829E-43A7-A5FE-8001F8A81759}.Debug|Any CPU.Build.0 = Debug|Any CPU
		{9490B719-829E-43A7-A5FE-8001F8A81759}.Debug|Mixed Platforms.ActiveCfg = Debug|x86
		{9490B719-829E-43A7-A5FE-8001F8A81759}.Debug|Mixed Platforms.Build.0 = Debug|x86
		{9490B719-829E-43A7-A5FE-8001F8A81759}.Debug|Win32.ActiveCfg = Debug|x86
		{9490B719-829E-43A7-A5FE-8001F8A81759}.Debug|x64.ActiveCfg = Debug|x64
		{9490B719-829E-43A7-A5FE-8001F8A81759}.Debug|x64.Build.0 = Debug|x64
		{9490B719-829E-43A7-A5FE-8001F8A81759}.Debug|x86.ActiveCfg = Debug|x86
		{9490B719-829E-43A7-A5FE-8001F8A81759}.Debug|x86.Build.0 = Debug|x86
		{9490B719-829E-43A7-A5FE-8001F8A81759}.Public|Any CPU.ActiveCfg = Release|x86
		{9490B719-829E-43A7-A5FE-8001F8A81759}.Public|Mixed Platforms.ActiveCfg = Release|x86
		{9490B719-829E-43A7-A5FE-8001F8A81759}.Public|Mixed Platforms.Build.0 = Release|x86
		{9490B719-829E-43A7-A5FE-8001F8A81759}.Public|Win32.ActiveCfg = Release|x86
		{9490B719-829E-43A7-A5FE-8001F8A81759}.Public|x64.ActiveCfg = Release|x86
		{9490B719-829E-43A7-A5FE-8001F8A81759}.Public|x86.ActiveCfg = Release|x86
		{9490B719-829E-43A7-A5FE-8001F8A81759}.Public|x86.Build.0 = Release|x86
		{9490B719-829E-43A7-A5FE-8001F8A81759}.Release|Any CPU.ActiveCfg = Release|Any CPU
		{9490B719-829E-43A7-A5FE-8001F8A81759}.Release|Any CPU.Build.0 = Release|Any CPU
		{9490B719-829E-43A7-A5FE-8001F8A81759}.Release|Mixed Platforms.ActiveCfg = Release|x86
		{9490B719-829E-43A7-A5FE-8001F8A81759}.Release|Mixed Platforms.Build.0 = Release|x86
		{9490B719-829E-43A7-A5FE-8001F8A81759}.Release|Win32.ActiveCfg = Release|x86
		{9490B719-829E-43A7-A5FE-8001F8A81759}.Release|x64.ActiveCfg = Release|x64
		{9490B719-829E-43A7-A5FE-8001F8A81759}.Release|x64.Build.0 = Release|x64
		{9490B719-829E-43A7-A5FE-8001F8A81759}.Release|x86.ActiveCfg = Release|x86
		{9490B719-829E-43A7-A5FE-8001F8A81759}.Release|x86.Build.0 = Release|x86
		{424C08A9-6CC6-4FFF-B782-CBD58BC42FCA}.Debug|Any CPU.ActiveCfg = Debug|Any CPU
		{424C08A9-6CC6-4FFF-B782-CBD58BC42FCA}.Debug|Any CPU.Build.0 = Debug|Any CPU
		{424C08A9-6CC6-4FFF-B782-CBD58BC42FCA}.Debug|Mixed Platforms.ActiveCfg = Debug|x86
		{424C08A9-6CC6-4FFF-B782-CBD58BC42FCA}.Debug|Mixed Platforms.Build.0 = Debug|x86
		{424C08A9-6CC6-4FFF-B782-CBD58BC42FCA}.Debug|Win32.ActiveCfg = Debug|x86
		{424C08A9-6CC6-4FFF-B782-CBD58BC42FCA}.Debug|x64.ActiveCfg = Debug|x64
		{424C08A9-6CC6-4FFF-B782-CBD58BC42FCA}.Debug|x64.Build.0 = Debug|x64
		{424C08A9-6CC6-4FFF-B782-CBD58BC42FCA}.Debug|x86.ActiveCfg = Debug|x86
		{424C08A9-6CC6-4FFF-B782-CBD58BC42FCA}.Debug|x86.Build.0 = Debug|x86
		{424C08A9-6CC6-4FFF-B782-CBD58BC42FCA}.Public|Any CPU.ActiveCfg = Release|x86
		{424C08A9-6CC6-4FFF-B782-CBD58BC42FCA}.Public|Mixed Platforms.ActiveCfg = Release|x86
		{424C08A9-6CC6-4FFF-B782-CBD58BC42FCA}.Public|Mixed Platforms.Build.0 = Release|x86
		{424C08A9-6CC6-4FFF-B782-CBD58BC42FCA}.Public|Win32.ActiveCfg = Release|x86
		{424C08A9-6CC6-4FFF-B782-CBD58BC42FCA}.Public|x64.ActiveCfg = Release|x86
		{424C08A9-6CC6-4FFF-B782-CBD58BC42FCA}.Public|x86.ActiveCfg = Release|x86
		{424C08A9-6CC6-4FFF-B782-CBD58BC42FCA}.Public|x86.Build.0 = Release|x86
		{424C08A9-6CC6-4FFF-B782-CBD58BC42FCA}.Release|Any CPU.ActiveCfg = Release|Any CPU
		{424C08A9-6CC6-4FFF-B782-CBD58BC42FCA}.Release|Any CPU.Build.0 = Release|Any CPU
		{424C08A9-6CC6-4FFF-B782-CBD58BC42FCA}.Release|Mixed Platforms.ActiveCfg = Release|x86
		{424C08A9-6CC6-4FFF-B782-CBD58BC42FCA}.Release|Mixed Platforms.Build.0 = Release|x86
		{424C08A9-6CC6-4FFF-B782-CBD58BC42FCA}.Release|Win32.ActiveCfg = Release|x86
		{424C08A9-6CC6-4FFF-B782-CBD58BC42FCA}.Release|x64.ActiveCfg = Release|x64
		{424C08A9-6CC6-4FFF-B782-CBD58BC42FCA}.Release|x64.Build.0 = Release|x64
		{424C08A9-6CC6-4FFF-B782-CBD58BC42FCA}.Release|x86.ActiveCfg = Release|x86
		{424C08A9-6CC6-4FFF-B782-CBD58BC42FCA}.Release|x86.Build.0 = Release|x86
		{9E095F03-BA3F-4EAD-A905-2A2647CE4405}.Debug|Any CPU.ActiveCfg = Debug|Any CPU
		{9E095F03-BA3F-4EAD-A905-2A2647CE4405}.Debug|Any CPU.Build.0 = Debug|Any CPU
		{9E095F03-BA3F-4EAD-A905-2A2647CE4405}.Debug|Mixed Platforms.ActiveCfg = Debug|x86
		{9E095F03-BA3F-4EAD-A905-2A2647CE4405}.Debug|Mixed Platforms.Build.0 = Debug|x86
		{9E095F03-BA3F-4EAD-A905-2A2647CE4405}.Debug|Win32.ActiveCfg = Debug|x86
		{9E095F03-BA3F-4EAD-A905-2A2647CE4405}.Debug|x64.ActiveCfg = Debug|x64
		{9E095F03-BA3F-4EAD-A905-2A2647CE4405}.Debug|x64.Build.0 = Debug|x64
		{9E095F03-BA3F-4EAD-A905-2A2647CE4405}.Debug|x86.ActiveCfg = Debug|x86
		{9E095F03-BA3F-4EAD-A905-2A2647CE4405}.Debug|x86.Build.0 = Debug|x86
		{9E095F03-BA3F-4EAD-A905-2A2647CE4405}.Public|Any CPU.ActiveCfg = Release|x86
		{9E095F03-BA3F-4EAD-A905-2A2647CE4405}.Public|Mixed Platforms.ActiveCfg = Release|x86
		{9E095F03-BA3F-4EAD-A905-2A2647CE4405}.Public|Mixed Platforms.Build.0 = Release|x86
		{9E095F03-BA3F-4EAD-A905-2A2647CE4405}.Public|Win32.ActiveCfg = Release|x86
		{9E095F03-BA3F-4EAD-A905-2A2647CE4405}.Public|x64.ActiveCfg = Release|x86
		{9E095F03-BA3F-4EAD-A905-2A2647CE4405}.Public|x86.ActiveCfg = Release|x86
		{9E095F03-BA3F-4EAD-A905-2A2647CE4405}.Public|x86.Build.0 = Release|x86
		{9E095F03-BA3F-4EAD-A905-2A2647CE4405}.Release|Any CPU.ActiveCfg = Release|Any CPU
		{9E095F03-BA3F-4EAD-A905-2A2647CE4405}.Release|Any CPU.Build.0 = Release|Any CPU
		{9E095F03-BA3F-4EAD-A905-2A2647CE4405}.Release|Mixed Platforms.ActiveCfg = Release|x86
		{9E095F03-BA3F-4EAD-A905-2A2647CE4405}.Release|Mixed Platforms.Build.0 = Release|x86
		{9E095F03-BA3F-4EAD-A905-2A2647CE4405}.Release|Win32.ActiveCfg = Release|x86
		{9E095F03-BA3F-4EAD-A905-2A2647CE4405}.Release|x64.ActiveCfg = Release|x64
		{9E095F03-BA3F-4EAD-A905-2A2647CE4405}.Release|x64.Build.0 = Release|x64
		{9E095F03-BA3F-4EAD-A905-2A2647CE4405}.Release|x86.ActiveCfg = Release|x86
		{9E095F03-BA3F-4EAD-A905-2A2647CE4405}.Release|x86.Build.0 = Release|x86
	EndGlobalSection
	GlobalSection(SolutionProperties) = preSolution
		HideSolutionNode = FALSE
	EndGlobalSection
EndGlobal
