
Microsoft Visual Studio Solution File, Format Version 12.00
# Visual Studio 14
VisualStudioVersion = 14.0.25420.1
MinimumVisualStudioVersion = 10.0.40219.1
Project("{2150E333-8FDC-42A3-9474-1A3956D46DE8}") = "Solution Files", "Solution Files", "{4B147B99-8BC3-4B78-938A-1035B16A8D1B}"
	ProjectSection(SolutionItems) = preProject
		ChangeLog.txt = ChangeLog.txt
		ReleaseNotes.txt = ReleaseNotes.txt
		TODO.txt = TODO.txt
	EndProjectSection
EndProject
Project("{FAE04EC0-301F-11D3-BF4B-00C04F79EFBC}") = "PackedSpriteCreator", "Tools\PackedSpriteCreator\PackedSpriteCreator.csproj", "{C653C244-F604-4BA4-8822-D04FA9ACEFA5}"
EndProject
Project("{FAE04EC0-301F-11D3-BF4B-00C04F79EFBC}") = "FontCreator", "Tools\FontCreator\FontCreator.csproj", "{A18DEAA1-EB7F-4B4A-B93A-83A2CAD5954A}"
EndProject
Project("{FAE04EC0-301F-11D3-BF4B-00C04F79EFBC}") = "AgateLib", "AgateLib\AgateLib.csproj", "{9490B719-829E-43A7-A5FE-8001F8A81759}"
EndProject
Project("{FAE04EC0-301F-11D3-BF4B-00C04F79EFBC}") = "NotebookLib", "Tools\NotebookLib\NotebookLib\NotebookLib.csproj", "{91F57346-B574-4D52-9EB0-AA191B552C94}"
EndProject
Project("{FAE04EC0-301F-11D3-BF4B-00C04F79EFBC}") = "AgateLib.Platform.WinForms", "AgateLib.Platform.WinForms\AgateLib.Platform.WinForms.csproj", "{4B12561E-D37B-48A1-B6DB-218E94906C22}"
EndProject
Project("{FAE04EC0-301F-11D3-BF4B-00C04F79EFBC}") = "AgateLib.OpenGL", "AgateLib.OpenGL\AgateLib.OpenGL.csproj", "{94734E5A-0344-43E8-BB30-E32E3F57F611}"
EndProject
Project("{2150E333-8FDC-42A3-9474-1A3956D46DE8}") = "Agate", "Agate", "{A8650C3D-131F-4513-9EAD-0041B4D883A8}"
EndProject
Project("{FAE04EC0-301F-11D3-BF4B-00C04F79EFBC}") = "AgateLib.SDL", "AgateLib.AgateSDL\AgateLib.SDL.csproj", "{935D67A0-931E-46DE-9F6A-2D6DBC99AFF3}"
EndProject
Global
	GlobalSection(SolutionConfigurationPlatforms) = preSolution
		Debug|Any CPU = Debug|Any CPU
		Debug|x64 = Debug|x64
		Debug|x86 = Debug|x86
		Release|Any CPU = Release|Any CPU
		Release|x64 = Release|x64
		Release|x86 = Release|x86
	EndGlobalSection
	GlobalSection(ProjectConfigurationPlatforms) = postSolution
		{C653C244-F604-4BA4-8822-D04FA9ACEFA5}.Debug|Any CPU.ActiveCfg = Debug|Any CPU
		{C653C244-F604-4BA4-8822-D04FA9ACEFA5}.Debug|Any CPU.Build.0 = Debug|Any CPU
		{C653C244-F604-4BA4-8822-D04FA9ACEFA5}.Debug|x64.ActiveCfg = Debug|x64
		{C653C244-F604-4BA4-8822-D04FA9ACEFA5}.Debug|x64.Build.0 = Debug|x64
		{C653C244-F604-4BA4-8822-D04FA9ACEFA5}.Debug|x86.ActiveCfg = Debug|x86
		{C653C244-F604-4BA4-8822-D04FA9ACEFA5}.Debug|x86.Build.0 = Debug|x86
		{C653C244-F604-4BA4-8822-D04FA9ACEFA5}.Release|Any CPU.ActiveCfg = Release|Any CPU
		{C653C244-F604-4BA4-8822-D04FA9ACEFA5}.Release|Any CPU.Build.0 = Release|Any CPU
		{C653C244-F604-4BA4-8822-D04FA9ACEFA5}.Release|x64.ActiveCfg = Release|x64
		{C653C244-F604-4BA4-8822-D04FA9ACEFA5}.Release|x64.Build.0 = Release|x64
		{C653C244-F604-4BA4-8822-D04FA9ACEFA5}.Release|x86.ActiveCfg = Release|x86
		{C653C244-F604-4BA4-8822-D04FA9ACEFA5}.Release|x86.Build.0 = Release|x86
		{A18DEAA1-EB7F-4B4A-B93A-83A2CAD5954A}.Debug|Any CPU.ActiveCfg = Debug|Any CPU
		{A18DEAA1-EB7F-4B4A-B93A-83A2CAD5954A}.Debug|Any CPU.Build.0 = Debug|Any CPU
		{A18DEAA1-EB7F-4B4A-B93A-83A2CAD5954A}.Debug|x64.ActiveCfg = Debug|x64
		{A18DEAA1-EB7F-4B4A-B93A-83A2CAD5954A}.Debug|x64.Build.0 = Debug|x64
		{A18DEAA1-EB7F-4B4A-B93A-83A2CAD5954A}.Debug|x86.ActiveCfg = Debug|x86
		{A18DEAA1-EB7F-4B4A-B93A-83A2CAD5954A}.Debug|x86.Build.0 = Debug|x86
		{A18DEAA1-EB7F-4B4A-B93A-83A2CAD5954A}.Release|Any CPU.ActiveCfg = Release|Any CPU
		{A18DEAA1-EB7F-4B4A-B93A-83A2CAD5954A}.Release|Any CPU.Build.0 = Release|Any CPU
		{A18DEAA1-EB7F-4B4A-B93A-83A2CAD5954A}.Release|x64.ActiveCfg = Release|x64
		{A18DEAA1-EB7F-4B4A-B93A-83A2CAD5954A}.Release|x64.Build.0 = Release|x64
		{A18DEAA1-EB7F-4B4A-B93A-83A2CAD5954A}.Release|x86.ActiveCfg = Release|x86
		{A18DEAA1-EB7F-4B4A-B93A-83A2CAD5954A}.Release|x86.Build.0 = Release|x86
		{9490B719-829E-43A7-A5FE-8001F8A81759}.Debug|Any CPU.ActiveCfg = Debug|Any CPU
		{9490B719-829E-43A7-A5FE-8001F8A81759}.Debug|Any CPU.Build.0 = Debug|Any CPU
		{9490B719-829E-43A7-A5FE-8001F8A81759}.Debug|x64.ActiveCfg = Debug|Any CPU
		{9490B719-829E-43A7-A5FE-8001F8A81759}.Debug|x64.Build.0 = Debug|Any CPU
		{9490B719-829E-43A7-A5FE-8001F8A81759}.Debug|x86.ActiveCfg = Debug|Any CPU
		{9490B719-829E-43A7-A5FE-8001F8A81759}.Debug|x86.Build.0 = Debug|Any CPU
		{9490B719-829E-43A7-A5FE-8001F8A81759}.Release|Any CPU.ActiveCfg = Release|Any CPU
		{9490B719-829E-43A7-A5FE-8001F8A81759}.Release|Any CPU.Build.0 = Release|Any CPU
		{9490B719-829E-43A7-A5FE-8001F8A81759}.Release|x64.ActiveCfg = Release|Any CPU
		{9490B719-829E-43A7-A5FE-8001F8A81759}.Release|x64.Build.0 = Release|Any CPU
		{9490B719-829E-43A7-A5FE-8001F8A81759}.Release|x86.ActiveCfg = Release|Any CPU
		{9490B719-829E-43A7-A5FE-8001F8A81759}.Release|x86.Build.0 = Release|Any CPU
		{91F57346-B574-4D52-9EB0-AA191B552C94}.Debug|Any CPU.ActiveCfg = Debug|Any CPU
		{91F57346-B574-4D52-9EB0-AA191B552C94}.Debug|Any CPU.Build.0 = Debug|Any CPU
		{91F57346-B574-4D52-9EB0-AA191B552C94}.Debug|x64.ActiveCfg = Debug|x64
		{91F57346-B574-4D52-9EB0-AA191B552C94}.Debug|x64.Build.0 = Debug|x64
		{91F57346-B574-4D52-9EB0-AA191B552C94}.Debug|x86.ActiveCfg = Debug|x86
		{91F57346-B574-4D52-9EB0-AA191B552C94}.Debug|x86.Build.0 = Debug|x86
		{91F57346-B574-4D52-9EB0-AA191B552C94}.Release|Any CPU.ActiveCfg = Release|Any CPU
		{91F57346-B574-4D52-9EB0-AA191B552C94}.Release|Any CPU.Build.0 = Release|Any CPU
		{91F57346-B574-4D52-9EB0-AA191B552C94}.Release|x64.ActiveCfg = Release|x64
		{91F57346-B574-4D52-9EB0-AA191B552C94}.Release|x64.Build.0 = Release|x64
		{91F57346-B574-4D52-9EB0-AA191B552C94}.Release|x86.ActiveCfg = Release|x86
		{91F57346-B574-4D52-9EB0-AA191B552C94}.Release|x86.Build.0 = Release|x86
		{4B12561E-D37B-48A1-B6DB-218E94906C22}.Debug|Any CPU.ActiveCfg = Debug|Any CPU
		{4B12561E-D37B-48A1-B6DB-218E94906C22}.Debug|Any CPU.Build.0 = Debug|Any CPU
		{4B12561E-D37B-48A1-B6DB-218E94906C22}.Debug|x64.ActiveCfg = Debug|x64
		{4B12561E-D37B-48A1-B6DB-218E94906C22}.Debug|x64.Build.0 = Debug|x64
		{4B12561E-D37B-48A1-B6DB-218E94906C22}.Debug|x86.ActiveCfg = Debug|x86
		{4B12561E-D37B-48A1-B6DB-218E94906C22}.Debug|x86.Build.0 = Debug|x86
		{4B12561E-D37B-48A1-B6DB-218E94906C22}.Release|Any CPU.ActiveCfg = Release|Any CPU
		{4B12561E-D37B-48A1-B6DB-218E94906C22}.Release|Any CPU.Build.0 = Release|Any CPU
		{4B12561E-D37B-48A1-B6DB-218E94906C22}.Release|x64.ActiveCfg = Release|x64
		{4B12561E-D37B-48A1-B6DB-218E94906C22}.Release|x64.Build.0 = Release|x64
		{4B12561E-D37B-48A1-B6DB-218E94906C22}.Release|x86.ActiveCfg = Release|x86
		{4B12561E-D37B-48A1-B6DB-218E94906C22}.Release|x86.Build.0 = Release|x86
		{94734E5A-0344-43E8-BB30-E32E3F57F611}.Debug|Any CPU.ActiveCfg = Debug|Any CPU
		{94734E5A-0344-43E8-BB30-E32E3F57F611}.Debug|Any CPU.Build.0 = Debug|Any CPU
		{94734E5A-0344-43E8-BB30-E32E3F57F611}.Debug|x64.ActiveCfg = Debug|x64
		{94734E5A-0344-43E8-BB30-E32E3F57F611}.Debug|x64.Build.0 = Debug|x64
		{94734E5A-0344-43E8-BB30-E32E3F57F611}.Debug|x86.ActiveCfg = Debug|x86
		{94734E5A-0344-43E8-BB30-E32E3F57F611}.Debug|x86.Build.0 = Debug|x86
		{94734E5A-0344-43E8-BB30-E32E3F57F611}.Release|Any CPU.ActiveCfg = Release|Any CPU
		{94734E5A-0344-43E8-BB30-E32E3F57F611}.Release|Any CPU.Build.0 = Release|Any CPU
		{94734E5A-0344-43E8-BB30-E32E3F57F611}.Release|x64.ActiveCfg = Release|x64
		{94734E5A-0344-43E8-BB30-E32E3F57F611}.Release|x64.Build.0 = Release|x64
		{94734E5A-0344-43E8-BB30-E32E3F57F611}.Release|x86.ActiveCfg = Release|x86
		{94734E5A-0344-43E8-BB30-E32E3F57F611}.Release|x86.Build.0 = Release|x86
		{935D67A0-931E-46DE-9F6A-2D6DBC99AFF3}.Debug|Any CPU.ActiveCfg = Debug|Any CPU
		{935D67A0-931E-46DE-9F6A-2D6DBC99AFF3}.Debug|Any CPU.Build.0 = Debug|Any CPU
		{935D67A0-931E-46DE-9F6A-2D6DBC99AFF3}.Debug|x64.ActiveCfg = Debug|x64
		{935D67A0-931E-46DE-9F6A-2D6DBC99AFF3}.Debug|x64.Build.0 = Debug|x64
		{935D67A0-931E-46DE-9F6A-2D6DBC99AFF3}.Debug|x86.ActiveCfg = Debug|x86
		{935D67A0-931E-46DE-9F6A-2D6DBC99AFF3}.Debug|x86.Build.0 = Debug|x86
		{935D67A0-931E-46DE-9F6A-2D6DBC99AFF3}.Release|Any CPU.ActiveCfg = Release|Any CPU
		{935D67A0-931E-46DE-9F6A-2D6DBC99AFF3}.Release|Any CPU.Build.0 = Release|Any CPU
		{935D67A0-931E-46DE-9F6A-2D6DBC99AFF3}.Release|x64.ActiveCfg = Release|x64
		{935D67A0-931E-46DE-9F6A-2D6DBC99AFF3}.Release|x64.Build.0 = Release|x64
		{935D67A0-931E-46DE-9F6A-2D6DBC99AFF3}.Release|x86.ActiveCfg = Release|x86
		{935D67A0-931E-46DE-9F6A-2D6DBC99AFF3}.Release|x86.Build.0 = Release|x86
	EndGlobalSection
	GlobalSection(SolutionProperties) = preSolution
		HideSolutionNode = FALSE
	EndGlobalSection
	GlobalSection(NestedProjects) = preSolution
		{9490B719-829E-43A7-A5FE-8001F8A81759} = {A8650C3D-131F-4513-9EAD-0041B4D883A8}
		{4B12561E-D37B-48A1-B6DB-218E94906C22} = {A8650C3D-131F-4513-9EAD-0041B4D883A8}
		{94734E5A-0344-43E8-BB30-E32E3F57F611} = {A8650C3D-131F-4513-9EAD-0041B4D883A8}
		{935D67A0-931E-46DE-9F6A-2D6DBC99AFF3} = {A8650C3D-131F-4513-9EAD-0041B4D883A8}
	EndGlobalSection
	GlobalSection(MonoDevelopProperties) = preSolution
		StartupItem = Tools\DatabaseEditor\DatabaseEditor.csproj
	EndGlobalSection
EndGlobal
