Microsoft Visual Studio Solution File, Format Version 12.00
# Visual Studio 2013
VisualStudioVersion = 12.0.31101.0
MinimumVisualStudioVersion = 10.0.40219.1
Project("{2150E333-8FDC-42A3-9474-1A3956D46DE8}") = "Solution Files", "Solution Files", "{6AFA2E43-361A-4AA6-83D9-6DE946C1F0B6}"
	ProjectSection(SolutionItems) = preProject
		ChangeLog.txt = ChangeLog.txt
		ReleaseNotes.txt = ReleaseNotes.txt
		TODO.txt = TODO.txt
	EndProjectSection
EndProject
Project("{FAE04EC0-301F-11D3-BF4B-00C04F79EFBC}") = "Tests", "Tests\Tests.csproj", "{DC687DB2-90A8-484D-AB99-B3D29FDD8D44}"
EndProject
Project("{FAE04EC0-301F-11D3-BF4B-00C04F79EFBC}") = "AgateLib", "AgateLib\AgateLib.csproj", "{9490B719-829E-43A7-A5FE-8001F8A81759}"
EndProject
Project("{FAE04EC0-301F-11D3-BF4B-00C04F79EFBC}") = "UnitTests", "UnitTests\UnitTests.csproj", "{F22ADCCC-7991-4F52-B2D0-697D60121BB3}"
EndProject
Project("{FAE04EC0-301F-11D3-BF4B-00C04F79EFBC}") = "ResourceEditor", "Tools\ResourceEditor\ResourceEditor.csproj", "{FAB0D7E5-E6AF-4B29-BFE1-6545D6C22621}"
EndProject
Project("{FAE04EC0-301F-11D3-BF4B-00C04F79EFBC}") = "PackedSpriteCreator", "Tools\PackedSpriteCreator\PackedSpriteCreator.csproj", "{C653C244-F604-4BA4-8822-D04FA9ACEFA5}"
EndProject
Project("{FAE04EC0-301F-11D3-BF4B-00C04F79EFBC}") = "FontCreator", "Tools\FontCreator\FontCreator.csproj", "{A18DEAA1-EB7F-4B4A-B93A-83A2CAD5954A}"
EndProject
Project("{FAE04EC0-301F-11D3-BF4B-00C04F79EFBC}") = "NotebookLib", "Tools\NotebookLib\NotebookLib\NotebookLib.csproj", "{91F57346-B574-4D52-9EB0-AA191B552C94}"
EndProject
Project("{FAE04EC0-301F-11D3-BF4B-00C04F79EFBC}") = "BallBuster.Net", "Examples\BallBuster.Net\BallBuster.Net.csproj", "{DD3CF4AA-02CC-4881-AFB1-6F10DFA1F8AF}"
EndProject
Project("{FAE04EC0-301F-11D3-BF4B-00C04F79EFBC}") = "ShootTheTraps", "Examples\ShootTheTraps\ShootTheTraps.csproj", "{50743D1B-A19E-42F1-842F-65FAD6D168C3}"
EndProject
Project("{FAE04EC0-301F-11D3-BF4B-00C04F79EFBC}") = "Pong", "Examples\Pong\Pong.csproj", "{436641C4-846C-42D0-8E8F-95F70E211D22}"
EndProject
Project("{FAE04EC0-301F-11D3-BF4B-00C04F79EFBC}") = "ExampleUnitTests", "Examples\ExampleUnitTests\ExampleUnitTests.csproj", "{8299274E-05DD-49E0-ACB8-70C2BBAC69D1}"
EndProject
Project("{FAE04EC0-301F-11D3-BF4B-00C04F79EFBC}") = "AgateLib.GL", "AgateLib.GL\AgateLib.GL.csproj", "{94734E5A-0344-43E8-BB30-E32E3F57F611}"
EndProject
Project("{FAE04EC0-301F-11D3-BF4B-00C04F79EFBC}") = "AgateLib.Platform.WindowsForms", "AgateLib.Platform.WindowsForms\AgateLib.Platform.WindowsForms.csproj", "{4B12561E-D37B-48A1-B6DB-218E94906C22}"
EndProject
Project("{FAE04EC0-301F-11D3-BF4B-00C04F79EFBC}") = "AgateLib.AgateSDL", "AgateLib.AgateSDL\AgateLib.AgateSDL.csproj", "{935D67A0-931E-46DE-9F6A-2D6DBC99AFF3}"
EndProject
Global
	GlobalSection(SolutionConfigurationPlatforms) = preSolution
		Debug|Any CPU = Debug|Any CPU
		Debug|ARM = Debug|ARM
		Debug|x86 = Debug|x86
		Public|Any CPU = Public|Any CPU
		Public|ARM = Public|ARM
		Public|x86 = Public|x86
		Release|Any CPU = Release|Any CPU
		Release|ARM = Release|ARM
		Release|x86 = Release|x86
	EndGlobalSection
	GlobalSection(ProjectConfigurationPlatforms) = postSolution
		{DC687DB2-90A8-484D-AB99-B3D29FDD8D44}.Debug|Any CPU.ActiveCfg = Debug|Any CPU
		{DC687DB2-90A8-484D-AB99-B3D29FDD8D44}.Debug|Any CPU.Build.0 = Debug|Any CPU
		{DC687DB2-90A8-484D-AB99-B3D29FDD8D44}.Debug|ARM.ActiveCfg = Debug|Any CPU
		{DC687DB2-90A8-484D-AB99-B3D29FDD8D44}.Debug|x86.ActiveCfg = Debug|x86
		{DC687DB2-90A8-484D-AB99-B3D29FDD8D44}.Debug|x86.Build.0 = Debug|x86
		{DC687DB2-90A8-484D-AB99-B3D29FDD8D44}.Public|Any CPU.ActiveCfg = Release|x86
		{DC687DB2-90A8-484D-AB99-B3D29FDD8D44}.Public|ARM.ActiveCfg = Release|Any CPU
		{DC687DB2-90A8-484D-AB99-B3D29FDD8D44}.Public|x86.ActiveCfg = Debug|x86
		{DC687DB2-90A8-484D-AB99-B3D29FDD8D44}.Public|x86.Build.0 = Debug|x86
		{DC687DB2-90A8-484D-AB99-B3D29FDD8D44}.Release|Any CPU.ActiveCfg = Release|Any CPU
		{DC687DB2-90A8-484D-AB99-B3D29FDD8D44}.Release|Any CPU.Build.0 = Release|Any CPU
		{DC687DB2-90A8-484D-AB99-B3D29FDD8D44}.Release|ARM.ActiveCfg = Release|Any CPU
		{DC687DB2-90A8-484D-AB99-B3D29FDD8D44}.Release|x86.ActiveCfg = Release|x86
		{DC687DB2-90A8-484D-AB99-B3D29FDD8D44}.Release|x86.Build.0 = Release|x86
		{9490B719-829E-43A7-A5FE-8001F8A81759}.Debug|Any CPU.ActiveCfg = Debug|Any CPU
		{9490B719-829E-43A7-A5FE-8001F8A81759}.Debug|Any CPU.Build.0 = Debug|Any CPU
		{9490B719-829E-43A7-A5FE-8001F8A81759}.Debug|ARM.ActiveCfg = Debug|Any CPU
		{9490B719-829E-43A7-A5FE-8001F8A81759}.Debug|x86.ActiveCfg = Debug|Any CPU
		{9490B719-829E-43A7-A5FE-8001F8A81759}.Public|Any CPU.ActiveCfg = Release|Any CPU
		{9490B719-829E-43A7-A5FE-8001F8A81759}.Public|Any CPU.Build.0 = Release|Any CPU
		{9490B719-829E-43A7-A5FE-8001F8A81759}.Public|ARM.ActiveCfg = Release|Any CPU
		{9490B719-829E-43A7-A5FE-8001F8A81759}.Public|x86.ActiveCfg = Release|Any CPU
		{9490B719-829E-43A7-A5FE-8001F8A81759}.Release|Any CPU.ActiveCfg = Release|Any CPU
		{9490B719-829E-43A7-A5FE-8001F8A81759}.Release|Any CPU.Build.0 = Release|Any CPU
		{9490B719-829E-43A7-A5FE-8001F8A81759}.Release|ARM.ActiveCfg = Release|Any CPU
		{9490B719-829E-43A7-A5FE-8001F8A81759}.Release|x86.ActiveCfg = Release|Any CPU
		{F22ADCCC-7991-4F52-B2D0-697D60121BB3}.Debug|Any CPU.ActiveCfg = Debug|Any CPU
		{F22ADCCC-7991-4F52-B2D0-697D60121BB3}.Debug|Any CPU.Build.0 = Debug|Any CPU
		{F22ADCCC-7991-4F52-B2D0-697D60121BB3}.Debug|ARM.ActiveCfg = Debug|Any CPU
		{F22ADCCC-7991-4F52-B2D0-697D60121BB3}.Debug|x86.ActiveCfg = Debug|x86
		{F22ADCCC-7991-4F52-B2D0-697D60121BB3}.Debug|x86.Build.0 = Debug|x86
		{F22ADCCC-7991-4F52-B2D0-697D60121BB3}.Public|Any CPU.ActiveCfg = Release|Any CPU
		{F22ADCCC-7991-4F52-B2D0-697D60121BB3}.Public|Any CPU.Build.0 = Release|Any CPU
		{F22ADCCC-7991-4F52-B2D0-697D60121BB3}.Public|ARM.ActiveCfg = Release|Any CPU
		{F22ADCCC-7991-4F52-B2D0-697D60121BB3}.Public|x86.ActiveCfg = Release|x86
		{F22ADCCC-7991-4F52-B2D0-697D60121BB3}.Public|x86.Build.0 = Release|x86
		{F22ADCCC-7991-4F52-B2D0-697D60121BB3}.Release|Any CPU.ActiveCfg = Release|Any CPU
		{F22ADCCC-7991-4F52-B2D0-697D60121BB3}.Release|Any CPU.Build.0 = Release|Any CPU
		{F22ADCCC-7991-4F52-B2D0-697D60121BB3}.Release|ARM.ActiveCfg = Release|Any CPU
		{F22ADCCC-7991-4F52-B2D0-697D60121BB3}.Release|x86.ActiveCfg = Release|x86
		{F22ADCCC-7991-4F52-B2D0-697D60121BB3}.Release|x86.Build.0 = Release|x86
		{FAB0D7E5-E6AF-4B29-BFE1-6545D6C22621}.Debug|Any CPU.ActiveCfg = Debug|Any CPU
		{FAB0D7E5-E6AF-4B29-BFE1-6545D6C22621}.Debug|Any CPU.Build.0 = Debug|Any CPU
		{FAB0D7E5-E6AF-4B29-BFE1-6545D6C22621}.Debug|ARM.ActiveCfg = Debug|Any CPU
		{FAB0D7E5-E6AF-4B29-BFE1-6545D6C22621}.Debug|x86.ActiveCfg = Debug|x86
		{FAB0D7E5-E6AF-4B29-BFE1-6545D6C22621}.Debug|x86.Build.0 = Debug|x86
		{FAB0D7E5-E6AF-4B29-BFE1-6545D6C22621}.Public|Any CPU.ActiveCfg = Release|Any CPU
		{FAB0D7E5-E6AF-4B29-BFE1-6545D6C22621}.Public|Any CPU.Build.0 = Release|Any CPU
		{FAB0D7E5-E6AF-4B29-BFE1-6545D6C22621}.Public|ARM.ActiveCfg = Release|Any CPU
		{FAB0D7E5-E6AF-4B29-BFE1-6545D6C22621}.Public|x86.ActiveCfg = Release|x86
		{FAB0D7E5-E6AF-4B29-BFE1-6545D6C22621}.Public|x86.Build.0 = Release|x86
		{FAB0D7E5-E6AF-4B29-BFE1-6545D6C22621}.Release|Any CPU.ActiveCfg = Release|Any CPU
		{FAB0D7E5-E6AF-4B29-BFE1-6545D6C22621}.Release|Any CPU.Build.0 = Release|Any CPU
		{FAB0D7E5-E6AF-4B29-BFE1-6545D6C22621}.Release|ARM.ActiveCfg = Release|Any CPU
		{FAB0D7E5-E6AF-4B29-BFE1-6545D6C22621}.Release|x86.ActiveCfg = Release|x86
		{FAB0D7E5-E6AF-4B29-BFE1-6545D6C22621}.Release|x86.Build.0 = Release|x86
		{C653C244-F604-4BA4-8822-D04FA9ACEFA5}.Debug|Any CPU.ActiveCfg = Debug|Any CPU
		{C653C244-F604-4BA4-8822-D04FA9ACEFA5}.Debug|Any CPU.Build.0 = Debug|Any CPU
		{C653C244-F604-4BA4-8822-D04FA9ACEFA5}.Debug|ARM.ActiveCfg = Debug|Any CPU
		{C653C244-F604-4BA4-8822-D04FA9ACEFA5}.Debug|x86.ActiveCfg = Debug|x86
		{C653C244-F604-4BA4-8822-D04FA9ACEFA5}.Debug|x86.Build.0 = Debug|x86
		{C653C244-F604-4BA4-8822-D04FA9ACEFA5}.Public|Any CPU.ActiveCfg = Release|Any CPU
		{C653C244-F604-4BA4-8822-D04FA9ACEFA5}.Public|Any CPU.Build.0 = Release|Any CPU
		{C653C244-F604-4BA4-8822-D04FA9ACEFA5}.Public|ARM.ActiveCfg = Release|Any CPU
		{C653C244-F604-4BA4-8822-D04FA9ACEFA5}.Public|x86.ActiveCfg = Release|x86
		{C653C244-F604-4BA4-8822-D04FA9ACEFA5}.Public|x86.Build.0 = Release|x86
		{C653C244-F604-4BA4-8822-D04FA9ACEFA5}.Release|Any CPU.ActiveCfg = Release|Any CPU
		{C653C244-F604-4BA4-8822-D04FA9ACEFA5}.Release|Any CPU.Build.0 = Release|Any CPU
		{C653C244-F604-4BA4-8822-D04FA9ACEFA5}.Release|ARM.ActiveCfg = Release|Any CPU
		{C653C244-F604-4BA4-8822-D04FA9ACEFA5}.Release|x86.ActiveCfg = Release|x86
		{C653C244-F604-4BA4-8822-D04FA9ACEFA5}.Release|x86.Build.0 = Release|x86
		{A18DEAA1-EB7F-4B4A-B93A-83A2CAD5954A}.Debug|Any CPU.ActiveCfg = Debug|Any CPU
		{A18DEAA1-EB7F-4B4A-B93A-83A2CAD5954A}.Debug|Any CPU.Build.0 = Debug|Any CPU
		{A18DEAA1-EB7F-4B4A-B93A-83A2CAD5954A}.Debug|ARM.ActiveCfg = Debug|Any CPU
		{A18DEAA1-EB7F-4B4A-B93A-83A2CAD5954A}.Debug|x86.ActiveCfg = Debug|x86
		{A18DEAA1-EB7F-4B4A-B93A-83A2CAD5954A}.Debug|x86.Build.0 = Debug|x86
		{A18DEAA1-EB7F-4B4A-B93A-83A2CAD5954A}.Public|Any CPU.ActiveCfg = Release|Any CPU
		{A18DEAA1-EB7F-4B4A-B93A-83A2CAD5954A}.Public|Any CPU.Build.0 = Release|Any CPU
		{A18DEAA1-EB7F-4B4A-B93A-83A2CAD5954A}.Public|ARM.ActiveCfg = Release|Any CPU
		{A18DEAA1-EB7F-4B4A-B93A-83A2CAD5954A}.Public|x86.ActiveCfg = Release|x86
		{A18DEAA1-EB7F-4B4A-B93A-83A2CAD5954A}.Public|x86.Build.0 = Release|x86
		{A18DEAA1-EB7F-4B4A-B93A-83A2CAD5954A}.Release|Any CPU.ActiveCfg = Release|Any CPU
		{A18DEAA1-EB7F-4B4A-B93A-83A2CAD5954A}.Release|Any CPU.Build.0 = Release|Any CPU
		{A18DEAA1-EB7F-4B4A-B93A-83A2CAD5954A}.Release|ARM.ActiveCfg = Release|Any CPU
		{A18DEAA1-EB7F-4B4A-B93A-83A2CAD5954A}.Release|x86.ActiveCfg = Release|x86
		{A18DEAA1-EB7F-4B4A-B93A-83A2CAD5954A}.Release|x86.Build.0 = Release|x86
		{91F57346-B574-4D52-9EB0-AA191B552C94}.Debug|Any CPU.ActiveCfg = Debug|Any CPU
		{91F57346-B574-4D52-9EB0-AA191B552C94}.Debug|Any CPU.Build.0 = Debug|Any CPU
		{91F57346-B574-4D52-9EB0-AA191B552C94}.Debug|ARM.ActiveCfg = Debug|Any CPU
		{91F57346-B574-4D52-9EB0-AA191B552C94}.Debug|x86.ActiveCfg = Debug|x86
		{91F57346-B574-4D52-9EB0-AA191B552C94}.Debug|x86.Build.0 = Debug|x86
		{91F57346-B574-4D52-9EB0-AA191B552C94}.Public|Any CPU.ActiveCfg = Release|Any CPU
		{91F57346-B574-4D52-9EB0-AA191B552C94}.Public|Any CPU.Build.0 = Release|Any CPU
		{91F57346-B574-4D52-9EB0-AA191B552C94}.Public|ARM.ActiveCfg = Release|Any CPU
		{91F57346-B574-4D52-9EB0-AA191B552C94}.Public|x86.ActiveCfg = Release|x86
		{91F57346-B574-4D52-9EB0-AA191B552C94}.Public|x86.Build.0 = Release|x86
		{91F57346-B574-4D52-9EB0-AA191B552C94}.Release|Any CPU.ActiveCfg = Release|Any CPU
		{91F57346-B574-4D52-9EB0-AA191B552C94}.Release|Any CPU.Build.0 = Release|Any CPU
		{91F57346-B574-4D52-9EB0-AA191B552C94}.Release|ARM.ActiveCfg = Release|Any CPU
		{91F57346-B574-4D52-9EB0-AA191B552C94}.Release|x86.ActiveCfg = Release|x86
		{91F57346-B574-4D52-9EB0-AA191B552C94}.Release|x86.Build.0 = Release|x86
		{DD3CF4AA-02CC-4881-AFB1-6F10DFA1F8AF}.Debug|Any CPU.ActiveCfg = Debug|Any CPU
		{DD3CF4AA-02CC-4881-AFB1-6F10DFA1F8AF}.Debug|Any CPU.Build.0 = Debug|Any CPU
		{DD3CF4AA-02CC-4881-AFB1-6F10DFA1F8AF}.Debug|ARM.ActiveCfg = Debug|Any CPU
		{DD3CF4AA-02CC-4881-AFB1-6F10DFA1F8AF}.Debug|x86.ActiveCfg = Debug|x86
		{DD3CF4AA-02CC-4881-AFB1-6F10DFA1F8AF}.Debug|x86.Build.0 = Debug|x86
		{DD3CF4AA-02CC-4881-AFB1-6F10DFA1F8AF}.Public|Any CPU.ActiveCfg = Release|Any CPU
		{DD3CF4AA-02CC-4881-AFB1-6F10DFA1F8AF}.Public|Any CPU.Build.0 = Release|Any CPU
		{DD3CF4AA-02CC-4881-AFB1-6F10DFA1F8AF}.Public|ARM.ActiveCfg = Release|Any CPU
		{DD3CF4AA-02CC-4881-AFB1-6F10DFA1F8AF}.Public|x86.ActiveCfg = Release|x86
		{DD3CF4AA-02CC-4881-AFB1-6F10DFA1F8AF}.Public|x86.Build.0 = Release|x86
		{DD3CF4AA-02CC-4881-AFB1-6F10DFA1F8AF}.Release|Any CPU.ActiveCfg = Release|Any CPU
		{DD3CF4AA-02CC-4881-AFB1-6F10DFA1F8AF}.Release|Any CPU.Build.0 = Release|Any CPU
		{DD3CF4AA-02CC-4881-AFB1-6F10DFA1F8AF}.Release|ARM.ActiveCfg = Release|Any CPU
		{DD3CF4AA-02CC-4881-AFB1-6F10DFA1F8AF}.Release|x86.ActiveCfg = Release|x86
		{DD3CF4AA-02CC-4881-AFB1-6F10DFA1F8AF}.Release|x86.Build.0 = Release|x86
		{50743D1B-A19E-42F1-842F-65FAD6D168C3}.Debug|Any CPU.ActiveCfg = Debug|Any CPU
		{50743D1B-A19E-42F1-842F-65FAD6D168C3}.Debug|Any CPU.Build.0 = Debug|Any CPU
		{50743D1B-A19E-42F1-842F-65FAD6D168C3}.Debug|ARM.ActiveCfg = Debug|Any CPU
		{50743D1B-A19E-42F1-842F-65FAD6D168C3}.Debug|x86.ActiveCfg = Debug|x86
		{50743D1B-A19E-42F1-842F-65FAD6D168C3}.Debug|x86.Build.0 = Debug|x86
		{50743D1B-A19E-42F1-842F-65FAD6D168C3}.Public|Any CPU.ActiveCfg = Release|Any CPU
		{50743D1B-A19E-42F1-842F-65FAD6D168C3}.Public|Any CPU.Build.0 = Release|Any CPU
		{50743D1B-A19E-42F1-842F-65FAD6D168C3}.Public|ARM.ActiveCfg = Release|Any CPU
		{50743D1B-A19E-42F1-842F-65FAD6D168C3}.Public|x86.ActiveCfg = Release|x86
		{50743D1B-A19E-42F1-842F-65FAD6D168C3}.Public|x86.Build.0 = Release|x86
		{50743D1B-A19E-42F1-842F-65FAD6D168C3}.Release|Any CPU.ActiveCfg = Release|Any CPU
		{50743D1B-A19E-42F1-842F-65FAD6D168C3}.Release|Any CPU.Build.0 = Release|Any CPU
		{50743D1B-A19E-42F1-842F-65FAD6D168C3}.Release|ARM.ActiveCfg = Release|Any CPU
		{50743D1B-A19E-42F1-842F-65FAD6D168C3}.Release|x86.ActiveCfg = Release|x86
		{50743D1B-A19E-42F1-842F-65FAD6D168C3}.Release|x86.Build.0 = Release|x86
		{436641C4-846C-42D0-8E8F-95F70E211D22}.Debug|Any CPU.ActiveCfg = Debug|Any CPU
		{436641C4-846C-42D0-8E8F-95F70E211D22}.Debug|Any CPU.Build.0 = Debug|Any CPU
		{436641C4-846C-42D0-8E8F-95F70E211D22}.Debug|ARM.ActiveCfg = Debug|Any CPU
		{436641C4-846C-42D0-8E8F-95F70E211D22}.Debug|x86.ActiveCfg = Debug|x86
		{436641C4-846C-42D0-8E8F-95F70E211D22}.Debug|x86.Build.0 = Debug|x86
		{436641C4-846C-42D0-8E8F-95F70E211D22}.Public|Any CPU.ActiveCfg = Release|Any CPU
		{436641C4-846C-42D0-8E8F-95F70E211D22}.Public|Any CPU.Build.0 = Release|Any CPU
		{436641C4-846C-42D0-8E8F-95F70E211D22}.Public|ARM.ActiveCfg = Release|Any CPU
		{436641C4-846C-42D0-8E8F-95F70E211D22}.Public|x86.ActiveCfg = Release|x86
		{436641C4-846C-42D0-8E8F-95F70E211D22}.Public|x86.Build.0 = Release|x86
		{436641C4-846C-42D0-8E8F-95F70E211D22}.Release|Any CPU.ActiveCfg = Release|Any CPU
		{436641C4-846C-42D0-8E8F-95F70E211D22}.Release|Any CPU.Build.0 = Release|Any CPU
		{436641C4-846C-42D0-8E8F-95F70E211D22}.Release|ARM.ActiveCfg = Release|Any CPU
		{436641C4-846C-42D0-8E8F-95F70E211D22}.Release|x86.ActiveCfg = Release|x86
		{436641C4-846C-42D0-8E8F-95F70E211D22}.Release|x86.Build.0 = Release|x86
		{8299274E-05DD-49E0-ACB8-70C2BBAC69D1}.Debug|Any CPU.ActiveCfg = Debug|Any CPU
		{8299274E-05DD-49E0-ACB8-70C2BBAC69D1}.Debug|Any CPU.Build.0 = Debug|Any CPU
		{8299274E-05DD-49E0-ACB8-70C2BBAC69D1}.Debug|ARM.ActiveCfg = Debug|Any CPU
		{8299274E-05DD-49E0-ACB8-70C2BBAC69D1}.Debug|x86.ActiveCfg = Debug|Any CPU
		{8299274E-05DD-49E0-ACB8-70C2BBAC69D1}.Public|Any CPU.ActiveCfg = Release|Any CPU
		{8299274E-05DD-49E0-ACB8-70C2BBAC69D1}.Public|Any CPU.Build.0 = Release|Any CPU
		{8299274E-05DD-49E0-ACB8-70C2BBAC69D1}.Public|ARM.ActiveCfg = Release|Any CPU
		{8299274E-05DD-49E0-ACB8-70C2BBAC69D1}.Public|x86.ActiveCfg = Release|Any CPU
		{8299274E-05DD-49E0-ACB8-70C2BBAC69D1}.Release|Any CPU.ActiveCfg = Release|Any CPU
		{8299274E-05DD-49E0-ACB8-70C2BBAC69D1}.Release|Any CPU.Build.0 = Release|Any CPU
		{8299274E-05DD-49E0-ACB8-70C2BBAC69D1}.Release|ARM.ActiveCfg = Release|Any CPU
		{8299274E-05DD-49E0-ACB8-70C2BBAC69D1}.Release|x86.ActiveCfg = Release|Any CPU
		{94734E5A-0344-43E8-BB30-E32E3F57F611}.Debug|Any CPU.ActiveCfg = Debug|Any CPU
		{94734E5A-0344-43E8-BB30-E32E3F57F611}.Debug|Any CPU.Build.0 = Debug|Any CPU
		{94734E5A-0344-43E8-BB30-E32E3F57F611}.Debug|ARM.ActiveCfg = Debug|Any CPU
		{94734E5A-0344-43E8-BB30-E32E3F57F611}.Debug|x86.ActiveCfg = Debug|x86
		{94734E5A-0344-43E8-BB30-E32E3F57F611}.Debug|x86.Build.0 = Debug|x86
		{94734E5A-0344-43E8-BB30-E32E3F57F611}.Public|Any CPU.ActiveCfg = Release|Any CPU
		{94734E5A-0344-43E8-BB30-E32E3F57F611}.Public|Any CPU.Build.0 = Release|Any CPU
		{94734E5A-0344-43E8-BB30-E32E3F57F611}.Public|ARM.ActiveCfg = Release|Any CPU
		{94734E5A-0344-43E8-BB30-E32E3F57F611}.Public|x86.ActiveCfg = Release|x86
		{94734E5A-0344-43E8-BB30-E32E3F57F611}.Public|x86.Build.0 = Release|x86
		{94734E5A-0344-43E8-BB30-E32E3F57F611}.Release|Any CPU.ActiveCfg = Release|Any CPU
		{94734E5A-0344-43E8-BB30-E32E3F57F611}.Release|Any CPU.Build.0 = Release|Any CPU
		{94734E5A-0344-43E8-BB30-E32E3F57F611}.Release|ARM.ActiveCfg = Release|Any CPU
		{94734E5A-0344-43E8-BB30-E32E3F57F611}.Release|x86.ActiveCfg = Release|x86
		{94734E5A-0344-43E8-BB30-E32E3F57F611}.Release|x86.Build.0 = Release|x86
		{4B12561E-D37B-48A1-B6DB-218E94906C22}.Debug|Any CPU.ActiveCfg = Debug|Any CPU
		{4B12561E-D37B-48A1-B6DB-218E94906C22}.Debug|Any CPU.Build.0 = Debug|Any CPU
		{4B12561E-D37B-48A1-B6DB-218E94906C22}.Debug|ARM.ActiveCfg = Debug|Any CPU
		{4B12561E-D37B-48A1-B6DB-218E94906C22}.Debug|x86.ActiveCfg = Debug|x86
		{4B12561E-D37B-48A1-B6DB-218E94906C22}.Debug|x86.Build.0 = Debug|x86
		{4B12561E-D37B-48A1-B6DB-218E94906C22}.Public|Any CPU.ActiveCfg = Release|Any CPU
		{4B12561E-D37B-48A1-B6DB-218E94906C22}.Public|Any CPU.Build.0 = Release|Any CPU
		{4B12561E-D37B-48A1-B6DB-218E94906C22}.Public|ARM.ActiveCfg = Release|Any CPU
		{4B12561E-D37B-48A1-B6DB-218E94906C22}.Public|x86.ActiveCfg = Release|x86
		{4B12561E-D37B-48A1-B6DB-218E94906C22}.Public|x86.Build.0 = Release|x86
		{4B12561E-D37B-48A1-B6DB-218E94906C22}.Release|Any CPU.ActiveCfg = Release|Any CPU
		{4B12561E-D37B-48A1-B6DB-218E94906C22}.Release|Any CPU.Build.0 = Release|Any CPU
		{4B12561E-D37B-48A1-B6DB-218E94906C22}.Release|ARM.ActiveCfg = Release|Any CPU
		{4B12561E-D37B-48A1-B6DB-218E94906C22}.Release|x86.ActiveCfg = Release|x86
		{4B12561E-D37B-48A1-B6DB-218E94906C22}.Release|x86.Build.0 = Release|x86
		{935D67A0-931E-46DE-9F6A-2D6DBC99AFF3}.Debug|Any CPU.ActiveCfg = Debug|Any CPU
		{935D67A0-931E-46DE-9F6A-2D6DBC99AFF3}.Debug|Any CPU.Build.0 = Debug|Any CPU
		{935D67A0-931E-46DE-9F6A-2D6DBC99AFF3}.Debug|ARM.ActiveCfg = Debug|Any CPU
		{935D67A0-931E-46DE-9F6A-2D6DBC99AFF3}.Debug|x86.ActiveCfg = Debug|x86
		{935D67A0-931E-46DE-9F6A-2D6DBC99AFF3}.Debug|x86.Build.0 = Debug|x86
		{935D67A0-931E-46DE-9F6A-2D6DBC99AFF3}.Public|Any CPU.ActiveCfg = Release|Any CPU
		{935D67A0-931E-46DE-9F6A-2D6DBC99AFF3}.Public|Any CPU.Build.0 = Release|Any CPU
		{935D67A0-931E-46DE-9F6A-2D6DBC99AFF3}.Public|ARM.ActiveCfg = Release|Any CPU
		{935D67A0-931E-46DE-9F6A-2D6DBC99AFF3}.Public|x86.ActiveCfg = Release|x86
		{935D67A0-931E-46DE-9F6A-2D6DBC99AFF3}.Public|x86.Build.0 = Release|x86
		{935D67A0-931E-46DE-9F6A-2D6DBC99AFF3}.Release|Any CPU.ActiveCfg = Release|Any CPU
		{935D67A0-931E-46DE-9F6A-2D6DBC99AFF3}.Release|Any CPU.Build.0 = Release|Any CPU
		{935D67A0-931E-46DE-9F6A-2D6DBC99AFF3}.Release|ARM.ActiveCfg = Release|Any CPU
		{935D67A0-931E-46DE-9F6A-2D6DBC99AFF3}.Release|x86.ActiveCfg = Release|x86
		{935D67A0-931E-46DE-9F6A-2D6DBC99AFF3}.Release|x86.Build.0 = Release|x86
	EndGlobalSection
	GlobalSection(SolutionProperties) = preSolution
		HideSolutionNode = FALSE
	EndGlobalSection
EndGlobal
