
Microsoft Visual Studio Solution File, Format Version 12.00
# Visual Studio Version 16
VisualStudioVersion = 16.0.30204.135
MinimumVisualStudioVersion = 10.0.40219.1
Project("{9A19103F-16F7-4668-BE54-9A1E7A4F7556}") = "AgateLib", "AgateLib\AgateLib.csproj", "{30D1A19E-7DF1-494F-99EA-77AB764693D5}"
EndProject
Project("{D954291E-2A0B-460D-934E-DC6B0785DB48}") = "AgateLib.Platform", "AgateLib.Platform\AgateLib.Platform.shproj", "{477272D0-E4C7-44C2-80FA-773A2A364017}"
EndProject
Project("{D954291E-2A0B-460D-934E-DC6B0785DB48}") = "AgateLib.Content", "AgateLib.Content\AgateLib.Content.shproj", "{405FF3FA-EB1E-4BF3-82E3-B8356D223A9C}"
EndProject
Project("{9A19103F-16F7-4668-BE54-9A1E7A4F7556}") = "AgateLib.Physics", "AgateLib.Physics\AgateLib.Physics.csproj", "{A5AF5511-078E-4BAB-9553-340AA2B5B342}"
EndProject
Project("{2150E333-8FDC-42A3-9474-1A3956D46DE8}") = "Tests", "Tests", "{DD17D2DA-4B9F-41B4-89A9-5909CF580CED}"
EndProject
Project("{9A19103F-16F7-4668-BE54-9A1E7A4F7556}") = "AgateLib.TestFramework", "AgateLib.TestFramework\AgateLib.TestFramework.csproj", "{B3093E61-6700-40C7-9C78-4D72AD907DBF}"
EndProject
Project("{9A19103F-16F7-4668-BE54-9A1E7A4F7556}") = "AgateLib.Autofac", "AgateLib.Autofac\AgateLib.Autofac.csproj", "{75372BB4-35B2-40C6-B6D8-87F4D5DE4CFE}"
EndProject
Project("{FAE04EC0-301F-11D3-BF4B-00C04F79EFBC}") = "AgateLib.Demo", "AgateLib.Demo\AgateLib.Demo.csproj", "{8A25A710-9AB7-4B1A-B0CA-61E646EFF7C4}"
EndProject
Project("{FAE04EC0-301F-11D3-BF4B-00C04F79EFBC}") = "AgateLib.UnitTests", "AgateLib.UnitTests\AgateLib.UnitTests.csproj", "{E7DA0A34-53B8-4122-B048-175104871196}"
EndProject
Global
	GlobalSection(SharedMSBuildProjectFiles) = preSolution
		AgateLib.Platform\AgateLib.Platform.projitems*{477272d0-e4c7-44c2-80fa-773a2a364017}*SharedItemsImports = 13
		AgateLib.Platform\AgateLib.Platform.projitems*{8a25a710-9ab7-4b1a-b0ca-61e646eff7c4}*SharedItemsImports = 5
	EndGlobalSection
	GlobalSection(SolutionConfigurationPlatforms) = preSolution
		Debug|Any CPU = Debug|Any CPU
		Debug|x64 = Debug|x64
		Debug|x86 = Debug|x86
		Info|Any CPU = Info|Any CPU
		Info|x64 = Info|x64
		Info|x86 = Info|x86
		Performance|Any CPU = Performance|Any CPU
		Performance|x64 = Performance|x64
		Performance|x86 = Performance|x86
		Release|Any CPU = Release|Any CPU
		Release|x64 = Release|x64
		Release|x86 = Release|x86
	EndGlobalSection
	GlobalSection(ProjectConfigurationPlatforms) = postSolution
		{30D1A19E-7DF1-494F-99EA-77AB764693D5}.Debug|Any CPU.ActiveCfg = Debug|Any CPU
		{30D1A19E-7DF1-494F-99EA-77AB764693D5}.Debug|Any CPU.Build.0 = Debug|Any CPU
		{30D1A19E-7DF1-494F-99EA-77AB764693D5}.Debug|x64.ActiveCfg = Debug|Any CPU
		{30D1A19E-7DF1-494F-99EA-77AB764693D5}.Debug|x64.Build.0 = Debug|Any CPU
		{30D1A19E-7DF1-494F-99EA-77AB764693D5}.Debug|x86.ActiveCfg = Debug|Any CPU
		{30D1A19E-7DF1-494F-99EA-77AB764693D5}.Debug|x86.Build.0 = Debug|Any CPU
		{30D1A19E-7DF1-494F-99EA-77AB764693D5}.Info|Any CPU.ActiveCfg = Release|Any CPU
		{30D1A19E-7DF1-494F-99EA-77AB764693D5}.Info|Any CPU.Build.0 = Release|Any CPU
		{30D1A19E-7DF1-494F-99EA-77AB764693D5}.Info|x64.ActiveCfg = Release|Any CPU
		{30D1A19E-7DF1-494F-99EA-77AB764693D5}.Info|x64.Build.0 = Release|Any CPU
		{30D1A19E-7DF1-494F-99EA-77AB764693D5}.Info|x86.ActiveCfg = Release|Any CPU
		{30D1A19E-7DF1-494F-99EA-77AB764693D5}.Info|x86.Build.0 = Release|Any CPU
		{30D1A19E-7DF1-494F-99EA-77AB764693D5}.Performance|Any CPU.ActiveCfg = Release|Any CPU
		{30D1A19E-7DF1-494F-99EA-77AB764693D5}.Performance|Any CPU.Build.0 = Release|Any CPU
		{30D1A19E-7DF1-494F-99EA-77AB764693D5}.Performance|x64.ActiveCfg = Release|Any CPU
		{30D1A19E-7DF1-494F-99EA-77AB764693D5}.Performance|x64.Build.0 = Release|Any CPU
		{30D1A19E-7DF1-494F-99EA-77AB764693D5}.Performance|x86.ActiveCfg = Release|Any CPU
		{30D1A19E-7DF1-494F-99EA-77AB764693D5}.Performance|x86.Build.0 = Release|Any CPU
		{30D1A19E-7DF1-494F-99EA-77AB764693D5}.Release|Any CPU.ActiveCfg = Release|Any CPU
		{30D1A19E-7DF1-494F-99EA-77AB764693D5}.Release|Any CPU.Build.0 = Release|Any CPU
		{30D1A19E-7DF1-494F-99EA-77AB764693D5}.Release|x64.ActiveCfg = Release|Any CPU
		{30D1A19E-7DF1-494F-99EA-77AB764693D5}.Release|x64.Build.0 = Release|Any CPU
		{30D1A19E-7DF1-494F-99EA-77AB764693D5}.Release|x86.ActiveCfg = Release|Any CPU
		{30D1A19E-7DF1-494F-99EA-77AB764693D5}.Release|x86.Build.0 = Release|Any CPU
		{A5AF5511-078E-4BAB-9553-340AA2B5B342}.Debug|Any CPU.ActiveCfg = Debug|Any CPU
		{A5AF5511-078E-4BAB-9553-340AA2B5B342}.Debug|Any CPU.Build.0 = Debug|Any CPU
		{A5AF5511-078E-4BAB-9553-340AA2B5B342}.Debug|x64.ActiveCfg = Debug|Any CPU
		{A5AF5511-078E-4BAB-9553-340AA2B5B342}.Debug|x64.Build.0 = Debug|Any CPU
		{A5AF5511-078E-4BAB-9553-340AA2B5B342}.Debug|x86.ActiveCfg = Debug|Any CPU
		{A5AF5511-078E-4BAB-9553-340AA2B5B342}.Debug|x86.Build.0 = Debug|Any CPU
		{A5AF5511-078E-4BAB-9553-340AA2B5B342}.Info|Any CPU.ActiveCfg = Debug|Any CPU
		{A5AF5511-078E-4BAB-9553-340AA2B5B342}.Info|Any CPU.Build.0 = Debug|Any CPU
		{A5AF5511-078E-4BAB-9553-340AA2B5B342}.Info|x64.ActiveCfg = Debug|Any CPU
		{A5AF5511-078E-4BAB-9553-340AA2B5B342}.Info|x64.Build.0 = Debug|Any CPU
		{A5AF5511-078E-4BAB-9553-340AA2B5B342}.Info|x86.ActiveCfg = Debug|Any CPU
		{A5AF5511-078E-4BAB-9553-340AA2B5B342}.Info|x86.Build.0 = Debug|Any CPU
		{A5AF5511-078E-4BAB-9553-340AA2B5B342}.Performance|Any CPU.ActiveCfg = Debug|Any CPU
		{A5AF5511-078E-4BAB-9553-340AA2B5B342}.Performance|Any CPU.Build.0 = Debug|Any CPU
		{A5AF5511-078E-4BAB-9553-340AA2B5B342}.Performance|x64.ActiveCfg = Debug|Any CPU
		{A5AF5511-078E-4BAB-9553-340AA2B5B342}.Performance|x64.Build.0 = Debug|Any CPU
		{A5AF5511-078E-4BAB-9553-340AA2B5B342}.Performance|x86.ActiveCfg = Debug|Any CPU
		{A5AF5511-078E-4BAB-9553-340AA2B5B342}.Performance|x86.Build.0 = Debug|Any CPU
		{A5AF5511-078E-4BAB-9553-340AA2B5B342}.Release|Any CPU.ActiveCfg = Release|Any CPU
		{A5AF5511-078E-4BAB-9553-340AA2B5B342}.Release|Any CPU.Build.0 = Release|Any CPU
		{A5AF5511-078E-4BAB-9553-340AA2B5B342}.Release|x64.ActiveCfg = Release|Any CPU
		{A5AF5511-078E-4BAB-9553-340AA2B5B342}.Release|x64.Build.0 = Release|Any CPU
		{A5AF5511-078E-4BAB-9553-340AA2B5B342}.Release|x86.ActiveCfg = Release|Any CPU
		{A5AF5511-078E-4BAB-9553-340AA2B5B342}.Release|x86.Build.0 = Release|Any CPU
		{B3093E61-6700-40C7-9C78-4D72AD907DBF}.Debug|Any CPU.ActiveCfg = Debug|Any CPU
		{B3093E61-6700-40C7-9C78-4D72AD907DBF}.Debug|Any CPU.Build.0 = Debug|Any CPU
		{B3093E61-6700-40C7-9C78-4D72AD907DBF}.Debug|x64.ActiveCfg = Debug|Any CPU
		{B3093E61-6700-40C7-9C78-4D72AD907DBF}.Debug|x64.Build.0 = Debug|Any CPU
		{B3093E61-6700-40C7-9C78-4D72AD907DBF}.Debug|x86.ActiveCfg = Debug|Any CPU
		{B3093E61-6700-40C7-9C78-4D72AD907DBF}.Debug|x86.Build.0 = Debug|Any CPU
		{B3093E61-6700-40C7-9C78-4D72AD907DBF}.Info|Any CPU.ActiveCfg = Debug|Any CPU
		{B3093E61-6700-40C7-9C78-4D72AD907DBF}.Info|Any CPU.Build.0 = Debug|Any CPU
		{B3093E61-6700-40C7-9C78-4D72AD907DBF}.Info|x64.ActiveCfg = Debug|Any CPU
		{B3093E61-6700-40C7-9C78-4D72AD907DBF}.Info|x64.Build.0 = Debug|Any CPU
		{B3093E61-6700-40C7-9C78-4D72AD907DBF}.Info|x86.ActiveCfg = Debug|Any CPU
		{B3093E61-6700-40C7-9C78-4D72AD907DBF}.Info|x86.Build.0 = Debug|Any CPU
		{B3093E61-6700-40C7-9C78-4D72AD907DBF}.Performance|Any CPU.ActiveCfg = Debug|Any CPU
		{B3093E61-6700-40C7-9C78-4D72AD907DBF}.Performance|Any CPU.Build.0 = Debug|Any CPU
		{B3093E61-6700-40C7-9C78-4D72AD907DBF}.Performance|x64.ActiveCfg = Debug|Any CPU
		{B3093E61-6700-40C7-9C78-4D72AD907DBF}.Performance|x64.Build.0 = Debug|Any CPU
		{B3093E61-6700-40C7-9C78-4D72AD907DBF}.Performance|x86.ActiveCfg = Debug|Any CPU
		{B3093E61-6700-40C7-9C78-4D72AD907DBF}.Performance|x86.Build.0 = Debug|Any CPU
		{B3093E61-6700-40C7-9C78-4D72AD907DBF}.Release|Any CPU.ActiveCfg = Release|Any CPU
		{B3093E61-6700-40C7-9C78-4D72AD907DBF}.Release|Any CPU.Build.0 = Release|Any CPU
		{B3093E61-6700-40C7-9C78-4D72AD907DBF}.Release|x64.ActiveCfg = Release|Any CPU
		{B3093E61-6700-40C7-9C78-4D72AD907DBF}.Release|x64.Build.0 = Release|Any CPU
		{B3093E61-6700-40C7-9C78-4D72AD907DBF}.Release|x86.ActiveCfg = Release|Any CPU
		{B3093E61-6700-40C7-9C78-4D72AD907DBF}.Release|x86.Build.0 = Release|Any CPU
		{75372BB4-35B2-40C6-B6D8-87F4D5DE4CFE}.Debug|Any CPU.ActiveCfg = Debug|Any CPU
		{75372BB4-35B2-40C6-B6D8-87F4D5DE4CFE}.Debug|Any CPU.Build.0 = Debug|Any CPU
		{75372BB4-35B2-40C6-B6D8-87F4D5DE4CFE}.Debug|x64.ActiveCfg = Debug|Any CPU
		{75372BB4-35B2-40C6-B6D8-87F4D5DE4CFE}.Debug|x64.Build.0 = Debug|Any CPU
		{75372BB4-35B2-40C6-B6D8-87F4D5DE4CFE}.Debug|x86.ActiveCfg = Debug|Any CPU
		{75372BB4-35B2-40C6-B6D8-87F4D5DE4CFE}.Debug|x86.Build.0 = Debug|Any CPU
		{75372BB4-35B2-40C6-B6D8-87F4D5DE4CFE}.Info|Any CPU.ActiveCfg = Debug|Any CPU
		{75372BB4-35B2-40C6-B6D8-87F4D5DE4CFE}.Info|Any CPU.Build.0 = Debug|Any CPU
		{75372BB4-35B2-40C6-B6D8-87F4D5DE4CFE}.Info|x64.ActiveCfg = Debug|Any CPU
		{75372BB4-35B2-40C6-B6D8-87F4D5DE4CFE}.Info|x64.Build.0 = Debug|Any CPU
		{75372BB4-35B2-40C6-B6D8-87F4D5DE4CFE}.Info|x86.ActiveCfg = Debug|Any CPU
		{75372BB4-35B2-40C6-B6D8-87F4D5DE4CFE}.Info|x86.Build.0 = Debug|Any CPU
		{75372BB4-35B2-40C6-B6D8-87F4D5DE4CFE}.Performance|Any CPU.ActiveCfg = Debug|Any CPU
		{75372BB4-35B2-40C6-B6D8-87F4D5DE4CFE}.Performance|Any CPU.Build.0 = Debug|Any CPU
		{75372BB4-35B2-40C6-B6D8-87F4D5DE4CFE}.Performance|x64.ActiveCfg = Debug|Any CPU
		{75372BB4-35B2-40C6-B6D8-87F4D5DE4CFE}.Performance|x64.Build.0 = Debug|Any CPU
		{75372BB4-35B2-40C6-B6D8-87F4D5DE4CFE}.Performance|x86.ActiveCfg = Debug|Any CPU
		{75372BB4-35B2-40C6-B6D8-87F4D5DE4CFE}.Performance|x86.Build.0 = Debug|Any CPU
		{75372BB4-35B2-40C6-B6D8-87F4D5DE4CFE}.Release|Any CPU.ActiveCfg = Release|Any CPU
		{75372BB4-35B2-40C6-B6D8-87F4D5DE4CFE}.Release|Any CPU.Build.0 = Release|Any CPU
		{75372BB4-35B2-40C6-B6D8-87F4D5DE4CFE}.Release|x64.ActiveCfg = Release|Any CPU
		{75372BB4-35B2-40C6-B6D8-87F4D5DE4CFE}.Release|x64.Build.0 = Release|Any CPU
		{75372BB4-35B2-40C6-B6D8-87F4D5DE4CFE}.Release|x86.ActiveCfg = Release|Any CPU
		{75372BB4-35B2-40C6-B6D8-87F4D5DE4CFE}.Release|x86.Build.0 = Release|Any CPU
		{8A25A710-9AB7-4B1A-B0CA-61E646EFF7C4}.Debug|Any CPU.ActiveCfg = Debug|Any CPU
		{8A25A710-9AB7-4B1A-B0CA-61E646EFF7C4}.Debug|Any CPU.Build.0 = Debug|Any CPU
		{8A25A710-9AB7-4B1A-B0CA-61E646EFF7C4}.Debug|x64.ActiveCfg = Debug|Any CPU
		{8A25A710-9AB7-4B1A-B0CA-61E646EFF7C4}.Debug|x64.Build.0 = Debug|Any CPU
		{8A25A710-9AB7-4B1A-B0CA-61E646EFF7C4}.Debug|x86.ActiveCfg = Debug|Any CPU
		{8A25A710-9AB7-4B1A-B0CA-61E646EFF7C4}.Debug|x86.Build.0 = Debug|Any CPU
		{8A25A710-9AB7-4B1A-B0CA-61E646EFF7C4}.Info|Any CPU.ActiveCfg = Debug|Any CPU
		{8A25A710-9AB7-4B1A-B0CA-61E646EFF7C4}.Info|Any CPU.Build.0 = Debug|Any CPU
		{8A25A710-9AB7-4B1A-B0CA-61E646EFF7C4}.Info|x64.ActiveCfg = Debug|Any CPU
		{8A25A710-9AB7-4B1A-B0CA-61E646EFF7C4}.Info|x64.Build.0 = Debug|Any CPU
		{8A25A710-9AB7-4B1A-B0CA-61E646EFF7C4}.Info|x86.ActiveCfg = Debug|Any CPU
		{8A25A710-9AB7-4B1A-B0CA-61E646EFF7C4}.Info|x86.Build.0 = Debug|Any CPU
		{8A25A710-9AB7-4B1A-B0CA-61E646EFF7C4}.Performance|Any CPU.ActiveCfg = Debug|Any CPU
		{8A25A710-9AB7-4B1A-B0CA-61E646EFF7C4}.Performance|Any CPU.Build.0 = Debug|Any CPU
		{8A25A710-9AB7-4B1A-B0CA-61E646EFF7C4}.Performance|x64.ActiveCfg = Debug|Any CPU
		{8A25A710-9AB7-4B1A-B0CA-61E646EFF7C4}.Performance|x64.Build.0 = Debug|Any CPU
		{8A25A710-9AB7-4B1A-B0CA-61E646EFF7C4}.Performance|x86.ActiveCfg = Debug|Any CPU
		{8A25A710-9AB7-4B1A-B0CA-61E646EFF7C4}.Performance|x86.Build.0 = Debug|Any CPU
		{8A25A710-9AB7-4B1A-B0CA-61E646EFF7C4}.Release|Any CPU.ActiveCfg = Release|Any CPU
		{8A25A710-9AB7-4B1A-B0CA-61E646EFF7C4}.Release|Any CPU.Build.0 = Release|Any CPU
		{8A25A710-9AB7-4B1A-B0CA-61E646EFF7C4}.Release|x64.ActiveCfg = Release|Any CPU
		{8A25A710-9AB7-4B1A-B0CA-61E646EFF7C4}.Release|x64.Build.0 = Release|Any CPU
		{8A25A710-9AB7-4B1A-B0CA-61E646EFF7C4}.Release|x86.ActiveCfg = Release|Any CPU
		{8A25A710-9AB7-4B1A-B0CA-61E646EFF7C4}.Release|x86.Build.0 = Release|Any CPU
		{E7DA0A34-53B8-4122-B048-175104871196}.Debug|Any CPU.ActiveCfg = Debug|Any CPU
		{E7DA0A34-53B8-4122-B048-175104871196}.Debug|Any CPU.Build.0 = Debug|Any CPU
		{E7DA0A34-53B8-4122-B048-175104871196}.Debug|x64.ActiveCfg = Debug|Any CPU
		{E7DA0A34-53B8-4122-B048-175104871196}.Debug|x64.Build.0 = Debug|Any CPU
		{E7DA0A34-53B8-4122-B048-175104871196}.Debug|x86.ActiveCfg = Debug|Any CPU
		{E7DA0A34-53B8-4122-B048-175104871196}.Debug|x86.Build.0 = Debug|Any CPU
		{E7DA0A34-53B8-4122-B048-175104871196}.Info|Any CPU.ActiveCfg = Debug|Any CPU
		{E7DA0A34-53B8-4122-B048-175104871196}.Info|Any CPU.Build.0 = Debug|Any CPU
		{E7DA0A34-53B8-4122-B048-175104871196}.Info|x64.ActiveCfg = Debug|Any CPU
		{E7DA0A34-53B8-4122-B048-175104871196}.Info|x64.Build.0 = Debug|Any CPU
		{E7DA0A34-53B8-4122-B048-175104871196}.Info|x86.ActiveCfg = Debug|Any CPU
		{E7DA0A34-53B8-4122-B048-175104871196}.Info|x86.Build.0 = Debug|Any CPU
		{E7DA0A34-53B8-4122-B048-175104871196}.Performance|Any CPU.ActiveCfg = Debug|Any CPU
		{E7DA0A34-53B8-4122-B048-175104871196}.Performance|Any CPU.Build.0 = Debug|Any CPU
		{E7DA0A34-53B8-4122-B048-175104871196}.Performance|x64.ActiveCfg = Debug|Any CPU
		{E7DA0A34-53B8-4122-B048-175104871196}.Performance|x64.Build.0 = Debug|Any CPU
		{E7DA0A34-53B8-4122-B048-175104871196}.Performance|x86.ActiveCfg = Debug|Any CPU
		{E7DA0A34-53B8-4122-B048-175104871196}.Performance|x86.Build.0 = Debug|Any CPU
		{E7DA0A34-53B8-4122-B048-175104871196}.Release|Any CPU.ActiveCfg = Release|Any CPU
		{E7DA0A34-53B8-4122-B048-175104871196}.Release|Any CPU.Build.0 = Release|Any CPU
		{E7DA0A34-53B8-4122-B048-175104871196}.Release|x64.ActiveCfg = Release|Any CPU
		{E7DA0A34-53B8-4122-B048-175104871196}.Release|x64.Build.0 = Release|Any CPU
		{E7DA0A34-53B8-4122-B048-175104871196}.Release|x86.ActiveCfg = Release|Any CPU
		{E7DA0A34-53B8-4122-B048-175104871196}.Release|x86.Build.0 = Release|Any CPU
	EndGlobalSection
	GlobalSection(SolutionProperties) = preSolution
		HideSolutionNode = FALSE
	EndGlobalSection
	GlobalSection(NestedProjects) = preSolution
		{8A25A710-9AB7-4B1A-B0CA-61E646EFF7C4} = {DD17D2DA-4B9F-41B4-89A9-5909CF580CED}
		{E7DA0A34-53B8-4122-B048-175104871196} = {DD17D2DA-4B9F-41B4-89A9-5909CF580CED}
	EndGlobalSection
	GlobalSection(ExtensibilityGlobals) = postSolution
		SolutionGuid = {17776E2B-F86A-4028-A61D-C0208FF7163E}
	EndGlobalSection
EndGlobal
