Microsoft Visual Studio Solution File, Format Version 12.00
# Visual Studio 2013
VisualStudioVersion = 12.0.31101.0
MinimumVisualStudioVersion = 10.0.40219.1
Project("{2150E333-8FDC-42A3-9474-1A3956D46DE8}") = "Solution Files", "Solution Files", "{0CE8B58F-922D-40A6-92E6-2F6913A97049}"
	ProjectSection(SolutionItems) = preProject
		ChangeLog.txt = ChangeLog.txt
		ReleaseNotes.txt = ReleaseNotes.txt
		sonar-project.properties = sonar-project.properties
		TODO.txt = TODO.txt
	EndProjectSection
EndProject
Project("{FAE04EC0-301F-11D3-BF4B-00C04F79EFBC}") = "AgateLib", "AgateLib\AgateLib.csproj", "{9490B719-829E-43A7-A5FE-8001F8A81759}"
EndProject
Project("{FAE04EC0-301F-11D3-BF4B-00C04F79EFBC}") = "AgateLib.AgateSDL", "AgateLib.AgateSDL\AgateLib.AgateSDL.csproj", "{935D67A0-931E-46DE-9F6A-2D6DBC99AFF3}"
EndProject
Project("{2150E333-8FDC-42A3-9474-1A3956D46DE8}") = "Platform.WinForms", "Platform.WinForms", "{D499A339-7F4C-4AF5-87E5-BE06021B3C8B}"
EndProject
Project("{FAE04EC0-301F-11D3-BF4B-00C04F79EFBC}") = "AgateLib.OpenGL", "AgateLib.OpenGL\AgateLib.OpenGL.csproj", "{94734E5A-0344-43E8-BB30-E32E3F57F611}"
EndProject
Project("{FAE04EC0-301F-11D3-BF4B-00C04F79EFBC}") = "AgateLib.Tests.Portable", "AgateLib.Tests\AgateLib.Tests.Portable\AgateLib.Tests.Portable.csproj", "{3AAA6832-55D7-47A9-AF95-9393792ECB2C}"
EndProject
Project("{FAE04EC0-301F-11D3-BF4B-00C04F79EFBC}") = "AgateLib.Tests.UnitTests", "AgateLib.Tests\UnitTests\AgateLib.Tests.UnitTests.csproj", "{F22ADCCC-7991-4F52-B2D0-697D60121BB3}"
EndProject
Global
	GlobalSection(SolutionConfigurationPlatforms) = preSolution
		Debug|Any CPU = Debug|Any CPU
		Debug|ARM = Debug|ARM
		Debug|x64 = Debug|x64
		Debug|x86 = Debug|x86
		Release|Any CPU = Release|Any CPU
		Release|ARM = Release|ARM
		Release|x64 = Release|x64
		Release|x86 = Release|x86
	EndGlobalSection
	GlobalSection(ProjectConfigurationPlatforms) = postSolution
		{9490B719-829E-43A7-A5FE-8001F8A81759}.Debug|Any CPU.ActiveCfg = Debug|Any CPU
		{9490B719-829E-43A7-A5FE-8001F8A81759}.Debug|Any CPU.Build.0 = Debug|Any CPU
		{9490B719-829E-43A7-A5FE-8001F8A81759}.Debug|ARM.ActiveCfg = Debug|Any CPU
		{9490B719-829E-43A7-A5FE-8001F8A81759}.Debug|x64.ActiveCfg = Debug|Any CPU
		{9490B719-829E-43A7-A5FE-8001F8A81759}.Debug|x86.ActiveCfg = Debug|Any CPU
		{9490B719-829E-43A7-A5FE-8001F8A81759}.Debug|x86.Build.0 = Debug|Any CPU
		{9490B719-829E-43A7-A5FE-8001F8A81759}.Release|Any CPU.ActiveCfg = Release|Any CPU
		{9490B719-829E-43A7-A5FE-8001F8A81759}.Release|Any CPU.Build.0 = Release|Any CPU
		{9490B719-829E-43A7-A5FE-8001F8A81759}.Release|ARM.ActiveCfg = Release|Any CPU
		{9490B719-829E-43A7-A5FE-8001F8A81759}.Release|x64.ActiveCfg = Release|Any CPU
		{9490B719-829E-43A7-A5FE-8001F8A81759}.Release|x86.ActiveCfg = Release|Any CPU
		{935D67A0-931E-46DE-9F6A-2D6DBC99AFF3}.Debug|Any CPU.ActiveCfg = Debug|Any CPU
		{935D67A0-931E-46DE-9F6A-2D6DBC99AFF3}.Debug|Any CPU.Build.0 = Debug|Any CPU
		{935D67A0-931E-46DE-9F6A-2D6DBC99AFF3}.Debug|ARM.ActiveCfg = Debug|Any CPU
		{935D67A0-931E-46DE-9F6A-2D6DBC99AFF3}.Debug|x64.ActiveCfg = Debug|x64
		{935D67A0-931E-46DE-9F6A-2D6DBC99AFF3}.Debug|x64.Build.0 = Debug|x64
		{935D67A0-931E-46DE-9F6A-2D6DBC99AFF3}.Debug|x86.ActiveCfg = Debug|x86
		{935D67A0-931E-46DE-9F6A-2D6DBC99AFF3}.Debug|x86.Build.0 = Debug|x86
		{935D67A0-931E-46DE-9F6A-2D6DBC99AFF3}.Release|Any CPU.ActiveCfg = Release|Any CPU
		{935D67A0-931E-46DE-9F6A-2D6DBC99AFF3}.Release|Any CPU.Build.0 = Release|Any CPU
		{935D67A0-931E-46DE-9F6A-2D6DBC99AFF3}.Release|ARM.ActiveCfg = Release|Any CPU
		{935D67A0-931E-46DE-9F6A-2D6DBC99AFF3}.Release|x64.ActiveCfg = Release|x64
		{935D67A0-931E-46DE-9F6A-2D6DBC99AFF3}.Release|x64.Build.0 = Release|x64
		{935D67A0-931E-46DE-9F6A-2D6DBC99AFF3}.Release|x86.ActiveCfg = Release|x86
		{935D67A0-931E-46DE-9F6A-2D6DBC99AFF3}.Release|x86.Build.0 = Release|x86
		{94734E5A-0344-43E8-BB30-E32E3F57F611}.Debug|Any CPU.ActiveCfg = Debug|Any CPU
		{94734E5A-0344-43E8-BB30-E32E3F57F611}.Debug|Any CPU.Build.0 = Debug|Any CPU
		{94734E5A-0344-43E8-BB30-E32E3F57F611}.Debug|ARM.ActiveCfg = Debug|Any CPU
		{94734E5A-0344-43E8-BB30-E32E3F57F611}.Debug|x64.ActiveCfg = Debug|x64
		{94734E5A-0344-43E8-BB30-E32E3F57F611}.Debug|x64.Build.0 = Debug|x64
		{94734E5A-0344-43E8-BB30-E32E3F57F611}.Debug|x86.ActiveCfg = Debug|x86
		{94734E5A-0344-43E8-BB30-E32E3F57F611}.Debug|x86.Build.0 = Debug|x86
		{94734E5A-0344-43E8-BB30-E32E3F57F611}.Release|Any CPU.ActiveCfg = Release|Any CPU
		{94734E5A-0344-43E8-BB30-E32E3F57F611}.Release|Any CPU.Build.0 = Release|Any CPU
		{94734E5A-0344-43E8-BB30-E32E3F57F611}.Release|ARM.ActiveCfg = Release|Any CPU
		{94734E5A-0344-43E8-BB30-E32E3F57F611}.Release|x64.ActiveCfg = Release|x64
		{94734E5A-0344-43E8-BB30-E32E3F57F611}.Release|x64.Build.0 = Release|x64
		{94734E5A-0344-43E8-BB30-E32E3F57F611}.Release|x86.ActiveCfg = Release|x86
		{94734E5A-0344-43E8-BB30-E32E3F57F611}.Release|x86.Build.0 = Release|x86
		{3AAA6832-55D7-47A9-AF95-9393792ECB2C}.Debug|Any CPU.ActiveCfg = Debug|Any CPU
		{3AAA6832-55D7-47A9-AF95-9393792ECB2C}.Debug|Any CPU.Build.0 = Debug|Any CPU
		{3AAA6832-55D7-47A9-AF95-9393792ECB2C}.Debug|ARM.ActiveCfg = Debug|Any CPU
		{3AAA6832-55D7-47A9-AF95-9393792ECB2C}.Debug|x64.ActiveCfg = Debug|Any CPU
		{3AAA6832-55D7-47A9-AF95-9393792ECB2C}.Debug|x86.ActiveCfg = Debug|Any CPU
		{3AAA6832-55D7-47A9-AF95-9393792ECB2C}.Release|Any CPU.ActiveCfg = Release|Any CPU
		{3AAA6832-55D7-47A9-AF95-9393792ECB2C}.Release|Any CPU.Build.0 = Release|Any CPU
		{3AAA6832-55D7-47A9-AF95-9393792ECB2C}.Release|ARM.ActiveCfg = Release|Any CPU
		{3AAA6832-55D7-47A9-AF95-9393792ECB2C}.Release|x64.ActiveCfg = Release|Any CPU
		{3AAA6832-55D7-47A9-AF95-9393792ECB2C}.Release|x86.ActiveCfg = Release|Any CPU
		{F22ADCCC-7991-4F52-B2D0-697D60121BB3}.Debug|Any CPU.ActiveCfg = Debug|Any CPU
		{F22ADCCC-7991-4F52-B2D0-697D60121BB3}.Debug|Any CPU.Build.0 = Debug|Any CPU
		{F22ADCCC-7991-4F52-B2D0-697D60121BB3}.Debug|ARM.ActiveCfg = Debug|Any CPU
		{F22ADCCC-7991-4F52-B2D0-697D60121BB3}.Debug|x64.ActiveCfg = Debug|x64
		{F22ADCCC-7991-4F52-B2D0-697D60121BB3}.Debug|x64.Build.0 = Debug|x64
		{F22ADCCC-7991-4F52-B2D0-697D60121BB3}.Debug|x86.ActiveCfg = Debug|x86
		{F22ADCCC-7991-4F52-B2D0-697D60121BB3}.Debug|x86.Build.0 = Debug|x86
		{F22ADCCC-7991-4F52-B2D0-697D60121BB3}.Release|Any CPU.ActiveCfg = Release|Any CPU
		{F22ADCCC-7991-4F52-B2D0-697D60121BB3}.Release|Any CPU.Build.0 = Release|Any CPU
		{F22ADCCC-7991-4F52-B2D0-697D60121BB3}.Release|ARM.ActiveCfg = Release|Any CPU
		{F22ADCCC-7991-4F52-B2D0-697D60121BB3}.Release|x64.ActiveCfg = Release|x64
		{F22ADCCC-7991-4F52-B2D0-697D60121BB3}.Release|x64.Build.0 = Release|x64
		{F22ADCCC-7991-4F52-B2D0-697D60121BB3}.Release|x86.ActiveCfg = Release|x86
		{F22ADCCC-7991-4F52-B2D0-697D60121BB3}.Release|x86.Build.0 = Release|x86
	EndGlobalSection
	GlobalSection(SolutionProperties) = preSolution
		HideSolutionNode = FALSE
	EndGlobalSection
	GlobalSection(NestedProjects) = preSolution
		{935D67A0-931E-46DE-9F6A-2D6DBC99AFF3} = {D499A339-7F4C-4AF5-87E5-BE06021B3C8B}
		{94734E5A-0344-43E8-BB30-E32E3F57F611} = {D499A339-7F4C-4AF5-87E5-BE06021B3C8B}
	EndGlobalSection
EndGlobal
