
Microsoft Visual Studio Solution File, Format Version 12.00
# Visual Studio Version 16
VisualStudioVersion = 16.0.30204.135
MinimumVisualStudioVersion = 10.0.40219.1
Project("{9A19103F-16F7-4668-BE54-9A1E7A4F7556}") = "AgateLib", "src\AgateLib\AgateLib.csproj", "{30D1A19E-7DF1-494F-99EA-77AB764693D5}"
EndProject
Project("{D954291E-2A0B-460D-934E-DC6B0785DB48}") = "AgateLib.Platform", "src\AgateLib.Platform\AgateLib.Platform.shproj", "{477272D0-E4C7-44C2-80FA-773A2A364017}"
EndProject
Project("{9A19103F-16F7-4668-BE54-9A1E7A4F7556}") = "AgateLib.Physics", "src\AgateLib.Physics\AgateLib.Physics.csproj", "{A5AF5511-078E-4BAB-9553-340AA2B5B342}"
EndProject
Project("{2150E333-8FDC-42A3-9474-1A3956D46DE8}") = "Tests", "Tests", "{DD17D2DA-4B9F-41B4-89A9-5909CF580CED}"
EndProject
Project("{9A19103F-16F7-4668-BE54-9A1E7A4F7556}") = "AgateLib.TestFramework", "src\AgateLib.TestFramework\AgateLib.TestFramework.csproj", "{B3093E61-6700-40C7-9C78-4D72AD907DBF}"
EndProject
Project("{9A19103F-16F7-4668-BE54-9A1E7A4F7556}") = "AgateLib.Autofac", "src\AgateLib.Autofac\AgateLib.Autofac.csproj", "{75372BB4-35B2-40C6-B6D8-87F4D5DE4CFE}"
EndProject
Project("{9A19103F-16F7-4668-BE54-9A1E7A4F7556}") = "AgateLib.Demo", "tests\AgateLib.Demo\AgateLib.Demo.csproj", "{8A25A710-9AB7-4B1A-B0CA-61E646EFF7C4}"
EndProject
Project("{9A19103F-16F7-4668-BE54-9A1E7A4F7556}") = "AgateLib.UnitTests", "tests\AgateLib.UnitTests\AgateLib.UnitTests.csproj", "{E7DA0A34-53B8-4122-B048-175104871196}"
EndProject
Project("{D954291E-2A0B-460D-934E-DC6B0785DB48}") = "AgateLib.Fonts.Defaults", "themes\AgateLib.Fonts.Defaults\AgateLib.Fonts.Defaults.shproj", "{4157EE7F-E579-4F32-9CE3-B74BC6C6FC21}"
EndProject
Project("{2150E333-8FDC-42A3-9474-1A3956D46DE8}") = "Platforms", "Platforms", "{D1050F49-F4CD-487E-8F54-1333051A4E18}"
EndProject
Project("{2150E333-8FDC-42A3-9474-1A3956D46DE8}") = "Demos", "Demos", "{C2C22AD6-CF76-4B4E-8F94-22123D000BF8}"
EndProject
Project("{D954291E-2A0B-460D-934E-DC6B0785DB48}") = "AgateLib.Themes.Papyrus", "AgateLib.Themes.Papyrus\AgateLib.Themes.Papyrus.shproj", "{CC61A6C7-6EB1-4646-940D-45F85CFBC4A6}"
EndProject
Global
	GlobalSection(SharedMSBuildProjectFiles) = preSolution
		themes\AgateLib.Fonts.Defaults\AgateLib.Fonts.Defaults.projitems*{4157ee7f-e579-4f32-9ce3-b74bc6c6fc21}*SharedItemsImports = 13
		src\AgateLib.Platform\AgateLib.Platform.projitems*{477272d0-e4c7-44c2-80fa-773a2a364017}*SharedItemsImports = 13
		AgateLib.Themes.Papyrus\AgateLib.Themes.Papyrus.projitems*{8a25a710-9ab7-4b1a-b0ca-61e646eff7c4}*SharedItemsImports = 5
		src\AgateLib.Platform\AgateLib.Platform.projitems*{8a25a710-9ab7-4b1a-b0ca-61e646eff7c4}*SharedItemsImports = 5
		themes\AgateLib.Fonts.Defaults\AgateLib.Fonts.Defaults.projitems*{8a25a710-9ab7-4b1a-b0ca-61e646eff7c4}*SharedItemsImports = 5
		AgateLib.Themes.Papyrus\AgateLib.Themes.Papyrus.projitems*{cc61a6c7-6eb1-4646-940d-45f85cfbc4a6}*SharedItemsImports = 13
	EndGlobalSection
	GlobalSection(SolutionConfigurationPlatforms) = preSolution
		Debug|Any CPU = Debug|Any CPU
		Debug|x64 = Debug|x64
		Debug|x86 = Debug|x86
		Info|Any CPU = Info|Any CPU
		Info|x64 = Info|x64
		Info|x86 = Info|x86
		Performance|Any CPU = Performance|Any CPU
		Performance|x64 = Performance|x64
		Performance|x86 = Performance|x86
		Release_DesktopGL|Any CPU = Release_DesktopGL|Any CPU
		Release_DesktopGL|x64 = Release_DesktopGL|x64
		Release_DesktopGL|x86 = Release_DesktopGL|x86
		Release_Test|Any CPU = Release_Test|Any CPU
		Release_Test|x64 = Release_Test|x64
		Release_Test|x86 = Release_Test|x86
		Release_WindowsDX|Any CPU = Release_WindowsDX|Any CPU
		Release_WindowsDX|x64 = Release_WindowsDX|x64
		Release_WindowsDX|x86 = Release_WindowsDX|x86
		Release|Any CPU = Release|Any CPU
		Release|x64 = Release|x64
		Release|x86 = Release|x86
		Test|Any CPU = Test|Any CPU
		Test|x64 = Test|x64
		Test|x86 = Test|x86
	EndGlobalSection
	GlobalSection(ProjectConfigurationPlatforms) = postSolution
		{30D1A19E-7DF1-494F-99EA-77AB764693D5}.Debug|Any CPU.ActiveCfg = Debug|Any CPU
		{30D1A19E-7DF1-494F-99EA-77AB764693D5}.Debug|Any CPU.Build.0 = Debug|Any CPU
		{30D1A19E-7DF1-494F-99EA-77AB764693D5}.Debug|x64.ActiveCfg = Debug|Any CPU
		{30D1A19E-7DF1-494F-99EA-77AB764693D5}.Debug|x64.Build.0 = Debug|Any CPU
		{30D1A19E-7DF1-494F-99EA-77AB764693D5}.Debug|x86.ActiveCfg = Debug|Any CPU
		{30D1A19E-7DF1-494F-99EA-77AB764693D5}.Debug|x86.Build.0 = Debug|Any CPU
		{30D1A19E-7DF1-494F-99EA-77AB764693D5}.Info|Any CPU.ActiveCfg = Release|Any CPU
		{30D1A19E-7DF1-494F-99EA-77AB764693D5}.Info|Any CPU.Build.0 = Release|Any CPU
		{30D1A19E-7DF1-494F-99EA-77AB764693D5}.Info|x64.ActiveCfg = Release|Any CPU
		{30D1A19E-7DF1-494F-99EA-77AB764693D5}.Info|x64.Build.0 = Release|Any CPU
		{30D1A19E-7DF1-494F-99EA-77AB764693D5}.Info|x86.ActiveCfg = Release|Any CPU
		{30D1A19E-7DF1-494F-99EA-77AB764693D5}.Info|x86.Build.0 = Release|Any CPU
		{30D1A19E-7DF1-494F-99EA-77AB764693D5}.Performance|Any CPU.ActiveCfg = Release|Any CPU
		{30D1A19E-7DF1-494F-99EA-77AB764693D5}.Performance|Any CPU.Build.0 = Release|Any CPU
		{30D1A19E-7DF1-494F-99EA-77AB764693D5}.Performance|x64.ActiveCfg = Release|Any CPU
		{30D1A19E-7DF1-494F-99EA-77AB764693D5}.Performance|x64.Build.0 = Release|Any CPU
		{30D1A19E-7DF1-494F-99EA-77AB764693D5}.Performance|x86.ActiveCfg = Release|Any CPU
		{30D1A19E-7DF1-494F-99EA-77AB764693D5}.Performance|x86.Build.0 = Release|Any CPU
		{30D1A19E-7DF1-494F-99EA-77AB764693D5}.Release_DesktopGL|Any CPU.ActiveCfg = Release_DesktopGL|Any CPU
		{30D1A19E-7DF1-494F-99EA-77AB764693D5}.Release_DesktopGL|Any CPU.Build.0 = Release_DesktopGL|Any CPU
		{30D1A19E-7DF1-494F-99EA-77AB764693D5}.Release_DesktopGL|x64.ActiveCfg = Release_DesktopGL|Any CPU
		{30D1A19E-7DF1-494F-99EA-77AB764693D5}.Release_DesktopGL|x64.Build.0 = Release_DesktopGL|Any CPU
		{30D1A19E-7DF1-494F-99EA-77AB764693D5}.Release_DesktopGL|x86.ActiveCfg = Release_DesktopGL|Any CPU
		{30D1A19E-7DF1-494F-99EA-77AB764693D5}.Release_DesktopGL|x86.Build.0 = Release_DesktopGL|Any CPU
		{30D1A19E-7DF1-494F-99EA-77AB764693D5}.Release_Test|Any CPU.ActiveCfg = Release_Test|Any CPU
		{30D1A19E-7DF1-494F-99EA-77AB764693D5}.Release_Test|Any CPU.Build.0 = Release_Test|Any CPU
		{30D1A19E-7DF1-494F-99EA-77AB764693D5}.Release_Test|x64.ActiveCfg = Release_Test|Any CPU
		{30D1A19E-7DF1-494F-99EA-77AB764693D5}.Release_Test|x64.Build.0 = Release_Test|Any CPU
		{30D1A19E-7DF1-494F-99EA-77AB764693D5}.Release_Test|x86.ActiveCfg = Release_Test|Any CPU
		{30D1A19E-7DF1-494F-99EA-77AB764693D5}.Release_Test|x86.Build.0 = Release_Test|Any CPU
		{30D1A19E-7DF1-494F-99EA-77AB764693D5}.Release_WindowsDX|Any CPU.ActiveCfg = Release_WindowsDX|Any CPU
		{30D1A19E-7DF1-494F-99EA-77AB764693D5}.Release_WindowsDX|Any CPU.Build.0 = Release_WindowsDX|Any CPU
		{30D1A19E-7DF1-494F-99EA-77AB764693D5}.Release_WindowsDX|x64.ActiveCfg = Release_WindowsDX|Any CPU
		{30D1A19E-7DF1-494F-99EA-77AB764693D5}.Release_WindowsDX|x64.Build.0 = Release_WindowsDX|Any CPU
		{30D1A19E-7DF1-494F-99EA-77AB764693D5}.Release_WindowsDX|x86.ActiveCfg = Release_WindowsDX|Any CPU
		{30D1A19E-7DF1-494F-99EA-77AB764693D5}.Release_WindowsDX|x86.Build.0 = Release_WindowsDX|Any CPU
		{30D1A19E-7DF1-494F-99EA-77AB764693D5}.Release|Any CPU.ActiveCfg = Release|Any CPU
		{30D1A19E-7DF1-494F-99EA-77AB764693D5}.Release|Any CPU.Build.0 = Release|Any CPU
		{30D1A19E-7DF1-494F-99EA-77AB764693D5}.Release|x64.ActiveCfg = Release|Any CPU
		{30D1A19E-7DF1-494F-99EA-77AB764693D5}.Release|x64.Build.0 = Release|Any CPU
		{30D1A19E-7DF1-494F-99EA-77AB764693D5}.Release|x86.ActiveCfg = Release|Any CPU
		{30D1A19E-7DF1-494F-99EA-77AB764693D5}.Release|x86.Build.0 = Release|Any CPU
		{30D1A19E-7DF1-494F-99EA-77AB764693D5}.Test|Any CPU.ActiveCfg = Test|Any CPU
		{30D1A19E-7DF1-494F-99EA-77AB764693D5}.Test|Any CPU.Build.0 = Test|Any CPU
		{30D1A19E-7DF1-494F-99EA-77AB764693D5}.Test|x64.ActiveCfg = Test|Any CPU
		{30D1A19E-7DF1-494F-99EA-77AB764693D5}.Test|x64.Build.0 = Test|Any CPU
		{30D1A19E-7DF1-494F-99EA-77AB764693D5}.Test|x86.ActiveCfg = Test|Any CPU
		{30D1A19E-7DF1-494F-99EA-77AB764693D5}.Test|x86.Build.0 = Test|Any CPU
		{A5AF5511-078E-4BAB-9553-340AA2B5B342}.Debug|Any CPU.ActiveCfg = Debug|Any CPU
		{A5AF5511-078E-4BAB-9553-340AA2B5B342}.Debug|Any CPU.Build.0 = Debug|Any CPU
		{A5AF5511-078E-4BAB-9553-340AA2B5B342}.Debug|x64.ActiveCfg = Debug|Any CPU
		{A5AF5511-078E-4BAB-9553-340AA2B5B342}.Debug|x64.Build.0 = Debug|Any CPU
		{A5AF5511-078E-4BAB-9553-340AA2B5B342}.Debug|x86.ActiveCfg = Debug|Any CPU
		{A5AF5511-078E-4BAB-9553-340AA2B5B342}.Debug|x86.Build.0 = Debug|Any CPU
		{A5AF5511-078E-4BAB-9553-340AA2B5B342}.Info|Any CPU.ActiveCfg = Debug|Any CPU
		{A5AF5511-078E-4BAB-9553-340AA2B5B342}.Info|Any CPU.Build.0 = Debug|Any CPU
		{A5AF5511-078E-4BAB-9553-340AA2B5B342}.Info|x64.ActiveCfg = Debug|Any CPU
		{A5AF5511-078E-4BAB-9553-340AA2B5B342}.Info|x64.Build.0 = Debug|Any CPU
		{A5AF5511-078E-4BAB-9553-340AA2B5B342}.Info|x86.ActiveCfg = Debug|Any CPU
		{A5AF5511-078E-4BAB-9553-340AA2B5B342}.Info|x86.Build.0 = Debug|Any CPU
		{A5AF5511-078E-4BAB-9553-340AA2B5B342}.Performance|Any CPU.ActiveCfg = Debug|Any CPU
		{A5AF5511-078E-4BAB-9553-340AA2B5B342}.Performance|Any CPU.Build.0 = Debug|Any CPU
		{A5AF5511-078E-4BAB-9553-340AA2B5B342}.Performance|x64.ActiveCfg = Debug|Any CPU
		{A5AF5511-078E-4BAB-9553-340AA2B5B342}.Performance|x64.Build.0 = Debug|Any CPU
		{A5AF5511-078E-4BAB-9553-340AA2B5B342}.Performance|x86.ActiveCfg = Debug|Any CPU
		{A5AF5511-078E-4BAB-9553-340AA2B5B342}.Performance|x86.Build.0 = Debug|Any CPU
		{A5AF5511-078E-4BAB-9553-340AA2B5B342}.Release_DesktopGL|Any CPU.ActiveCfg = Release_DesktopGL|Any CPU
		{A5AF5511-078E-4BAB-9553-340AA2B5B342}.Release_DesktopGL|Any CPU.Build.0 = Release_DesktopGL|Any CPU
		{A5AF5511-078E-4BAB-9553-340AA2B5B342}.Release_DesktopGL|x64.ActiveCfg = Release_DesktopGL|Any CPU
		{A5AF5511-078E-4BAB-9553-340AA2B5B342}.Release_DesktopGL|x64.Build.0 = Release_DesktopGL|Any CPU
		{A5AF5511-078E-4BAB-9553-340AA2B5B342}.Release_DesktopGL|x86.ActiveCfg = Release_DesktopGL|Any CPU
		{A5AF5511-078E-4BAB-9553-340AA2B5B342}.Release_DesktopGL|x86.Build.0 = Release_DesktopGL|Any CPU
		{A5AF5511-078E-4BAB-9553-340AA2B5B342}.Release_Test|Any CPU.ActiveCfg = Release_Test|Any CPU
		{A5AF5511-078E-4BAB-9553-340AA2B5B342}.Release_Test|Any CPU.Build.0 = Release_Test|Any CPU
		{A5AF5511-078E-4BAB-9553-340AA2B5B342}.Release_Test|x64.ActiveCfg = Release_Test|Any CPU
		{A5AF5511-078E-4BAB-9553-340AA2B5B342}.Release_Test|x64.Build.0 = Release_Test|Any CPU
		{A5AF5511-078E-4BAB-9553-340AA2B5B342}.Release_Test|x86.ActiveCfg = Release_Test|Any CPU
		{A5AF5511-078E-4BAB-9553-340AA2B5B342}.Release_Test|x86.Build.0 = Release_Test|Any CPU
		{A5AF5511-078E-4BAB-9553-340AA2B5B342}.Release_WindowsDX|Any CPU.ActiveCfg = Release_WindowsDX|Any CPU
		{A5AF5511-078E-4BAB-9553-340AA2B5B342}.Release_WindowsDX|Any CPU.Build.0 = Release_WindowsDX|Any CPU
		{A5AF5511-078E-4BAB-9553-340AA2B5B342}.Release_WindowsDX|x64.ActiveCfg = Release_WindowsDX|Any CPU
		{A5AF5511-078E-4BAB-9553-340AA2B5B342}.Release_WindowsDX|x64.Build.0 = Release_WindowsDX|Any CPU
		{A5AF5511-078E-4BAB-9553-340AA2B5B342}.Release_WindowsDX|x86.ActiveCfg = Release_WindowsDX|Any CPU
		{A5AF5511-078E-4BAB-9553-340AA2B5B342}.Release_WindowsDX|x86.Build.0 = Release_WindowsDX|Any CPU
		{A5AF5511-078E-4BAB-9553-340AA2B5B342}.Release|Any CPU.ActiveCfg = Release|Any CPU
		{A5AF5511-078E-4BAB-9553-340AA2B5B342}.Release|Any CPU.Build.0 = Release|Any CPU
		{A5AF5511-078E-4BAB-9553-340AA2B5B342}.Release|x64.ActiveCfg = Release|Any CPU
		{A5AF5511-078E-4BAB-9553-340AA2B5B342}.Release|x64.Build.0 = Release|Any CPU
		{A5AF5511-078E-4BAB-9553-340AA2B5B342}.Release|x86.ActiveCfg = Release|Any CPU
		{A5AF5511-078E-4BAB-9553-340AA2B5B342}.Release|x86.Build.0 = Release|Any CPU
		{A5AF5511-078E-4BAB-9553-340AA2B5B342}.Test|Any CPU.ActiveCfg = Test|Any CPU
		{A5AF5511-078E-4BAB-9553-340AA2B5B342}.Test|Any CPU.Build.0 = Test|Any CPU
		{A5AF5511-078E-4BAB-9553-340AA2B5B342}.Test|x64.ActiveCfg = Test|Any CPU
		{A5AF5511-078E-4BAB-9553-340AA2B5B342}.Test|x64.Build.0 = Test|Any CPU
		{A5AF5511-078E-4BAB-9553-340AA2B5B342}.Test|x86.ActiveCfg = Test|Any CPU
		{A5AF5511-078E-4BAB-9553-340AA2B5B342}.Test|x86.Build.0 = Test|Any CPU
		{B3093E61-6700-40C7-9C78-4D72AD907DBF}.Debug|Any CPU.ActiveCfg = Debug|Any CPU
		{B3093E61-6700-40C7-9C78-4D72AD907DBF}.Debug|Any CPU.Build.0 = Debug|Any CPU
		{B3093E61-6700-40C7-9C78-4D72AD907DBF}.Debug|x64.ActiveCfg = Debug|Any CPU
		{B3093E61-6700-40C7-9C78-4D72AD907DBF}.Debug|x64.Build.0 = Debug|Any CPU
		{B3093E61-6700-40C7-9C78-4D72AD907DBF}.Debug|x86.ActiveCfg = Debug|Any CPU
		{B3093E61-6700-40C7-9C78-4D72AD907DBF}.Debug|x86.Build.0 = Debug|Any CPU
		{B3093E61-6700-40C7-9C78-4D72AD907DBF}.Info|Any CPU.ActiveCfg = Debug|Any CPU
		{B3093E61-6700-40C7-9C78-4D72AD907DBF}.Info|Any CPU.Build.0 = Debug|Any CPU
		{B3093E61-6700-40C7-9C78-4D72AD907DBF}.Info|x64.ActiveCfg = Debug|Any CPU
		{B3093E61-6700-40C7-9C78-4D72AD907DBF}.Info|x64.Build.0 = Debug|Any CPU
		{B3093E61-6700-40C7-9C78-4D72AD907DBF}.Info|x86.ActiveCfg = Debug|Any CPU
		{B3093E61-6700-40C7-9C78-4D72AD907DBF}.Info|x86.Build.0 = Debug|Any CPU
		{B3093E61-6700-40C7-9C78-4D72AD907DBF}.Performance|Any CPU.ActiveCfg = Debug|Any CPU
		{B3093E61-6700-40C7-9C78-4D72AD907DBF}.Performance|Any CPU.Build.0 = Debug|Any CPU
		{B3093E61-6700-40C7-9C78-4D72AD907DBF}.Performance|x64.ActiveCfg = Debug|Any CPU
		{B3093E61-6700-40C7-9C78-4D72AD907DBF}.Performance|x64.Build.0 = Debug|Any CPU
		{B3093E61-6700-40C7-9C78-4D72AD907DBF}.Performance|x86.ActiveCfg = Debug|Any CPU
		{B3093E61-6700-40C7-9C78-4D72AD907DBF}.Performance|x86.Build.0 = Debug|Any CPU
		{B3093E61-6700-40C7-9C78-4D72AD907DBF}.Release_DesktopGL|Any CPU.ActiveCfg = Release_DesktopGL|Any CPU
		{B3093E61-6700-40C7-9C78-4D72AD907DBF}.Release_DesktopGL|Any CPU.Build.0 = Release_DesktopGL|Any CPU
		{B3093E61-6700-40C7-9C78-4D72AD907DBF}.Release_DesktopGL|x64.ActiveCfg = Release_DesktopGL|Any CPU
		{B3093E61-6700-40C7-9C78-4D72AD907DBF}.Release_DesktopGL|x64.Build.0 = Release_DesktopGL|Any CPU
		{B3093E61-6700-40C7-9C78-4D72AD907DBF}.Release_DesktopGL|x86.ActiveCfg = Release_DesktopGL|Any CPU
		{B3093E61-6700-40C7-9C78-4D72AD907DBF}.Release_DesktopGL|x86.Build.0 = Release_DesktopGL|Any CPU
		{B3093E61-6700-40C7-9C78-4D72AD907DBF}.Release_Test|Any CPU.ActiveCfg = Release_Test|Any CPU
		{B3093E61-6700-40C7-9C78-4D72AD907DBF}.Release_Test|Any CPU.Build.0 = Release_Test|Any CPU
		{B3093E61-6700-40C7-9C78-4D72AD907DBF}.Release_Test|x64.ActiveCfg = Release_Test|Any CPU
		{B3093E61-6700-40C7-9C78-4D72AD907DBF}.Release_Test|x64.Build.0 = Release_Test|Any CPU
		{B3093E61-6700-40C7-9C78-4D72AD907DBF}.Release_Test|x86.ActiveCfg = Release_Test|Any CPU
		{B3093E61-6700-40C7-9C78-4D72AD907DBF}.Release_Test|x86.Build.0 = Release_Test|Any CPU
		{B3093E61-6700-40C7-9C78-4D72AD907DBF}.Release_WindowsDX|Any CPU.ActiveCfg = Release_WindowsDX|Any CPU
		{B3093E61-6700-40C7-9C78-4D72AD907DBF}.Release_WindowsDX|Any CPU.Build.0 = Release_WindowsDX|Any CPU
		{B3093E61-6700-40C7-9C78-4D72AD907DBF}.Release_WindowsDX|x64.ActiveCfg = Release_WindowsDX|Any CPU
		{B3093E61-6700-40C7-9C78-4D72AD907DBF}.Release_WindowsDX|x64.Build.0 = Release_WindowsDX|Any CPU
		{B3093E61-6700-40C7-9C78-4D72AD907DBF}.Release_WindowsDX|x86.ActiveCfg = Release_WindowsDX|Any CPU
		{B3093E61-6700-40C7-9C78-4D72AD907DBF}.Release_WindowsDX|x86.Build.0 = Release_WindowsDX|Any CPU
		{B3093E61-6700-40C7-9C78-4D72AD907DBF}.Release|Any CPU.ActiveCfg = Release|Any CPU
		{B3093E61-6700-40C7-9C78-4D72AD907DBF}.Release|Any CPU.Build.0 = Release|Any CPU
		{B3093E61-6700-40C7-9C78-4D72AD907DBF}.Release|x64.ActiveCfg = Release|Any CPU
		{B3093E61-6700-40C7-9C78-4D72AD907DBF}.Release|x64.Build.0 = Release|Any CPU
		{B3093E61-6700-40C7-9C78-4D72AD907DBF}.Release|x86.ActiveCfg = Release|Any CPU
		{B3093E61-6700-40C7-9C78-4D72AD907DBF}.Release|x86.Build.0 = Release|Any CPU
		{B3093E61-6700-40C7-9C78-4D72AD907DBF}.Test|Any CPU.ActiveCfg = Test|Any CPU
		{B3093E61-6700-40C7-9C78-4D72AD907DBF}.Test|Any CPU.Build.0 = Test|Any CPU
		{B3093E61-6700-40C7-9C78-4D72AD907DBF}.Test|x64.ActiveCfg = Test|Any CPU
		{B3093E61-6700-40C7-9C78-4D72AD907DBF}.Test|x64.Build.0 = Test|Any CPU
		{B3093E61-6700-40C7-9C78-4D72AD907DBF}.Test|x86.ActiveCfg = Test|Any CPU
		{B3093E61-6700-40C7-9C78-4D72AD907DBF}.Test|x86.Build.0 = Test|Any CPU
		{75372BB4-35B2-40C6-B6D8-87F4D5DE4CFE}.Debug|Any CPU.ActiveCfg = Debug|Any CPU
		{75372BB4-35B2-40C6-B6D8-87F4D5DE4CFE}.Debug|Any CPU.Build.0 = Debug|Any CPU
		{75372BB4-35B2-40C6-B6D8-87F4D5DE4CFE}.Debug|x64.ActiveCfg = Debug|Any CPU
		{75372BB4-35B2-40C6-B6D8-87F4D5DE4CFE}.Debug|x64.Build.0 = Debug|Any CPU
		{75372BB4-35B2-40C6-B6D8-87F4D5DE4CFE}.Debug|x86.ActiveCfg = Debug|Any CPU
		{75372BB4-35B2-40C6-B6D8-87F4D5DE4CFE}.Debug|x86.Build.0 = Debug|Any CPU
		{75372BB4-35B2-40C6-B6D8-87F4D5DE4CFE}.Info|Any CPU.ActiveCfg = Debug|Any CPU
		{75372BB4-35B2-40C6-B6D8-87F4D5DE4CFE}.Info|Any CPU.Build.0 = Debug|Any CPU
		{75372BB4-35B2-40C6-B6D8-87F4D5DE4CFE}.Info|x64.ActiveCfg = Debug|Any CPU
		{75372BB4-35B2-40C6-B6D8-87F4D5DE4CFE}.Info|x64.Build.0 = Debug|Any CPU
		{75372BB4-35B2-40C6-B6D8-87F4D5DE4CFE}.Info|x86.ActiveCfg = Debug|Any CPU
		{75372BB4-35B2-40C6-B6D8-87F4D5DE4CFE}.Info|x86.Build.0 = Debug|Any CPU
		{75372BB4-35B2-40C6-B6D8-87F4D5DE4CFE}.Performance|Any CPU.ActiveCfg = Debug|Any CPU
		{75372BB4-35B2-40C6-B6D8-87F4D5DE4CFE}.Performance|Any CPU.Build.0 = Debug|Any CPU
		{75372BB4-35B2-40C6-B6D8-87F4D5DE4CFE}.Performance|x64.ActiveCfg = Debug|Any CPU
		{75372BB4-35B2-40C6-B6D8-87F4D5DE4CFE}.Performance|x64.Build.0 = Debug|Any CPU
		{75372BB4-35B2-40C6-B6D8-87F4D5DE4CFE}.Performance|x86.ActiveCfg = Debug|Any CPU
		{75372BB4-35B2-40C6-B6D8-87F4D5DE4CFE}.Performance|x86.Build.0 = Debug|Any CPU
		{75372BB4-35B2-40C6-B6D8-87F4D5DE4CFE}.Release_DesktopGL|Any CPU.ActiveCfg = Release_DesktopGL|Any CPU
		{75372BB4-35B2-40C6-B6D8-87F4D5DE4CFE}.Release_DesktopGL|Any CPU.Build.0 = Release_DesktopGL|Any CPU
		{75372BB4-35B2-40C6-B6D8-87F4D5DE4CFE}.Release_DesktopGL|x64.ActiveCfg = Release_DesktopGL|Any CPU
		{75372BB4-35B2-40C6-B6D8-87F4D5DE4CFE}.Release_DesktopGL|x64.Build.0 = Release_DesktopGL|Any CPU
		{75372BB4-35B2-40C6-B6D8-87F4D5DE4CFE}.Release_DesktopGL|x86.ActiveCfg = Release_DesktopGL|Any CPU
		{75372BB4-35B2-40C6-B6D8-87F4D5DE4CFE}.Release_DesktopGL|x86.Build.0 = Release_DesktopGL|Any CPU
		{75372BB4-35B2-40C6-B6D8-87F4D5DE4CFE}.Release_Test|Any CPU.ActiveCfg = Release_Test|Any CPU
		{75372BB4-35B2-40C6-B6D8-87F4D5DE4CFE}.Release_Test|Any CPU.Build.0 = Release_Test|Any CPU
		{75372BB4-35B2-40C6-B6D8-87F4D5DE4CFE}.Release_Test|x64.ActiveCfg = Release_Test|Any CPU
		{75372BB4-35B2-40C6-B6D8-87F4D5DE4CFE}.Release_Test|x64.Build.0 = Release_Test|Any CPU
		{75372BB4-35B2-40C6-B6D8-87F4D5DE4CFE}.Release_Test|x86.ActiveCfg = Release_Test|Any CPU
		{75372BB4-35B2-40C6-B6D8-87F4D5DE4CFE}.Release_Test|x86.Build.0 = Release_Test|Any CPU
		{75372BB4-35B2-40C6-B6D8-87F4D5DE4CFE}.Release_WindowsDX|Any CPU.ActiveCfg = Release_WindowsDX|Any CPU
		{75372BB4-35B2-40C6-B6D8-87F4D5DE4CFE}.Release_WindowsDX|Any CPU.Build.0 = Release_WindowsDX|Any CPU
		{75372BB4-35B2-40C6-B6D8-87F4D5DE4CFE}.Release_WindowsDX|x64.ActiveCfg = Release_WindowsDX|Any CPU
		{75372BB4-35B2-40C6-B6D8-87F4D5DE4CFE}.Release_WindowsDX|x64.Build.0 = Release_WindowsDX|Any CPU
		{75372BB4-35B2-40C6-B6D8-87F4D5DE4CFE}.Release_WindowsDX|x86.ActiveCfg = Release_WindowsDX|Any CPU
		{75372BB4-35B2-40C6-B6D8-87F4D5DE4CFE}.Release_WindowsDX|x86.Build.0 = Release_WindowsDX|Any CPU
		{75372BB4-35B2-40C6-B6D8-87F4D5DE4CFE}.Release|Any CPU.ActiveCfg = Release|Any CPU
		{75372BB4-35B2-40C6-B6D8-87F4D5DE4CFE}.Release|Any CPU.Build.0 = Release|Any CPU
		{75372BB4-35B2-40C6-B6D8-87F4D5DE4CFE}.Release|x64.ActiveCfg = Release|Any CPU
		{75372BB4-35B2-40C6-B6D8-87F4D5DE4CFE}.Release|x64.Build.0 = Release|Any CPU
		{75372BB4-35B2-40C6-B6D8-87F4D5DE4CFE}.Release|x86.ActiveCfg = Release|Any CPU
		{75372BB4-35B2-40C6-B6D8-87F4D5DE4CFE}.Release|x86.Build.0 = Release|Any CPU
		{75372BB4-35B2-40C6-B6D8-87F4D5DE4CFE}.Test|Any CPU.ActiveCfg = Test|Any CPU
		{75372BB4-35B2-40C6-B6D8-87F4D5DE4CFE}.Test|Any CPU.Build.0 = Test|Any CPU
		{75372BB4-35B2-40C6-B6D8-87F4D5DE4CFE}.Test|x64.ActiveCfg = Test|Any CPU
		{75372BB4-35B2-40C6-B6D8-87F4D5DE4CFE}.Test|x64.Build.0 = Test|Any CPU
		{75372BB4-35B2-40C6-B6D8-87F4D5DE4CFE}.Test|x86.ActiveCfg = Test|Any CPU
		{75372BB4-35B2-40C6-B6D8-87F4D5DE4CFE}.Test|x86.Build.0 = Test|Any CPU
		{8A25A710-9AB7-4B1A-B0CA-61E646EFF7C4}.Debug|Any CPU.ActiveCfg = Debug|Any CPU
		{8A25A710-9AB7-4B1A-B0CA-61E646EFF7C4}.Debug|Any CPU.Build.0 = Debug|Any CPU
		{8A25A710-9AB7-4B1A-B0CA-61E646EFF7C4}.Debug|x64.ActiveCfg = Debug|Any CPU
		{8A25A710-9AB7-4B1A-B0CA-61E646EFF7C4}.Debug|x64.Build.0 = Debug|Any CPU
		{8A25A710-9AB7-4B1A-B0CA-61E646EFF7C4}.Debug|x86.ActiveCfg = Debug|Any CPU
		{8A25A710-9AB7-4B1A-B0CA-61E646EFF7C4}.Debug|x86.Build.0 = Debug|Any CPU
		{8A25A710-9AB7-4B1A-B0CA-61E646EFF7C4}.Info|Any CPU.ActiveCfg = Debug|Any CPU
		{8A25A710-9AB7-4B1A-B0CA-61E646EFF7C4}.Info|Any CPU.Build.0 = Debug|Any CPU
		{8A25A710-9AB7-4B1A-B0CA-61E646EFF7C4}.Info|x64.ActiveCfg = Debug|Any CPU
		{8A25A710-9AB7-4B1A-B0CA-61E646EFF7C4}.Info|x64.Build.0 = Debug|Any CPU
		{8A25A710-9AB7-4B1A-B0CA-61E646EFF7C4}.Info|x86.ActiveCfg = Debug|Any CPU
		{8A25A710-9AB7-4B1A-B0CA-61E646EFF7C4}.Info|x86.Build.0 = Debug|Any CPU
		{8A25A710-9AB7-4B1A-B0CA-61E646EFF7C4}.Performance|Any CPU.ActiveCfg = Debug|Any CPU
		{8A25A710-9AB7-4B1A-B0CA-61E646EFF7C4}.Performance|Any CPU.Build.0 = Debug|Any CPU
		{8A25A710-9AB7-4B1A-B0CA-61E646EFF7C4}.Performance|x64.ActiveCfg = Debug|Any CPU
		{8A25A710-9AB7-4B1A-B0CA-61E646EFF7C4}.Performance|x64.Build.0 = Debug|Any CPU
		{8A25A710-9AB7-4B1A-B0CA-61E646EFF7C4}.Performance|x86.ActiveCfg = Debug|Any CPU
		{8A25A710-9AB7-4B1A-B0CA-61E646EFF7C4}.Performance|x86.Build.0 = Debug|Any CPU
		{8A25A710-9AB7-4B1A-B0CA-61E646EFF7C4}.Release_DesktopGL|Any CPU.ActiveCfg = Release_DesktopGL|Any CPU
		{8A25A710-9AB7-4B1A-B0CA-61E646EFF7C4}.Release_DesktopGL|Any CPU.Build.0 = Release_DesktopGL|Any CPU
		{8A25A710-9AB7-4B1A-B0CA-61E646EFF7C4}.Release_DesktopGL|x64.ActiveCfg = Release_DesktopGL|Any CPU
		{8A25A710-9AB7-4B1A-B0CA-61E646EFF7C4}.Release_DesktopGL|x64.Build.0 = Release_DesktopGL|Any CPU
		{8A25A710-9AB7-4B1A-B0CA-61E646EFF7C4}.Release_DesktopGL|x86.ActiveCfg = Release_DesktopGL|Any CPU
		{8A25A710-9AB7-4B1A-B0CA-61E646EFF7C4}.Release_DesktopGL|x86.Build.0 = Release_DesktopGL|Any CPU
		{8A25A710-9AB7-4B1A-B0CA-61E646EFF7C4}.Release_Test|Any CPU.ActiveCfg = Release_Test|Any CPU
		{8A25A710-9AB7-4B1A-B0CA-61E646EFF7C4}.Release_Test|Any CPU.Build.0 = Release_Test|Any CPU
		{8A25A710-9AB7-4B1A-B0CA-61E646EFF7C4}.Release_Test|x64.ActiveCfg = Release_Test|Any CPU
		{8A25A710-9AB7-4B1A-B0CA-61E646EFF7C4}.Release_Test|x64.Build.0 = Release_Test|Any CPU
		{8A25A710-9AB7-4B1A-B0CA-61E646EFF7C4}.Release_Test|x86.ActiveCfg = Release_Test|Any CPU
		{8A25A710-9AB7-4B1A-B0CA-61E646EFF7C4}.Release_Test|x86.Build.0 = Release_Test|Any CPU
		{8A25A710-9AB7-4B1A-B0CA-61E646EFF7C4}.Release_WindowsDX|Any CPU.ActiveCfg = Release_WindowsDX|Any CPU
		{8A25A710-9AB7-4B1A-B0CA-61E646EFF7C4}.Release_WindowsDX|Any CPU.Build.0 = Release_WindowsDX|Any CPU
		{8A25A710-9AB7-4B1A-B0CA-61E646EFF7C4}.Release_WindowsDX|x64.ActiveCfg = Release_WindowsDX|Any CPU
		{8A25A710-9AB7-4B1A-B0CA-61E646EFF7C4}.Release_WindowsDX|x64.Build.0 = Release_WindowsDX|Any CPU
		{8A25A710-9AB7-4B1A-B0CA-61E646EFF7C4}.Release_WindowsDX|x86.ActiveCfg = Release_WindowsDX|Any CPU
		{8A25A710-9AB7-4B1A-B0CA-61E646EFF7C4}.Release_WindowsDX|x86.Build.0 = Release_WindowsDX|Any CPU
		{8A25A710-9AB7-4B1A-B0CA-61E646EFF7C4}.Release|Any CPU.ActiveCfg = Release|Any CPU
		{8A25A710-9AB7-4B1A-B0CA-61E646EFF7C4}.Release|Any CPU.Build.0 = Release|Any CPU
		{8A25A710-9AB7-4B1A-B0CA-61E646EFF7C4}.Release|x64.ActiveCfg = Release|Any CPU
		{8A25A710-9AB7-4B1A-B0CA-61E646EFF7C4}.Release|x64.Build.0 = Release|Any CPU
		{8A25A710-9AB7-4B1A-B0CA-61E646EFF7C4}.Release|x86.ActiveCfg = Release|Any CPU
		{8A25A710-9AB7-4B1A-B0CA-61E646EFF7C4}.Release|x86.Build.0 = Release|Any CPU
		{8A25A710-9AB7-4B1A-B0CA-61E646EFF7C4}.Test|Any CPU.ActiveCfg = Test|Any CPU
		{8A25A710-9AB7-4B1A-B0CA-61E646EFF7C4}.Test|Any CPU.Build.0 = Test|Any CPU
		{8A25A710-9AB7-4B1A-B0CA-61E646EFF7C4}.Test|x64.ActiveCfg = Test|Any CPU
		{8A25A710-9AB7-4B1A-B0CA-61E646EFF7C4}.Test|x64.Build.0 = Test|Any CPU
		{8A25A710-9AB7-4B1A-B0CA-61E646EFF7C4}.Test|x86.ActiveCfg = Test|Any CPU
		{8A25A710-9AB7-4B1A-B0CA-61E646EFF7C4}.Test|x86.Build.0 = Test|Any CPU
		{E7DA0A34-53B8-4122-B048-175104871196}.Debug|Any CPU.ActiveCfg = Debug|Any CPU
		{E7DA0A34-53B8-4122-B048-175104871196}.Debug|Any CPU.Build.0 = Debug|Any CPU
		{E7DA0A34-53B8-4122-B048-175104871196}.Debug|x64.ActiveCfg = Debug|Any CPU
		{E7DA0A34-53B8-4122-B048-175104871196}.Debug|x64.Build.0 = Debug|Any CPU
		{E7DA0A34-53B8-4122-B048-175104871196}.Debug|x86.ActiveCfg = Debug|Any CPU
		{E7DA0A34-53B8-4122-B048-175104871196}.Debug|x86.Build.0 = Debug|Any CPU
		{E7DA0A34-53B8-4122-B048-175104871196}.Info|Any CPU.ActiveCfg = Debug|Any CPU
		{E7DA0A34-53B8-4122-B048-175104871196}.Info|Any CPU.Build.0 = Debug|Any CPU
		{E7DA0A34-53B8-4122-B048-175104871196}.Info|x64.ActiveCfg = Debug|Any CPU
		{E7DA0A34-53B8-4122-B048-175104871196}.Info|x64.Build.0 = Debug|Any CPU
		{E7DA0A34-53B8-4122-B048-175104871196}.Info|x86.ActiveCfg = Debug|Any CPU
		{E7DA0A34-53B8-4122-B048-175104871196}.Info|x86.Build.0 = Debug|Any CPU
		{E7DA0A34-53B8-4122-B048-175104871196}.Performance|Any CPU.ActiveCfg = Debug|Any CPU
		{E7DA0A34-53B8-4122-B048-175104871196}.Performance|Any CPU.Build.0 = Debug|Any CPU
		{E7DA0A34-53B8-4122-B048-175104871196}.Performance|x64.ActiveCfg = Debug|Any CPU
		{E7DA0A34-53B8-4122-B048-175104871196}.Performance|x64.Build.0 = Debug|Any CPU
		{E7DA0A34-53B8-4122-B048-175104871196}.Performance|x86.ActiveCfg = Debug|Any CPU
		{E7DA0A34-53B8-4122-B048-175104871196}.Performance|x86.Build.0 = Debug|Any CPU
		{E7DA0A34-53B8-4122-B048-175104871196}.Release_DesktopGL|Any CPU.ActiveCfg = Release_DesktopGL|Any CPU
		{E7DA0A34-53B8-4122-B048-175104871196}.Release_DesktopGL|Any CPU.Build.0 = Release_DesktopGL|Any CPU
		{E7DA0A34-53B8-4122-B048-175104871196}.Release_DesktopGL|x64.ActiveCfg = Release_DesktopGL|Any CPU
		{E7DA0A34-53B8-4122-B048-175104871196}.Release_DesktopGL|x64.Build.0 = Release_DesktopGL|Any CPU
		{E7DA0A34-53B8-4122-B048-175104871196}.Release_DesktopGL|x86.ActiveCfg = Release_DesktopGL|Any CPU
		{E7DA0A34-53B8-4122-B048-175104871196}.Release_DesktopGL|x86.Build.0 = Release_DesktopGL|Any CPU
		{E7DA0A34-53B8-4122-B048-175104871196}.Release_Test|Any CPU.ActiveCfg = Release_Test|Any CPU
		{E7DA0A34-53B8-4122-B048-175104871196}.Release_Test|Any CPU.Build.0 = Release_Test|Any CPU
		{E7DA0A34-53B8-4122-B048-175104871196}.Release_Test|x64.ActiveCfg = Release_Test|Any CPU
		{E7DA0A34-53B8-4122-B048-175104871196}.Release_Test|x64.Build.0 = Release_Test|Any CPU
		{E7DA0A34-53B8-4122-B048-175104871196}.Release_Test|x86.ActiveCfg = Release_Test|Any CPU
		{E7DA0A34-53B8-4122-B048-175104871196}.Release_Test|x86.Build.0 = Release_Test|Any CPU
		{E7DA0A34-53B8-4122-B048-175104871196}.Release_WindowsDX|Any CPU.ActiveCfg = Release_WindowsDX|Any CPU
		{E7DA0A34-53B8-4122-B048-175104871196}.Release_WindowsDX|Any CPU.Build.0 = Release_WindowsDX|Any CPU
		{E7DA0A34-53B8-4122-B048-175104871196}.Release_WindowsDX|x64.ActiveCfg = Release_WindowsDX|Any CPU
		{E7DA0A34-53B8-4122-B048-175104871196}.Release_WindowsDX|x64.Build.0 = Release_WindowsDX|Any CPU
		{E7DA0A34-53B8-4122-B048-175104871196}.Release_WindowsDX|x86.ActiveCfg = Release_WindowsDX|Any CPU
		{E7DA0A34-53B8-4122-B048-175104871196}.Release_WindowsDX|x86.Build.0 = Release_WindowsDX|Any CPU
		{E7DA0A34-53B8-4122-B048-175104871196}.Release|Any CPU.ActiveCfg = Release|Any CPU
		{E7DA0A34-53B8-4122-B048-175104871196}.Release|Any CPU.Build.0 = Release|Any CPU
		{E7DA0A34-53B8-4122-B048-175104871196}.Release|x64.ActiveCfg = Release|Any CPU
		{E7DA0A34-53B8-4122-B048-175104871196}.Release|x64.Build.0 = Release|Any CPU
		{E7DA0A34-53B8-4122-B048-175104871196}.Release|x86.ActiveCfg = Release|Any CPU
		{E7DA0A34-53B8-4122-B048-175104871196}.Release|x86.Build.0 = Release|Any CPU
		{E7DA0A34-53B8-4122-B048-175104871196}.Test|Any CPU.ActiveCfg = Test|Any CPU
		{E7DA0A34-53B8-4122-B048-175104871196}.Test|Any CPU.Build.0 = Test|Any CPU
		{E7DA0A34-53B8-4122-B048-175104871196}.Test|x64.ActiveCfg = Test|Any CPU
		{E7DA0A34-53B8-4122-B048-175104871196}.Test|x64.Build.0 = Test|Any CPU
		{E7DA0A34-53B8-4122-B048-175104871196}.Test|x86.ActiveCfg = Test|Any CPU
		{E7DA0A34-53B8-4122-B048-175104871196}.Test|x86.Build.0 = Test|Any CPU
	EndGlobalSection
	GlobalSection(SolutionProperties) = preSolution
		HideSolutionNode = FALSE
	EndGlobalSection
	GlobalSection(NestedProjects) = preSolution
		{8A25A710-9AB7-4B1A-B0CA-61E646EFF7C4} = {C2C22AD6-CF76-4B4E-8F94-22123D000BF8}
		{E7DA0A34-53B8-4122-B048-175104871196} = {DD17D2DA-4B9F-41B4-89A9-5909CF580CED}
	EndGlobalSection
	GlobalSection(ExtensibilityGlobals) = postSolution
		SolutionGuid = {17776E2B-F86A-4028-A61D-C0208FF7163E}
	EndGlobalSection
EndGlobal
