
Microsoft Visual Studio Solution File, Format Version 12.00
# Visual Studio 14
VisualStudioVersion = 14.0.25420.1
MinimumVisualStudioVersion = 10.0.40219.1
Project("{FAE04EC0-301F-11D3-BF4B-00C04F79EFBC}") = "BallBuster.Net", "Examples\BallBuster.Net\BallBuster.Net.csproj", "{DD3CF4AA-02CC-4881-AFB1-6F10DFA1F8AF}"
EndProject
Project("{FAE04EC0-301F-11D3-BF4B-00C04F79EFBC}") = "ShootTheTraps", "Examples\ShootTheTraps\ShootTheTraps.csproj", "{50743D1B-A19E-42F1-842F-65FAD6D168C3}"
EndProject
Project("{FAE04EC0-301F-11D3-BF4B-00C04F79EFBC}") = "Pong", "Examples\Pong\Pong.csproj", "{436641C4-846C-42D0-8E8F-95F70E211D22}"
EndProject
Project("{FAE04EC0-301F-11D3-BF4B-00C04F79EFBC}") = "AgateLib", "AgateLib\AgateLib.csproj", "{9490B719-829E-43A7-A5FE-8001F8A81759}"
EndProject
Project("{FAE04EC0-301F-11D3-BF4B-00C04F79EFBC}") = "ExampleUnitTests", "Examples\ExampleUnitTests\ExampleUnitTests.csproj", "{8299274E-05DD-49E0-ACB8-70C2BBAC69D1}"
EndProject
Project("{FAE04EC0-301F-11D3-BF4B-00C04F79EFBC}") = "AgateLib.SDL", "AgateLib.AgateSDL\AgateLib.SDL.csproj", "{935D67A0-931E-46DE-9F6A-2D6DBC99AFF3}"
EndProject
Project("{FAE04EC0-301F-11D3-BF4B-00C04F79EFBC}") = "AgateLib.OpenGL", "AgateLib.OpenGL\AgateLib.OpenGL.csproj", "{94734E5A-0344-43E8-BB30-E32E3F57F611}"
EndProject
Project("{FAE04EC0-301F-11D3-BF4B-00C04F79EFBC}") = "AgateLib.Platform.WinForms", "AgateLib.Platform.WinForms\AgateLib.Platform.WinForms.csproj", "{4B12561E-D37B-48A1-B6DB-218E94906C22}"
EndProject
Project("{2150E333-8FDC-42A3-9474-1A3956D46DE8}") = "Agate", "Agate", "{206A9B6E-C560-4CA3-9730-04996E6A00F2}"
EndProject
Project("{2150E333-8FDC-42A3-9474-1A3956D46DE8}") = "Initialization", "Initialization", "{E5D7D5BF-74B5-407F-9DD5-4DF197620E8D}"
EndProject
Project("{FAE04EC0-301F-11D3-BF4B-00C04F79EFBC}") = "BasicInitialization", "Examples\Initialization\BasicInitialization\BasicInitialization.csproj", "{8A117B4C-393D-42E0-833E-FC9E420FEB10}"
EndProject
Project("{FAE04EC0-301F-11D3-BF4B-00C04F79EFBC}") = "WindowsFormsInitialization", "Examples\Initialization\WindowsFormsInitialization\WindowsFormsInitialization.csproj", "{67B22596-A0F6-48E2-B5D7-CCFF3C8EBEC3}"
EndProject
Project("{2150E333-8FDC-42A3-9474-1A3956D46DE8}") = "Solution Items", "Solution Items", "{475E07F2-961B-4DBC-8066-91BA4D987002}"
	ProjectSection(SolutionItems) = preProject
		Examples\example-list.json = Examples\example-list.json
	EndProjectSection
EndProject
Global
	GlobalSection(SolutionConfigurationPlatforms) = preSolution
		Debug|Any CPU = Debug|Any CPU
		Debug|x64 = Debug|x64
		Debug|x86 = Debug|x86
		Release|Any CPU = Release|Any CPU
		Release|x64 = Release|x64
		Release|x86 = Release|x86
	EndGlobalSection
	GlobalSection(ProjectConfigurationPlatforms) = postSolution
		{DD3CF4AA-02CC-4881-AFB1-6F10DFA1F8AF}.Debug|Any CPU.ActiveCfg = Debug|Any CPU
		{DD3CF4AA-02CC-4881-AFB1-6F10DFA1F8AF}.Debug|Any CPU.Build.0 = Debug|Any CPU
		{DD3CF4AA-02CC-4881-AFB1-6F10DFA1F8AF}.Debug|x64.ActiveCfg = Debug|x64
		{DD3CF4AA-02CC-4881-AFB1-6F10DFA1F8AF}.Debug|x64.Build.0 = Debug|x64
		{DD3CF4AA-02CC-4881-AFB1-6F10DFA1F8AF}.Debug|x86.ActiveCfg = Debug|x86
		{DD3CF4AA-02CC-4881-AFB1-6F10DFA1F8AF}.Debug|x86.Build.0 = Debug|x86
		{DD3CF4AA-02CC-4881-AFB1-6F10DFA1F8AF}.Release|Any CPU.ActiveCfg = Release|Any CPU
		{DD3CF4AA-02CC-4881-AFB1-6F10DFA1F8AF}.Release|Any CPU.Build.0 = Release|Any CPU
		{DD3CF4AA-02CC-4881-AFB1-6F10DFA1F8AF}.Release|x64.ActiveCfg = Release|x64
		{DD3CF4AA-02CC-4881-AFB1-6F10DFA1F8AF}.Release|x64.Build.0 = Release|x64
		{DD3CF4AA-02CC-4881-AFB1-6F10DFA1F8AF}.Release|x86.ActiveCfg = Release|x86
		{DD3CF4AA-02CC-4881-AFB1-6F10DFA1F8AF}.Release|x86.Build.0 = Release|x86
		{50743D1B-A19E-42F1-842F-65FAD6D168C3}.Debug|Any CPU.ActiveCfg = Debug|Any CPU
		{50743D1B-A19E-42F1-842F-65FAD6D168C3}.Debug|Any CPU.Build.0 = Debug|Any CPU
		{50743D1B-A19E-42F1-842F-65FAD6D168C3}.Debug|x64.ActiveCfg = Debug|x64
		{50743D1B-A19E-42F1-842F-65FAD6D168C3}.Debug|x64.Build.0 = Debug|x64
		{50743D1B-A19E-42F1-842F-65FAD6D168C3}.Debug|x86.ActiveCfg = Debug|x86
		{50743D1B-A19E-42F1-842F-65FAD6D168C3}.Debug|x86.Build.0 = Debug|x86
		{50743D1B-A19E-42F1-842F-65FAD6D168C3}.Release|Any CPU.ActiveCfg = Release|Any CPU
		{50743D1B-A19E-42F1-842F-65FAD6D168C3}.Release|Any CPU.Build.0 = Release|Any CPU
		{50743D1B-A19E-42F1-842F-65FAD6D168C3}.Release|x64.ActiveCfg = Release|x64
		{50743D1B-A19E-42F1-842F-65FAD6D168C3}.Release|x64.Build.0 = Release|x64
		{50743D1B-A19E-42F1-842F-65FAD6D168C3}.Release|x86.ActiveCfg = Release|x86
		{50743D1B-A19E-42F1-842F-65FAD6D168C3}.Release|x86.Build.0 = Release|x86
		{436641C4-846C-42D0-8E8F-95F70E211D22}.Debug|Any CPU.ActiveCfg = Debug|Any CPU
		{436641C4-846C-42D0-8E8F-95F70E211D22}.Debug|Any CPU.Build.0 = Debug|Any CPU
		{436641C4-846C-42D0-8E8F-95F70E211D22}.Debug|x64.ActiveCfg = Debug|x64
		{436641C4-846C-42D0-8E8F-95F70E211D22}.Debug|x64.Build.0 = Debug|x64
		{436641C4-846C-42D0-8E8F-95F70E211D22}.Debug|x86.ActiveCfg = Debug|x86
		{436641C4-846C-42D0-8E8F-95F70E211D22}.Debug|x86.Build.0 = Debug|x86
		{436641C4-846C-42D0-8E8F-95F70E211D22}.Release|Any CPU.ActiveCfg = Release|Any CPU
		{436641C4-846C-42D0-8E8F-95F70E211D22}.Release|Any CPU.Build.0 = Release|Any CPU
		{436641C4-846C-42D0-8E8F-95F70E211D22}.Release|x64.ActiveCfg = Release|x64
		{436641C4-846C-42D0-8E8F-95F70E211D22}.Release|x64.Build.0 = Release|x64
		{436641C4-846C-42D0-8E8F-95F70E211D22}.Release|x86.ActiveCfg = Release|x86
		{436641C4-846C-42D0-8E8F-95F70E211D22}.Release|x86.Build.0 = Release|x86
		{9490B719-829E-43A7-A5FE-8001F8A81759}.Debug|Any CPU.ActiveCfg = Debug|Any CPU
		{9490B719-829E-43A7-A5FE-8001F8A81759}.Debug|Any CPU.Build.0 = Debug|Any CPU
		{9490B719-829E-43A7-A5FE-8001F8A81759}.Debug|x64.ActiveCfg = Debug|Any CPU
		{9490B719-829E-43A7-A5FE-8001F8A81759}.Debug|x64.Build.0 = Debug|Any CPU
		{9490B719-829E-43A7-A5FE-8001F8A81759}.Debug|x86.ActiveCfg = Debug|Any CPU
		{9490B719-829E-43A7-A5FE-8001F8A81759}.Debug|x86.Build.0 = Debug|Any CPU
		{9490B719-829E-43A7-A5FE-8001F8A81759}.Release|Any CPU.ActiveCfg = Release|Any CPU
		{9490B719-829E-43A7-A5FE-8001F8A81759}.Release|Any CPU.Build.0 = Release|Any CPU
		{9490B719-829E-43A7-A5FE-8001F8A81759}.Release|x64.ActiveCfg = Release|Any CPU
		{9490B719-829E-43A7-A5FE-8001F8A81759}.Release|x86.ActiveCfg = Release|Any CPU
		{8299274E-05DD-49E0-ACB8-70C2BBAC69D1}.Debug|Any CPU.ActiveCfg = Debug|Any CPU
		{8299274E-05DD-49E0-ACB8-70C2BBAC69D1}.Debug|Any CPU.Build.0 = Debug|Any CPU
		{8299274E-05DD-49E0-ACB8-70C2BBAC69D1}.Debug|x64.ActiveCfg = Debug|Any CPU
		{8299274E-05DD-49E0-ACB8-70C2BBAC69D1}.Debug|x64.Build.0 = Debug|Any CPU
		{8299274E-05DD-49E0-ACB8-70C2BBAC69D1}.Debug|x86.ActiveCfg = Debug|Any CPU
		{8299274E-05DD-49E0-ACB8-70C2BBAC69D1}.Debug|x86.Build.0 = Debug|Any CPU
		{8299274E-05DD-49E0-ACB8-70C2BBAC69D1}.Release|Any CPU.ActiveCfg = Release|Any CPU
		{8299274E-05DD-49E0-ACB8-70C2BBAC69D1}.Release|Any CPU.Build.0 = Release|Any CPU
		{8299274E-05DD-49E0-ACB8-70C2BBAC69D1}.Release|x64.ActiveCfg = Release|Any CPU
		{8299274E-05DD-49E0-ACB8-70C2BBAC69D1}.Release|x86.ActiveCfg = Release|Any CPU
		{935D67A0-931E-46DE-9F6A-2D6DBC99AFF3}.Debug|Any CPU.ActiveCfg = Debug|Any CPU
		{935D67A0-931E-46DE-9F6A-2D6DBC99AFF3}.Debug|Any CPU.Build.0 = Debug|Any CPU
		{935D67A0-931E-46DE-9F6A-2D6DBC99AFF3}.Debug|x64.ActiveCfg = Debug|x64
		{935D67A0-931E-46DE-9F6A-2D6DBC99AFF3}.Debug|x64.Build.0 = Debug|x64
		{935D67A0-931E-46DE-9F6A-2D6DBC99AFF3}.Debug|x86.ActiveCfg = Debug|x86
		{935D67A0-931E-46DE-9F6A-2D6DBC99AFF3}.Debug|x86.Build.0 = Debug|x86
		{935D67A0-931E-46DE-9F6A-2D6DBC99AFF3}.Release|Any CPU.ActiveCfg = Release|Any CPU
		{935D67A0-931E-46DE-9F6A-2D6DBC99AFF3}.Release|Any CPU.Build.0 = Release|Any CPU
		{935D67A0-931E-46DE-9F6A-2D6DBC99AFF3}.Release|x64.ActiveCfg = Release|x64
		{935D67A0-931E-46DE-9F6A-2D6DBC99AFF3}.Release|x64.Build.0 = Release|x64
		{935D67A0-931E-46DE-9F6A-2D6DBC99AFF3}.Release|x86.ActiveCfg = Release|x86
		{935D67A0-931E-46DE-9F6A-2D6DBC99AFF3}.Release|x86.Build.0 = Release|x86
		{94734E5A-0344-43E8-BB30-E32E3F57F611}.Debug|Any CPU.ActiveCfg = Debug|Any CPU
		{94734E5A-0344-43E8-BB30-E32E3F57F611}.Debug|Any CPU.Build.0 = Debug|Any CPU
		{94734E5A-0344-43E8-BB30-E32E3F57F611}.Debug|x64.ActiveCfg = Debug|x64
		{94734E5A-0344-43E8-BB30-E32E3F57F611}.Debug|x64.Build.0 = Debug|x64
		{94734E5A-0344-43E8-BB30-E32E3F57F611}.Debug|x86.ActiveCfg = Debug|x86
		{94734E5A-0344-43E8-BB30-E32E3F57F611}.Debug|x86.Build.0 = Debug|x86
		{94734E5A-0344-43E8-BB30-E32E3F57F611}.Release|Any CPU.ActiveCfg = Release|Any CPU
		{94734E5A-0344-43E8-BB30-E32E3F57F611}.Release|Any CPU.Build.0 = Release|Any CPU
		{94734E5A-0344-43E8-BB30-E32E3F57F611}.Release|x64.ActiveCfg = Release|x64
		{94734E5A-0344-43E8-BB30-E32E3F57F611}.Release|x64.Build.0 = Release|x64
		{94734E5A-0344-43E8-BB30-E32E3F57F611}.Release|x86.ActiveCfg = Release|x86
		{94734E5A-0344-43E8-BB30-E32E3F57F611}.Release|x86.Build.0 = Release|x86
		{4B12561E-D37B-48A1-B6DB-218E94906C22}.Debug|Any CPU.ActiveCfg = Debug|Any CPU
		{4B12561E-D37B-48A1-B6DB-218E94906C22}.Debug|Any CPU.Build.0 = Debug|Any CPU
		{4B12561E-D37B-48A1-B6DB-218E94906C22}.Debug|x64.ActiveCfg = Debug|x64
		{4B12561E-D37B-48A1-B6DB-218E94906C22}.Debug|x64.Build.0 = Debug|x64
		{4B12561E-D37B-48A1-B6DB-218E94906C22}.Debug|x86.ActiveCfg = Debug|x86
		{4B12561E-D37B-48A1-B6DB-218E94906C22}.Debug|x86.Build.0 = Debug|x86
		{4B12561E-D37B-48A1-B6DB-218E94906C22}.Release|Any CPU.ActiveCfg = Release|Any CPU
		{4B12561E-D37B-48A1-B6DB-218E94906C22}.Release|Any CPU.Build.0 = Release|Any CPU
		{4B12561E-D37B-48A1-B6DB-218E94906C22}.Release|x64.ActiveCfg = Release|x64
		{4B12561E-D37B-48A1-B6DB-218E94906C22}.Release|x64.Build.0 = Release|x64
		{4B12561E-D37B-48A1-B6DB-218E94906C22}.Release|x86.ActiveCfg = Release|x86
		{4B12561E-D37B-48A1-B6DB-218E94906C22}.Release|x86.Build.0 = Release|x86
		{8A117B4C-393D-42E0-833E-FC9E420FEB10}.Debug|Any CPU.ActiveCfg = Debug|Any CPU
		{8A117B4C-393D-42E0-833E-FC9E420FEB10}.Debug|Any CPU.Build.0 = Debug|Any CPU
		{8A117B4C-393D-42E0-833E-FC9E420FEB10}.Debug|x64.ActiveCfg = Debug|Any CPU
		{8A117B4C-393D-42E0-833E-FC9E420FEB10}.Debug|x64.Build.0 = Debug|Any CPU
		{8A117B4C-393D-42E0-833E-FC9E420FEB10}.Debug|x86.ActiveCfg = Debug|Any CPU
		{8A117B4C-393D-42E0-833E-FC9E420FEB10}.Debug|x86.Build.0 = Debug|Any CPU
		{8A117B4C-393D-42E0-833E-FC9E420FEB10}.Release|Any CPU.ActiveCfg = Release|Any CPU
		{8A117B4C-393D-42E0-833E-FC9E420FEB10}.Release|Any CPU.Build.0 = Release|Any CPU
		{8A117B4C-393D-42E0-833E-FC9E420FEB10}.Release|x64.ActiveCfg = Release|Any CPU
		{8A117B4C-393D-42E0-833E-FC9E420FEB10}.Release|x64.Build.0 = Release|Any CPU
		{8A117B4C-393D-42E0-833E-FC9E420FEB10}.Release|x86.ActiveCfg = Release|Any CPU
		{8A117B4C-393D-42E0-833E-FC9E420FEB10}.Release|x86.Build.0 = Release|Any CPU
		{67B22596-A0F6-48E2-B5D7-CCFF3C8EBEC3}.Debug|Any CPU.ActiveCfg = Debug|Any CPU
		{67B22596-A0F6-48E2-B5D7-CCFF3C8EBEC3}.Debug|Any CPU.Build.0 = Debug|Any CPU
		{67B22596-A0F6-48E2-B5D7-CCFF3C8EBEC3}.Debug|x64.ActiveCfg = Debug|Any CPU
		{67B22596-A0F6-48E2-B5D7-CCFF3C8EBEC3}.Debug|x64.Build.0 = Debug|Any CPU
		{67B22596-A0F6-48E2-B5D7-CCFF3C8EBEC3}.Debug|x86.ActiveCfg = Debug|Any CPU
		{67B22596-A0F6-48E2-B5D7-CCFF3C8EBEC3}.Debug|x86.Build.0 = Debug|Any CPU
		{67B22596-A0F6-48E2-B5D7-CCFF3C8EBEC3}.Release|Any CPU.ActiveCfg = Release|Any CPU
		{67B22596-A0F6-48E2-B5D7-CCFF3C8EBEC3}.Release|Any CPU.Build.0 = Release|Any CPU
		{67B22596-A0F6-48E2-B5D7-CCFF3C8EBEC3}.Release|x64.ActiveCfg = Release|Any CPU
		{67B22596-A0F6-48E2-B5D7-CCFF3C8EBEC3}.Release|x64.Build.0 = Release|Any CPU
		{67B22596-A0F6-48E2-B5D7-CCFF3C8EBEC3}.Release|x86.ActiveCfg = Release|Any CPU
		{67B22596-A0F6-48E2-B5D7-CCFF3C8EBEC3}.Release|x86.Build.0 = Release|Any CPU
	EndGlobalSection
	GlobalSection(SolutionProperties) = preSolution
		HideSolutionNode = FALSE
	EndGlobalSection
	GlobalSection(NestedProjects) = preSolution
		{9490B719-829E-43A7-A5FE-8001F8A81759} = {206A9B6E-C560-4CA3-9730-04996E6A00F2}
		{935D67A0-931E-46DE-9F6A-2D6DBC99AFF3} = {206A9B6E-C560-4CA3-9730-04996E6A00F2}
		{94734E5A-0344-43E8-BB30-E32E3F57F611} = {206A9B6E-C560-4CA3-9730-04996E6A00F2}
		{4B12561E-D37B-48A1-B6DB-218E94906C22} = {206A9B6E-C560-4CA3-9730-04996E6A00F2}
		{8A117B4C-393D-42E0-833E-FC9E420FEB10} = {E5D7D5BF-74B5-407F-9DD5-4DF197620E8D}
		{67B22596-A0F6-48E2-B5D7-CCFF3C8EBEC3} = {E5D7D5BF-74B5-407F-9DD5-4DF197620E8D}
	EndGlobalSection
EndGlobal
