
Microsoft Visual Studio Solution File, Format Version 10.00
# Visual Studio 2008
Project("{FAE04EC0-301F-11D3-BF4B-00C04F79EFBC}") = "AgateDrawing", "..\Drivers\AgateDrawing\AgateDrawing.csproj", "{E9A68475-55E0-4B16-9E68-DE31596C8B81}"
EndProject
Project("{FAE04EC0-301F-11D3-BF4B-00C04F79EFBC}") = "AgateOTK", "..\Drivers\AgateOTK\AgateOTK.csproj", "{5FB3675B-5389-4A1E-89A6-059665C2555B}"
EndProject
Project("{FAE04EC0-301F-11D3-BF4B-00C04F79EFBC}") = "Pong", "Pong\Pong.csproj", "{436641C4-846C-42D0-8E8F-95F70E211D22}"
EndProject
Project("{FAE04EC0-301F-11D3-BF4B-00C04F79EFBC}") = "BallBuster.Net", "BallBuster.Net\BallBuster.Net.csproj", "{DD3CF4AA-02CC-4881-AFB1-6F10DFA1F8AF}"
EndProject
Project("{FAE04EC0-301F-11D3-BF4B-00C04F79EFBC}") = "AgateLib", "..\AgateLib\AgateLib.csproj", "{5BE2B3C1-F0A0-4732-9499-41AE50CC4C48}"
EndProject
Project("{FAE04EC0-301F-11D3-BF4B-00C04F79EFBC}") = "AgateLib.WinForms", "..\Drivers\AgateLib.WinForms\AgateLib.WinForms.csproj", "{CD71274E-9AF0-42FC-ADC8-FE35D3274C61}"
EndProject
Project("{FAE04EC0-301F-11D3-BF4B-00C04F79EFBC}") = "AgateSDL", "..\Drivers\AgateSDL\AgateSDL.csproj", "{4B32A21B-A492-4F00-87EB-1A7BB4BDC1C1}"
EndProject
Project("{FAE04EC0-301F-11D3-BF4B-00C04F79EFBC}") = "ShootTheTraps", "ShootTheTraps\ShootTheTraps.csproj", "{50743D1B-A19E-42F1-842F-65FAD6D168C3}"
EndProject
Global
	GlobalSection(SolutionConfigurationPlatforms) = preSolution
		Debug|Any CPU = Debug|Any CPU
		Release|Any CPU = Release|Any CPU
	EndGlobalSection
	GlobalSection(ProjectConfigurationPlatforms) = postSolution
		{E9A68475-55E0-4B16-9E68-DE31596C8B81}.Debug|Any CPU.ActiveCfg = Debug|Any CPU
		{E9A68475-55E0-4B16-9E68-DE31596C8B81}.Debug|Any CPU.Build.0 = Debug|Any CPU
		{E9A68475-55E0-4B16-9E68-DE31596C8B81}.Release|Any CPU.ActiveCfg = Release|Any CPU
		{E9A68475-55E0-4B16-9E68-DE31596C8B81}.Release|Any CPU.Build.0 = Release|Any CPU
		{5FB3675B-5389-4A1E-89A6-059665C2555B}.Debug|Any CPU.ActiveCfg = Debug|Any CPU
		{5FB3675B-5389-4A1E-89A6-059665C2555B}.Debug|Any CPU.Build.0 = Debug|Any CPU
		{5FB3675B-5389-4A1E-89A6-059665C2555B}.Release|Any CPU.ActiveCfg = Release|Any CPU
		{5FB3675B-5389-4A1E-89A6-059665C2555B}.Release|Any CPU.Build.0 = Release|Any CPU
		{436641C4-846C-42D0-8E8F-95F70E211D22}.Debug|Any CPU.ActiveCfg = Debug|Any CPU
		{436641C4-846C-42D0-8E8F-95F70E211D22}.Debug|Any CPU.Build.0 = Debug|Any CPU
		{436641C4-846C-42D0-8E8F-95F70E211D22}.Release|Any CPU.ActiveCfg = Release|Any CPU
		{436641C4-846C-42D0-8E8F-95F70E211D22}.Release|Any CPU.Build.0 = Release|Any CPU
		{DD3CF4AA-02CC-4881-AFB1-6F10DFA1F8AF}.Debug|Any CPU.ActiveCfg = Debug|Any CPU
		{DD3CF4AA-02CC-4881-AFB1-6F10DFA1F8AF}.Debug|Any CPU.Build.0 = Debug|Any CPU
		{DD3CF4AA-02CC-4881-AFB1-6F10DFA1F8AF}.Release|Any CPU.ActiveCfg = Release|Any CPU
		{DD3CF4AA-02CC-4881-AFB1-6F10DFA1F8AF}.Release|Any CPU.Build.0 = Release|Any CPU
		{5BE2B3C1-F0A0-4732-9499-41AE50CC4C48}.Debug|Any CPU.ActiveCfg = Debug|Any CPU
		{5BE2B3C1-F0A0-4732-9499-41AE50CC4C48}.Debug|Any CPU.Build.0 = Debug|Any CPU
		{5BE2B3C1-F0A0-4732-9499-41AE50CC4C48}.Release|Any CPU.ActiveCfg = Release|Any CPU
		{5BE2B3C1-F0A0-4732-9499-41AE50CC4C48}.Release|Any CPU.Build.0 = Release|Any CPU
		{CD71274E-9AF0-42FC-ADC8-FE35D3274C61}.Debug|Any CPU.ActiveCfg = Debug|Any CPU
		{CD71274E-9AF0-42FC-ADC8-FE35D3274C61}.Debug|Any CPU.Build.0 = Debug|Any CPU
		{CD71274E-9AF0-42FC-ADC8-FE35D3274C61}.Release|Any CPU.ActiveCfg = Release|Any CPU
		{CD71274E-9AF0-42FC-ADC8-FE35D3274C61}.Release|Any CPU.Build.0 = Release|Any CPU
		{4B32A21B-A492-4F00-87EB-1A7BB4BDC1C1}.Debug|Any CPU.ActiveCfg = Debug|Any CPU
		{4B32A21B-A492-4F00-87EB-1A7BB4BDC1C1}.Debug|Any CPU.Build.0 = Debug|Any CPU
		{4B32A21B-A492-4F00-87EB-1A7BB4BDC1C1}.Release|Any CPU.ActiveCfg = Release|Any CPU
		{4B32A21B-A492-4F00-87EB-1A7BB4BDC1C1}.Release|Any CPU.Build.0 = Release|Any CPU
		{50743D1B-A19E-42F1-842F-65FAD6D168C3}.Debug|Any CPU.ActiveCfg = Debug|Any CPU
		{50743D1B-A19E-42F1-842F-65FAD6D168C3}.Debug|Any CPU.Build.0 = Debug|Any CPU
		{50743D1B-A19E-42F1-842F-65FAD6D168C3}.Release|Any CPU.ActiveCfg = Release|Any CPU
		{50743D1B-A19E-42F1-842F-65FAD6D168C3}.Release|Any CPU.Build.0 = Release|Any CPU
	EndGlobalSection
	GlobalSection(SolutionProperties) = preSolution
		HideSolutionNode = FALSE
	EndGlobalSection
EndGlobal
