Microsoft Visual Studio Solution File, Format Version 12.00
# Visual Studio 2013
VisualStudioVersion = 12.0.30723.0
MinimumVisualStudioVersion = 10.0.40219.1
Project("{2150E333-8FDC-42A3-9474-1A3956D46DE8}") = "Solution Files", "Solution Files", "{0CE8B58F-922D-40A6-92E6-2F6913A97049}"
	ProjectSection(SolutionItems) = preProject
		ChangeLog.txt = ChangeLog.txt
		ReleaseNotes.txt = ReleaseNotes.txt
		TODO.txt = TODO.txt
	EndProjectSection
EndProject
Project("{FAE04EC0-301F-11D3-BF4B-00C04F79EFBC}") = "Tests", "Tests\Tests.csproj", "{DC687DB2-90A8-484D-AB99-B3D29FDD8D44}"
EndProject
Project("{FAE04EC0-301F-11D3-BF4B-00C04F79EFBC}") = "AgateLib", "AgateLib\AgateLib.csproj", "{9490B719-829E-43A7-A5FE-8001F8A81759}"
EndProject
Project("{FAE04EC0-301F-11D3-BF4B-00C04F79EFBC}") = "UnitTests", "UnitTests\UnitTests.csproj", "{F22ADCCC-7991-4F52-B2D0-697D60121BB3}"
EndProject
Project("{FAE04EC0-301F-11D3-BF4B-00C04F79EFBC}") = "AgateLib.AgateSDL", "AgateLib.AgateSDL\AgateLib.AgateSDL.csproj", "{935D67A0-931E-46DE-9F6A-2D6DBC99AFF3}"
EndProject
Project("{FAE04EC0-301F-11D3-BF4B-00C04F79EFBC}") = "AgateLib.GL", "AgateLib.GL\AgateLib.GL.csproj", "{94734E5A-0344-43E8-BB30-E32E3F57F611}"
EndProject
Project("{FAE04EC0-301F-11D3-BF4B-00C04F79EFBC}") = "AgateLib.Platform.WindowsForms", "AgateLib.Platform.WindowsForms\AgateLib.Platform.WindowsForms.csproj", "{4B12561E-D37B-48A1-B6DB-218E94906C22}"
EndProject
Project("{FAE04EC0-301F-11D3-BF4B-00C04F79EFBC}") = "Tests.WindowsPhone", "Tests.WindowsPhone\Tests.WindowsPhone.csproj", "{EE97FB40-E1EB-4E55-87CF-EC3835EFD9DB}"
EndProject
Project("{FAE04EC0-301F-11D3-BF4B-00C04F79EFBC}") = "AgateLib.Platform.Common", "AgateLib.Platform.Common\AgateLib.Platform.Common.csproj", "{FC9E7036-AA75-4A6B-82DB-0F5E98B5FBCB}"
EndProject
Project("{FAE04EC0-301F-11D3-BF4B-00C04F79EFBC}") = "AgateLib.Platform.WindowsStoreCommon", "AgateLib.Platform.WindowsStoreCommon\AgateLib.Platform.WindowsStoreCommon.csproj", "{C7F9AE34-B781-4490-A9B2-5728F44F3523}"
EndProject
Project("{FAE04EC0-301F-11D3-BF4B-00C04F79EFBC}") = "AgateLib.Platform.Windows", "AgateLib.Platform.Windows\AgateLib.Platform.Windows.csproj", "{C9B8F763-187D-4F2E-BAEE-827B7247C278}"
EndProject
Project("{2150E333-8FDC-42A3-9474-1A3956D46DE8}") = "Tests.WindowsStore", "Tests.WindowsStore", "{C13E721B-B809-4F6E-B6B2-EE362B62CDA7}"
EndProject
Project("{D954291E-2A0B-460D-934E-DC6B0785DB48}") = "Tests.WindowsStore.Shared", "Tests.WindowsStore\Tests.WindowsStore.Shared\Tests.WindowsStore.Shared.shproj", "{FBA57D70-FCB2-4290-B2A2-6F9D42CA4DE4}"
EndProject
Project("{FAE04EC0-301F-11D3-BF4B-00C04F79EFBC}") = "Tests.WindowsStore.Windows", "Tests.WindowsStore\Tests.WindowsStore.Windows\Tests.WindowsStore.Windows.csproj", "{376B6926-005D-4A36-9EB3-272173A377A4}"
EndProject
Project("{FAE04EC0-301F-11D3-BF4B-00C04F79EFBC}") = "Tests.WindowsStore.WindowsPhone", "Tests.WindowsStore\Tests.WindowsStore.WindowsPhone\Tests.WindowsStore.WindowsPhone.csproj", "{270AE38D-AB91-4DCC-9C98-E183F990CAB4}"
EndProject
Project("{FAE04EC0-301F-11D3-BF4B-00C04F79EFBC}") = "AgateLib.Platform.WindowsPhone8", "AgateLib.Platform.WindowsPhone8\AgateLib.Platform.WindowsPhone8.csproj", "{9BEF78DB-B535-47D3-9C14-453D373807EC}"
EndProject
Project("{2150E333-8FDC-42A3-9474-1A3956D46DE8}") = "Platform.WindowsStore", "Platform.WindowsStore", "{AF65A3A9-6F08-47C4-9C13-FA595BD211A4}"
EndProject
Project("{2150E333-8FDC-42A3-9474-1A3956D46DE8}") = "Platform.WinForms", "Platform.WinForms", "{D499A339-7F4C-4AF5-87E5-BE06021B3C8B}"
EndProject
Global
	GlobalSection(SharedMSBuildProjectFiles) = preSolution
		Tests.WindowsStore\Tests.WindowsStore.Shared\Tests.WindowsStore.Shared.projitems*{376b6926-005d-4a36-9eb3-272173a377a4}*SharedItemsImports = 4
		Tests.WindowsStore\Tests.WindowsStore.Shared\Tests.WindowsStore.Shared.projitems*{fba57d70-fcb2-4290-b2a2-6f9d42ca4de4}*SharedItemsImports = 13
		Tests.WindowsStore\Tests.WindowsStore.Shared\Tests.WindowsStore.Shared.projitems*{270ae38d-ab91-4dcc-9c98-e183f990cab4}*SharedItemsImports = 4
	EndGlobalSection
	GlobalSection(SolutionConfigurationPlatforms) = preSolution
		Debug|Any CPU = Debug|Any CPU
		Debug|ARM = Debug|ARM
		Debug|Mixed Platforms = Debug|Mixed Platforms
		Debug|x64 = Debug|x64
		Debug|x86 = Debug|x86
		Release|Any CPU = Release|Any CPU
		Release|ARM = Release|ARM
		Release|Mixed Platforms = Release|Mixed Platforms
		Release|x64 = Release|x64
		Release|x86 = Release|x86
	EndGlobalSection
	GlobalSection(ProjectConfigurationPlatforms) = postSolution
		{DC687DB2-90A8-484D-AB99-B3D29FDD8D44}.Debug|Any CPU.ActiveCfg = Debug|Any CPU
		{DC687DB2-90A8-484D-AB99-B3D29FDD8D44}.Debug|Any CPU.Build.0 = Debug|Any CPU
		{DC687DB2-90A8-484D-AB99-B3D29FDD8D44}.Debug|ARM.ActiveCfg = Debug|Any CPU
		{DC687DB2-90A8-484D-AB99-B3D29FDD8D44}.Debug|Mixed Platforms.ActiveCfg = Debug|x86
		{DC687DB2-90A8-484D-AB99-B3D29FDD8D44}.Debug|Mixed Platforms.Build.0 = Debug|x86
		{DC687DB2-90A8-484D-AB99-B3D29FDD8D44}.Debug|x64.ActiveCfg = Debug|x64
		{DC687DB2-90A8-484D-AB99-B3D29FDD8D44}.Debug|x64.Build.0 = Debug|x64
		{DC687DB2-90A8-484D-AB99-B3D29FDD8D44}.Debug|x86.ActiveCfg = Debug|x86
		{DC687DB2-90A8-484D-AB99-B3D29FDD8D44}.Debug|x86.Build.0 = Debug|x86
		{DC687DB2-90A8-484D-AB99-B3D29FDD8D44}.Release|Any CPU.ActiveCfg = Release|Any CPU
		{DC687DB2-90A8-484D-AB99-B3D29FDD8D44}.Release|Any CPU.Build.0 = Release|Any CPU
		{DC687DB2-90A8-484D-AB99-B3D29FDD8D44}.Release|ARM.ActiveCfg = Release|Any CPU
		{DC687DB2-90A8-484D-AB99-B3D29FDD8D44}.Release|Mixed Platforms.ActiveCfg = Release|x86
		{DC687DB2-90A8-484D-AB99-B3D29FDD8D44}.Release|Mixed Platforms.Build.0 = Release|x86
		{DC687DB2-90A8-484D-AB99-B3D29FDD8D44}.Release|x64.ActiveCfg = Release|x64
		{DC687DB2-90A8-484D-AB99-B3D29FDD8D44}.Release|x64.Build.0 = Release|x64
		{DC687DB2-90A8-484D-AB99-B3D29FDD8D44}.Release|x86.ActiveCfg = Release|x86
		{DC687DB2-90A8-484D-AB99-B3D29FDD8D44}.Release|x86.Build.0 = Release|x86
		{9490B719-829E-43A7-A5FE-8001F8A81759}.Debug|Any CPU.ActiveCfg = Debug|Any CPU
		{9490B719-829E-43A7-A5FE-8001F8A81759}.Debug|Any CPU.Build.0 = Debug|Any CPU
		{9490B719-829E-43A7-A5FE-8001F8A81759}.Debug|ARM.ActiveCfg = Debug|Any CPU
		{9490B719-829E-43A7-A5FE-8001F8A81759}.Debug|Mixed Platforms.ActiveCfg = Debug|Any CPU
		{9490B719-829E-43A7-A5FE-8001F8A81759}.Debug|Mixed Platforms.Build.0 = Debug|Any CPU
		{9490B719-829E-43A7-A5FE-8001F8A81759}.Debug|x64.ActiveCfg = Debug|Any CPU
		{9490B719-829E-43A7-A5FE-8001F8A81759}.Debug|x86.ActiveCfg = Debug|Any CPU
		{9490B719-829E-43A7-A5FE-8001F8A81759}.Debug|x86.Build.0 = Debug|Any CPU
		{9490B719-829E-43A7-A5FE-8001F8A81759}.Release|Any CPU.ActiveCfg = Release|Any CPU
		{9490B719-829E-43A7-A5FE-8001F8A81759}.Release|Any CPU.Build.0 = Release|Any CPU
		{9490B719-829E-43A7-A5FE-8001F8A81759}.Release|ARM.ActiveCfg = Release|Any CPU
		{9490B719-829E-43A7-A5FE-8001F8A81759}.Release|Mixed Platforms.ActiveCfg = Release|Any CPU
		{9490B719-829E-43A7-A5FE-8001F8A81759}.Release|Mixed Platforms.Build.0 = Release|Any CPU
		{9490B719-829E-43A7-A5FE-8001F8A81759}.Release|x64.ActiveCfg = Release|Any CPU
		{9490B719-829E-43A7-A5FE-8001F8A81759}.Release|x86.ActiveCfg = Release|Any CPU
		{F22ADCCC-7991-4F52-B2D0-697D60121BB3}.Debug|Any CPU.ActiveCfg = Debug|Any CPU
		{F22ADCCC-7991-4F52-B2D0-697D60121BB3}.Debug|Any CPU.Build.0 = Debug|Any CPU
		{F22ADCCC-7991-4F52-B2D0-697D60121BB3}.Debug|ARM.ActiveCfg = Debug|Any CPU
		{F22ADCCC-7991-4F52-B2D0-697D60121BB3}.Debug|Mixed Platforms.ActiveCfg = Debug|x86
		{F22ADCCC-7991-4F52-B2D0-697D60121BB3}.Debug|Mixed Platforms.Build.0 = Debug|x86
		{F22ADCCC-7991-4F52-B2D0-697D60121BB3}.Debug|x64.ActiveCfg = Debug|x64
		{F22ADCCC-7991-4F52-B2D0-697D60121BB3}.Debug|x64.Build.0 = Debug|x64
		{F22ADCCC-7991-4F52-B2D0-697D60121BB3}.Debug|x86.ActiveCfg = Debug|x86
		{F22ADCCC-7991-4F52-B2D0-697D60121BB3}.Debug|x86.Build.0 = Debug|x86
		{F22ADCCC-7991-4F52-B2D0-697D60121BB3}.Release|Any CPU.ActiveCfg = Release|Any CPU
		{F22ADCCC-7991-4F52-B2D0-697D60121BB3}.Release|Any CPU.Build.0 = Release|Any CPU
		{F22ADCCC-7991-4F52-B2D0-697D60121BB3}.Release|ARM.ActiveCfg = Release|Any CPU
		{F22ADCCC-7991-4F52-B2D0-697D60121BB3}.Release|Mixed Platforms.ActiveCfg = Release|x86
		{F22ADCCC-7991-4F52-B2D0-697D60121BB3}.Release|Mixed Platforms.Build.0 = Release|x86
		{F22ADCCC-7991-4F52-B2D0-697D60121BB3}.Release|x64.ActiveCfg = Release|x64
		{F22ADCCC-7991-4F52-B2D0-697D60121BB3}.Release|x64.Build.0 = Release|x64
		{F22ADCCC-7991-4F52-B2D0-697D60121BB3}.Release|x86.ActiveCfg = Release|x86
		{F22ADCCC-7991-4F52-B2D0-697D60121BB3}.Release|x86.Build.0 = Release|x86
		{935D67A0-931E-46DE-9F6A-2D6DBC99AFF3}.Debug|Any CPU.ActiveCfg = Debug|Any CPU
		{935D67A0-931E-46DE-9F6A-2D6DBC99AFF3}.Debug|Any CPU.Build.0 = Debug|Any CPU
		{935D67A0-931E-46DE-9F6A-2D6DBC99AFF3}.Debug|ARM.ActiveCfg = Debug|Any CPU
		{935D67A0-931E-46DE-9F6A-2D6DBC99AFF3}.Debug|Mixed Platforms.ActiveCfg = Debug|x86
		{935D67A0-931E-46DE-9F6A-2D6DBC99AFF3}.Debug|Mixed Platforms.Build.0 = Debug|x86
		{935D67A0-931E-46DE-9F6A-2D6DBC99AFF3}.Debug|x64.ActiveCfg = Debug|x64
		{935D67A0-931E-46DE-9F6A-2D6DBC99AFF3}.Debug|x64.Build.0 = Debug|x64
		{935D67A0-931E-46DE-9F6A-2D6DBC99AFF3}.Debug|x86.ActiveCfg = Debug|x86
		{935D67A0-931E-46DE-9F6A-2D6DBC99AFF3}.Debug|x86.Build.0 = Debug|x86
		{935D67A0-931E-46DE-9F6A-2D6DBC99AFF3}.Release|Any CPU.ActiveCfg = Release|Any CPU
		{935D67A0-931E-46DE-9F6A-2D6DBC99AFF3}.Release|Any CPU.Build.0 = Release|Any CPU
		{935D67A0-931E-46DE-9F6A-2D6DBC99AFF3}.Release|ARM.ActiveCfg = Release|Any CPU
		{935D67A0-931E-46DE-9F6A-2D6DBC99AFF3}.Release|Mixed Platforms.ActiveCfg = Release|x86
		{935D67A0-931E-46DE-9F6A-2D6DBC99AFF3}.Release|Mixed Platforms.Build.0 = Release|x86
		{935D67A0-931E-46DE-9F6A-2D6DBC99AFF3}.Release|x64.ActiveCfg = Release|x64
		{935D67A0-931E-46DE-9F6A-2D6DBC99AFF3}.Release|x64.Build.0 = Release|x64
		{935D67A0-931E-46DE-9F6A-2D6DBC99AFF3}.Release|x86.ActiveCfg = Release|x86
		{935D67A0-931E-46DE-9F6A-2D6DBC99AFF3}.Release|x86.Build.0 = Release|x86
		{94734E5A-0344-43E8-BB30-E32E3F57F611}.Debug|Any CPU.ActiveCfg = Debug|Any CPU
		{94734E5A-0344-43E8-BB30-E32E3F57F611}.Debug|Any CPU.Build.0 = Debug|Any CPU
		{94734E5A-0344-43E8-BB30-E32E3F57F611}.Debug|ARM.ActiveCfg = Debug|Any CPU
		{94734E5A-0344-43E8-BB30-E32E3F57F611}.Debug|Mixed Platforms.ActiveCfg = Debug|x86
		{94734E5A-0344-43E8-BB30-E32E3F57F611}.Debug|Mixed Platforms.Build.0 = Debug|x86
		{94734E5A-0344-43E8-BB30-E32E3F57F611}.Debug|x64.ActiveCfg = Debug|x64
		{94734E5A-0344-43E8-BB30-E32E3F57F611}.Debug|x64.Build.0 = Debug|x64
		{94734E5A-0344-43E8-BB30-E32E3F57F611}.Debug|x86.ActiveCfg = Debug|x86
		{94734E5A-0344-43E8-BB30-E32E3F57F611}.Debug|x86.Build.0 = Debug|x86
		{94734E5A-0344-43E8-BB30-E32E3F57F611}.Release|Any CPU.ActiveCfg = Release|Any CPU
		{94734E5A-0344-43E8-BB30-E32E3F57F611}.Release|Any CPU.Build.0 = Release|Any CPU
		{94734E5A-0344-43E8-BB30-E32E3F57F611}.Release|ARM.ActiveCfg = Release|Any CPU
		{94734E5A-0344-43E8-BB30-E32E3F57F611}.Release|Mixed Platforms.ActiveCfg = Release|x86
		{94734E5A-0344-43E8-BB30-E32E3F57F611}.Release|Mixed Platforms.Build.0 = Release|x86
		{94734E5A-0344-43E8-BB30-E32E3F57F611}.Release|x64.ActiveCfg = Release|x64
		{94734E5A-0344-43E8-BB30-E32E3F57F611}.Release|x64.Build.0 = Release|x64
		{94734E5A-0344-43E8-BB30-E32E3F57F611}.Release|x86.ActiveCfg = Release|x86
		{94734E5A-0344-43E8-BB30-E32E3F57F611}.Release|x86.Build.0 = Release|x86
		{4B12561E-D37B-48A1-B6DB-218E94906C22}.Debug|Any CPU.ActiveCfg = Debug|Any CPU
		{4B12561E-D37B-48A1-B6DB-218E94906C22}.Debug|Any CPU.Build.0 = Debug|Any CPU
		{4B12561E-D37B-48A1-B6DB-218E94906C22}.Debug|ARM.ActiveCfg = Debug|Any CPU
		{4B12561E-D37B-48A1-B6DB-218E94906C22}.Debug|Mixed Platforms.ActiveCfg = Debug|x86
		{4B12561E-D37B-48A1-B6DB-218E94906C22}.Debug|Mixed Platforms.Build.0 = Debug|x86
		{4B12561E-D37B-48A1-B6DB-218E94906C22}.Debug|x64.ActiveCfg = Debug|x64
		{4B12561E-D37B-48A1-B6DB-218E94906C22}.Debug|x64.Build.0 = Debug|x64
		{4B12561E-D37B-48A1-B6DB-218E94906C22}.Debug|x86.ActiveCfg = Debug|x86
		{4B12561E-D37B-48A1-B6DB-218E94906C22}.Debug|x86.Build.0 = Debug|x86
		{4B12561E-D37B-48A1-B6DB-218E94906C22}.Release|Any CPU.ActiveCfg = Release|Any CPU
		{4B12561E-D37B-48A1-B6DB-218E94906C22}.Release|Any CPU.Build.0 = Release|Any CPU
		{4B12561E-D37B-48A1-B6DB-218E94906C22}.Release|ARM.ActiveCfg = Release|Any CPU
		{4B12561E-D37B-48A1-B6DB-218E94906C22}.Release|Mixed Platforms.ActiveCfg = Release|x86
		{4B12561E-D37B-48A1-B6DB-218E94906C22}.Release|Mixed Platforms.Build.0 = Release|x86
		{4B12561E-D37B-48A1-B6DB-218E94906C22}.Release|x64.ActiveCfg = Release|x64
		{4B12561E-D37B-48A1-B6DB-218E94906C22}.Release|x64.Build.0 = Release|x64
		{4B12561E-D37B-48A1-B6DB-218E94906C22}.Release|x86.ActiveCfg = Release|x86
		{4B12561E-D37B-48A1-B6DB-218E94906C22}.Release|x86.Build.0 = Release|x86
		{EE97FB40-E1EB-4E55-87CF-EC3835EFD9DB}.Debug|Any CPU.ActiveCfg = Debug|Any CPU
		{EE97FB40-E1EB-4E55-87CF-EC3835EFD9DB}.Debug|Any CPU.Build.0 = Debug|Any CPU
		{EE97FB40-E1EB-4E55-87CF-EC3835EFD9DB}.Debug|Any CPU.Deploy.0 = Debug|Any CPU
		{EE97FB40-E1EB-4E55-87CF-EC3835EFD9DB}.Debug|ARM.ActiveCfg = Debug|ARM
		{EE97FB40-E1EB-4E55-87CF-EC3835EFD9DB}.Debug|ARM.Build.0 = Debug|ARM
		{EE97FB40-E1EB-4E55-87CF-EC3835EFD9DB}.Debug|ARM.Deploy.0 = Debug|ARM
		{EE97FB40-E1EB-4E55-87CF-EC3835EFD9DB}.Debug|Mixed Platforms.ActiveCfg = Debug|x86
		{EE97FB40-E1EB-4E55-87CF-EC3835EFD9DB}.Debug|Mixed Platforms.Build.0 = Debug|x86
		{EE97FB40-E1EB-4E55-87CF-EC3835EFD9DB}.Debug|Mixed Platforms.Deploy.0 = Debug|x86
		{EE97FB40-E1EB-4E55-87CF-EC3835EFD9DB}.Debug|x64.ActiveCfg = Debug|Any CPU
		{EE97FB40-E1EB-4E55-87CF-EC3835EFD9DB}.Debug|x86.ActiveCfg = Debug|x86
		{EE97FB40-E1EB-4E55-87CF-EC3835EFD9DB}.Debug|x86.Build.0 = Debug|x86
		{EE97FB40-E1EB-4E55-87CF-EC3835EFD9DB}.Debug|x86.Deploy.0 = Debug|x86
		{EE97FB40-E1EB-4E55-87CF-EC3835EFD9DB}.Release|Any CPU.ActiveCfg = Release|Any CPU
		{EE97FB40-E1EB-4E55-87CF-EC3835EFD9DB}.Release|Any CPU.Build.0 = Release|Any CPU
		{EE97FB40-E1EB-4E55-87CF-EC3835EFD9DB}.Release|Any CPU.Deploy.0 = Release|Any CPU
		{EE97FB40-E1EB-4E55-87CF-EC3835EFD9DB}.Release|ARM.ActiveCfg = Release|ARM
		{EE97FB40-E1EB-4E55-87CF-EC3835EFD9DB}.Release|ARM.Build.0 = Release|ARM
		{EE97FB40-E1EB-4E55-87CF-EC3835EFD9DB}.Release|ARM.Deploy.0 = Release|ARM
		{EE97FB40-E1EB-4E55-87CF-EC3835EFD9DB}.Release|Mixed Platforms.ActiveCfg = Release|x86
		{EE97FB40-E1EB-4E55-87CF-EC3835EFD9DB}.Release|Mixed Platforms.Build.0 = Release|x86
		{EE97FB40-E1EB-4E55-87CF-EC3835EFD9DB}.Release|Mixed Platforms.Deploy.0 = Release|x86
		{EE97FB40-E1EB-4E55-87CF-EC3835EFD9DB}.Release|x64.ActiveCfg = Release|Any CPU
		{EE97FB40-E1EB-4E55-87CF-EC3835EFD9DB}.Release|x86.ActiveCfg = Release|x86
		{EE97FB40-E1EB-4E55-87CF-EC3835EFD9DB}.Release|x86.Build.0 = Release|x86
		{EE97FB40-E1EB-4E55-87CF-EC3835EFD9DB}.Release|x86.Deploy.0 = Release|x86
		{FC9E7036-AA75-4A6B-82DB-0F5E98B5FBCB}.Debug|Any CPU.ActiveCfg = Debug|Any CPU
		{FC9E7036-AA75-4A6B-82DB-0F5E98B5FBCB}.Debug|Any CPU.Build.0 = Debug|Any CPU
		{FC9E7036-AA75-4A6B-82DB-0F5E98B5FBCB}.Debug|ARM.ActiveCfg = Debug|Any CPU
		{FC9E7036-AA75-4A6B-82DB-0F5E98B5FBCB}.Debug|Mixed Platforms.ActiveCfg = Debug|Any CPU
		{FC9E7036-AA75-4A6B-82DB-0F5E98B5FBCB}.Debug|Mixed Platforms.Build.0 = Debug|Any CPU
		{FC9E7036-AA75-4A6B-82DB-0F5E98B5FBCB}.Debug|x64.ActiveCfg = Debug|Any CPU
		{FC9E7036-AA75-4A6B-82DB-0F5E98B5FBCB}.Debug|x86.ActiveCfg = Debug|Any CPU
		{FC9E7036-AA75-4A6B-82DB-0F5E98B5FBCB}.Debug|x86.Build.0 = Debug|Any CPU
		{FC9E7036-AA75-4A6B-82DB-0F5E98B5FBCB}.Release|Any CPU.ActiveCfg = Release|Any CPU
		{FC9E7036-AA75-4A6B-82DB-0F5E98B5FBCB}.Release|Any CPU.Build.0 = Release|Any CPU
		{FC9E7036-AA75-4A6B-82DB-0F5E98B5FBCB}.Release|ARM.ActiveCfg = Release|Any CPU
		{FC9E7036-AA75-4A6B-82DB-0F5E98B5FBCB}.Release|Mixed Platforms.ActiveCfg = Release|Any CPU
		{FC9E7036-AA75-4A6B-82DB-0F5E98B5FBCB}.Release|Mixed Platforms.Build.0 = Release|Any CPU
		{FC9E7036-AA75-4A6B-82DB-0F5E98B5FBCB}.Release|x64.ActiveCfg = Release|Any CPU
		{FC9E7036-AA75-4A6B-82DB-0F5E98B5FBCB}.Release|x86.ActiveCfg = Release|Any CPU
		{C7F9AE34-B781-4490-A9B2-5728F44F3523}.Debug|Any CPU.ActiveCfg = Debug|Any CPU
		{C7F9AE34-B781-4490-A9B2-5728F44F3523}.Debug|Any CPU.Build.0 = Debug|Any CPU
		{C7F9AE34-B781-4490-A9B2-5728F44F3523}.Debug|ARM.ActiveCfg = Debug|Any CPU
		{C7F9AE34-B781-4490-A9B2-5728F44F3523}.Debug|Mixed Platforms.ActiveCfg = Debug|Any CPU
		{C7F9AE34-B781-4490-A9B2-5728F44F3523}.Debug|Mixed Platforms.Build.0 = Debug|Any CPU
		{C7F9AE34-B781-4490-A9B2-5728F44F3523}.Debug|x64.ActiveCfg = Debug|Any CPU
		{C7F9AE34-B781-4490-A9B2-5728F44F3523}.Debug|x86.ActiveCfg = Debug|Any CPU
		{C7F9AE34-B781-4490-A9B2-5728F44F3523}.Debug|x86.Build.0 = Debug|Any CPU
		{C7F9AE34-B781-4490-A9B2-5728F44F3523}.Release|Any CPU.ActiveCfg = Release|Any CPU
		{C7F9AE34-B781-4490-A9B2-5728F44F3523}.Release|Any CPU.Build.0 = Release|Any CPU
		{C7F9AE34-B781-4490-A9B2-5728F44F3523}.Release|ARM.ActiveCfg = Release|Any CPU
		{C7F9AE34-B781-4490-A9B2-5728F44F3523}.Release|Mixed Platforms.ActiveCfg = Release|Any CPU
		{C7F9AE34-B781-4490-A9B2-5728F44F3523}.Release|Mixed Platforms.Build.0 = Release|Any CPU
		{C7F9AE34-B781-4490-A9B2-5728F44F3523}.Release|x64.ActiveCfg = Release|Any CPU
		{C7F9AE34-B781-4490-A9B2-5728F44F3523}.Release|x86.ActiveCfg = Release|Any CPU
		{C9B8F763-187D-4F2E-BAEE-827B7247C278}.Debug|Any CPU.ActiveCfg = Debug|Any CPU
		{C9B8F763-187D-4F2E-BAEE-827B7247C278}.Debug|Any CPU.Build.0 = Debug|Any CPU
		{C9B8F763-187D-4F2E-BAEE-827B7247C278}.Debug|ARM.ActiveCfg = Debug|ARM
		{C9B8F763-187D-4F2E-BAEE-827B7247C278}.Debug|ARM.Build.0 = Debug|ARM
		{C9B8F763-187D-4F2E-BAEE-827B7247C278}.Debug|Mixed Platforms.ActiveCfg = Debug|x86
		{C9B8F763-187D-4F2E-BAEE-827B7247C278}.Debug|Mixed Platforms.Build.0 = Debug|x86
		{C9B8F763-187D-4F2E-BAEE-827B7247C278}.Debug|x64.ActiveCfg = Debug|x64
		{C9B8F763-187D-4F2E-BAEE-827B7247C278}.Debug|x64.Build.0 = Debug|x64
		{C9B8F763-187D-4F2E-BAEE-827B7247C278}.Debug|x86.ActiveCfg = Debug|x86
		{C9B8F763-187D-4F2E-BAEE-827B7247C278}.Debug|x86.Build.0 = Debug|x86
		{C9B8F763-187D-4F2E-BAEE-827B7247C278}.Release|Any CPU.ActiveCfg = Release|Any CPU
		{C9B8F763-187D-4F2E-BAEE-827B7247C278}.Release|Any CPU.Build.0 = Release|Any CPU
		{C9B8F763-187D-4F2E-BAEE-827B7247C278}.Release|ARM.ActiveCfg = Release|ARM
		{C9B8F763-187D-4F2E-BAEE-827B7247C278}.Release|ARM.Build.0 = Release|ARM
		{C9B8F763-187D-4F2E-BAEE-827B7247C278}.Release|Mixed Platforms.ActiveCfg = Release|x86
		{C9B8F763-187D-4F2E-BAEE-827B7247C278}.Release|Mixed Platforms.Build.0 = Release|x86
		{C9B8F763-187D-4F2E-BAEE-827B7247C278}.Release|x64.ActiveCfg = Release|x64
		{C9B8F763-187D-4F2E-BAEE-827B7247C278}.Release|x64.Build.0 = Release|x64
		{C9B8F763-187D-4F2E-BAEE-827B7247C278}.Release|x86.ActiveCfg = Release|x86
		{C9B8F763-187D-4F2E-BAEE-827B7247C278}.Release|x86.Build.0 = Release|x86
		{376B6926-005D-4A36-9EB3-272173A377A4}.Debug|Any CPU.ActiveCfg = Debug|Any CPU
		{376B6926-005D-4A36-9EB3-272173A377A4}.Debug|Any CPU.Build.0 = Debug|Any CPU
		{376B6926-005D-4A36-9EB3-272173A377A4}.Debug|Any CPU.Deploy.0 = Debug|Any CPU
		{376B6926-005D-4A36-9EB3-272173A377A4}.Debug|ARM.ActiveCfg = Debug|ARM
		{376B6926-005D-4A36-9EB3-272173A377A4}.Debug|ARM.Build.0 = Debug|ARM
		{376B6926-005D-4A36-9EB3-272173A377A4}.Debug|ARM.Deploy.0 = Debug|ARM
		{376B6926-005D-4A36-9EB3-272173A377A4}.Debug|Mixed Platforms.ActiveCfg = Debug|x86
		{376B6926-005D-4A36-9EB3-272173A377A4}.Debug|Mixed Platforms.Build.0 = Debug|x86
		{376B6926-005D-4A36-9EB3-272173A377A4}.Debug|Mixed Platforms.Deploy.0 = Debug|x86
		{376B6926-005D-4A36-9EB3-272173A377A4}.Debug|x64.ActiveCfg = Debug|x64
		{376B6926-005D-4A36-9EB3-272173A377A4}.Debug|x64.Build.0 = Debug|x64
		{376B6926-005D-4A36-9EB3-272173A377A4}.Debug|x64.Deploy.0 = Debug|x64
		{376B6926-005D-4A36-9EB3-272173A377A4}.Debug|x86.ActiveCfg = Debug|x86
		{376B6926-005D-4A36-9EB3-272173A377A4}.Debug|x86.Build.0 = Debug|x86
		{376B6926-005D-4A36-9EB3-272173A377A4}.Debug|x86.Deploy.0 = Debug|x86
		{376B6926-005D-4A36-9EB3-272173A377A4}.Release|Any CPU.ActiveCfg = Release|Any CPU
		{376B6926-005D-4A36-9EB3-272173A377A4}.Release|Any CPU.Build.0 = Release|Any CPU
		{376B6926-005D-4A36-9EB3-272173A377A4}.Release|Any CPU.Deploy.0 = Release|Any CPU
		{376B6926-005D-4A36-9EB3-272173A377A4}.Release|ARM.ActiveCfg = Release|ARM
		{376B6926-005D-4A36-9EB3-272173A377A4}.Release|ARM.Build.0 = Release|ARM
		{376B6926-005D-4A36-9EB3-272173A377A4}.Release|ARM.Deploy.0 = Release|ARM
		{376B6926-005D-4A36-9EB3-272173A377A4}.Release|Mixed Platforms.ActiveCfg = Release|x86
		{376B6926-005D-4A36-9EB3-272173A377A4}.Release|Mixed Platforms.Build.0 = Release|x86
		{376B6926-005D-4A36-9EB3-272173A377A4}.Release|Mixed Platforms.Deploy.0 = Release|x86
		{376B6926-005D-4A36-9EB3-272173A377A4}.Release|x64.ActiveCfg = Release|x64
		{376B6926-005D-4A36-9EB3-272173A377A4}.Release|x64.Build.0 = Release|x64
		{376B6926-005D-4A36-9EB3-272173A377A4}.Release|x64.Deploy.0 = Release|x64
		{376B6926-005D-4A36-9EB3-272173A377A4}.Release|x86.ActiveCfg = Release|x86
		{376B6926-005D-4A36-9EB3-272173A377A4}.Release|x86.Build.0 = Release|x86
		{376B6926-005D-4A36-9EB3-272173A377A4}.Release|x86.Deploy.0 = Release|x86
		{270AE38D-AB91-4DCC-9C98-E183F990CAB4}.Debug|Any CPU.ActiveCfg = Debug|Any CPU
		{270AE38D-AB91-4DCC-9C98-E183F990CAB4}.Debug|Any CPU.Build.0 = Debug|Any CPU
		{270AE38D-AB91-4DCC-9C98-E183F990CAB4}.Debug|Any CPU.Deploy.0 = Debug|Any CPU
		{270AE38D-AB91-4DCC-9C98-E183F990CAB4}.Debug|ARM.ActiveCfg = Debug|ARM
		{270AE38D-AB91-4DCC-9C98-E183F990CAB4}.Debug|ARM.Build.0 = Debug|ARM
		{270AE38D-AB91-4DCC-9C98-E183F990CAB4}.Debug|ARM.Deploy.0 = Debug|ARM
		{270AE38D-AB91-4DCC-9C98-E183F990CAB4}.Debug|Mixed Platforms.ActiveCfg = Debug|x86
		{270AE38D-AB91-4DCC-9C98-E183F990CAB4}.Debug|Mixed Platforms.Build.0 = Debug|x86
		{270AE38D-AB91-4DCC-9C98-E183F990CAB4}.Debug|Mixed Platforms.Deploy.0 = Debug|x86
		{270AE38D-AB91-4DCC-9C98-E183F990CAB4}.Debug|x64.ActiveCfg = Debug|Any CPU
		{270AE38D-AB91-4DCC-9C98-E183F990CAB4}.Debug|x86.ActiveCfg = Debug|x86
		{270AE38D-AB91-4DCC-9C98-E183F990CAB4}.Debug|x86.Build.0 = Debug|x86
		{270AE38D-AB91-4DCC-9C98-E183F990CAB4}.Debug|x86.Deploy.0 = Debug|x86
		{270AE38D-AB91-4DCC-9C98-E183F990CAB4}.Release|Any CPU.ActiveCfg = Release|Any CPU
		{270AE38D-AB91-4DCC-9C98-E183F990CAB4}.Release|Any CPU.Build.0 = Release|Any CPU
		{270AE38D-AB91-4DCC-9C98-E183F990CAB4}.Release|Any CPU.Deploy.0 = Release|Any CPU
		{270AE38D-AB91-4DCC-9C98-E183F990CAB4}.Release|ARM.ActiveCfg = Release|ARM
		{270AE38D-AB91-4DCC-9C98-E183F990CAB4}.Release|ARM.Build.0 = Release|ARM
		{270AE38D-AB91-4DCC-9C98-E183F990CAB4}.Release|ARM.Deploy.0 = Release|ARM
		{270AE38D-AB91-4DCC-9C98-E183F990CAB4}.Release|Mixed Platforms.ActiveCfg = Release|x86
		{270AE38D-AB91-4DCC-9C98-E183F990CAB4}.Release|Mixed Platforms.Build.0 = Release|x86
		{270AE38D-AB91-4DCC-9C98-E183F990CAB4}.Release|Mixed Platforms.Deploy.0 = Release|x86
		{270AE38D-AB91-4DCC-9C98-E183F990CAB4}.Release|x64.ActiveCfg = Release|Any CPU
		{270AE38D-AB91-4DCC-9C98-E183F990CAB4}.Release|x86.ActiveCfg = Release|x86
		{270AE38D-AB91-4DCC-9C98-E183F990CAB4}.Release|x86.Build.0 = Release|x86
		{270AE38D-AB91-4DCC-9C98-E183F990CAB4}.Release|x86.Deploy.0 = Release|x86
		{9BEF78DB-B535-47D3-9C14-453D373807EC}.Debug|Any CPU.ActiveCfg = Debug|Any CPU
		{9BEF78DB-B535-47D3-9C14-453D373807EC}.Debug|Any CPU.Build.0 = Debug|Any CPU
		{9BEF78DB-B535-47D3-9C14-453D373807EC}.Debug|ARM.ActiveCfg = Debug|ARM
		{9BEF78DB-B535-47D3-9C14-453D373807EC}.Debug|ARM.Build.0 = Debug|ARM
		{9BEF78DB-B535-47D3-9C14-453D373807EC}.Debug|Mixed Platforms.ActiveCfg = Debug|x86
		{9BEF78DB-B535-47D3-9C14-453D373807EC}.Debug|Mixed Platforms.Build.0 = Debug|x86
		{9BEF78DB-B535-47D3-9C14-453D373807EC}.Debug|x64.ActiveCfg = Debug|Any CPU
		{9BEF78DB-B535-47D3-9C14-453D373807EC}.Debug|x86.ActiveCfg = Debug|x86
		{9BEF78DB-B535-47D3-9C14-453D373807EC}.Debug|x86.Build.0 = Debug|x86
		{9BEF78DB-B535-47D3-9C14-453D373807EC}.Release|Any CPU.ActiveCfg = Release|Any CPU
		{9BEF78DB-B535-47D3-9C14-453D373807EC}.Release|Any CPU.Build.0 = Release|Any CPU
		{9BEF78DB-B535-47D3-9C14-453D373807EC}.Release|ARM.ActiveCfg = Release|ARM
		{9BEF78DB-B535-47D3-9C14-453D373807EC}.Release|ARM.Build.0 = Release|ARM
		{9BEF78DB-B535-47D3-9C14-453D373807EC}.Release|Mixed Platforms.ActiveCfg = Release|x86
		{9BEF78DB-B535-47D3-9C14-453D373807EC}.Release|Mixed Platforms.Build.0 = Release|x86
		{9BEF78DB-B535-47D3-9C14-453D373807EC}.Release|x64.ActiveCfg = Release|Any CPU
		{9BEF78DB-B535-47D3-9C14-453D373807EC}.Release|x86.ActiveCfg = Release|x86
		{9BEF78DB-B535-47D3-9C14-453D373807EC}.Release|x86.Build.0 = Release|x86
	EndGlobalSection
	GlobalSection(SolutionProperties) = preSolution
		HideSolutionNode = FALSE
	EndGlobalSection
	GlobalSection(NestedProjects) = preSolution
		{935D67A0-931E-46DE-9F6A-2D6DBC99AFF3} = {D499A339-7F4C-4AF5-87E5-BE06021B3C8B}
		{94734E5A-0344-43E8-BB30-E32E3F57F611} = {D499A339-7F4C-4AF5-87E5-BE06021B3C8B}
		{4B12561E-D37B-48A1-B6DB-218E94906C22} = {D499A339-7F4C-4AF5-87E5-BE06021B3C8B}
		{C7F9AE34-B781-4490-A9B2-5728F44F3523} = {AF65A3A9-6F08-47C4-9C13-FA595BD211A4}
		{C9B8F763-187D-4F2E-BAEE-827B7247C278} = {AF65A3A9-6F08-47C4-9C13-FA595BD211A4}
		{FBA57D70-FCB2-4290-B2A2-6F9D42CA4DE4} = {C13E721B-B809-4F6E-B6B2-EE362B62CDA7}
		{376B6926-005D-4A36-9EB3-272173A377A4} = {C13E721B-B809-4F6E-B6B2-EE362B62CDA7}
		{270AE38D-AB91-4DCC-9C98-E183F990CAB4} = {C13E721B-B809-4F6E-B6B2-EE362B62CDA7}
		{9BEF78DB-B535-47D3-9C14-453D373807EC} = {AF65A3A9-6F08-47C4-9C13-FA595BD211A4}
	EndGlobalSection
EndGlobal
