
Microsoft Visual Studio Solution File, Format Version 10.00
# Visual Studio 2008
Project("{FAE04EC0-301F-11D3-BF4B-00C04F79EFBC}") = "AgateDrawing", "..\Drivers\AgateDrawing\AgateDrawing.csproj", "{C0C7498B-0000-0000-0000-000000000000}"
EndProject
Project("{FAE04EC0-301F-11D3-BF4B-00C04F79EFBC}") = "AgateOTK", "..\Drivers\AgateOTK\AgateOTK.csproj", "{CAB8A0C1-0000-0000-0000-000000000000}"
EndProject
Project("{FAE04EC0-301F-11D3-BF4B-00C04F79EFBC}") = "CreateWindowExample", "CreateWindowExample\CreateWindowExample.csproj", "{FBA15345-5D2C-440A-8BE0-83FA53BEDBCF}"
EndProject
Project("{FAE04EC0-301F-11D3-BF4B-00C04F79EFBC}") = "Pong", "Pong\Pong.csproj", "{436641C4-846C-42D0-8E8F-95F70E211D22}"
EndProject
Project("{FAE04EC0-301F-11D3-BF4B-00C04F79EFBC}") = "BallBuster.Net", "BallBuster.Net\BallBuster.Net.csproj", "{DD3CF4AA-02CC-4881-AFB1-6F10DFA1F8AF}"
EndProject
Project("{FAE04EC0-301F-11D3-BF4B-00C04F79EFBC}") = "AgateLib", "..\AgateLib\AgateLib.csproj", "{198C4842-0000-0000-0000-000000000000}"
EndProject
Project("{FAE04EC0-301F-11D3-BF4B-00C04F79EFBC}") = "AgateLib.WinForms", "..\Drivers\AgateLib.WinForms\AgateLib.WinForms.csproj", "{8C84DA52-0000-0000-0000-000000000000}"
EndProject
Project("{FAE04EC0-301F-11D3-BF4B-00C04F79EFBC}") = "AgateSDL", "..\Drivers\AgateSDL\AgateSDL.csproj", "{59265711-0000-0000-0000-000000000000}"
EndProject
Global
	GlobalSection(SolutionConfigurationPlatforms) = preSolution
		Debug|Any CPU = Debug|Any CPU
		Release|Any CPU = Release|Any CPU
	EndGlobalSection
	GlobalSection(ProjectConfigurationPlatforms) = postSolution
		{C0C7498B-0000-0000-0000-000000000000}.Debug|Any CPU.ActiveCfg = Debug|Any CPU
		{C0C7498B-0000-0000-0000-000000000000}.Debug|Any CPU.Build.0 = Debug|Any CPU
		{C0C7498B-0000-0000-0000-000000000000}.Release|Any CPU.ActiveCfg = Release|Any CPU
		{C0C7498B-0000-0000-0000-000000000000}.Release|Any CPU.Build.0 = Release|Any CPU
		{CAB8A0C1-0000-0000-0000-000000000000}.Debug|Any CPU.ActiveCfg = Debug|Any CPU
		{CAB8A0C1-0000-0000-0000-000000000000}.Debug|Any CPU.Build.0 = Debug|Any CPU
		{CAB8A0C1-0000-0000-0000-000000000000}.Release|Any CPU.ActiveCfg = Release|Any CPU
		{CAB8A0C1-0000-0000-0000-000000000000}.Release|Any CPU.Build.0 = Release|Any CPU
		{FBA15345-5D2C-440A-8BE0-83FA53BEDBCF}.Debug|Any CPU.ActiveCfg = Debug|Any CPU
		{FBA15345-5D2C-440A-8BE0-83FA53BEDBCF}.Debug|Any CPU.Build.0 = Debug|Any CPU
		{FBA15345-5D2C-440A-8BE0-83FA53BEDBCF}.Release|Any CPU.ActiveCfg = Release|Any CPU
		{FBA15345-5D2C-440A-8BE0-83FA53BEDBCF}.Release|Any CPU.Build.0 = Release|Any CPU
		{436641C4-846C-42D0-8E8F-95F70E211D22}.Debug|Any CPU.ActiveCfg = Debug|Any CPU
		{436641C4-846C-42D0-8E8F-95F70E211D22}.Debug|Any CPU.Build.0 = Debug|Any CPU
		{436641C4-846C-42D0-8E8F-95F70E211D22}.Release|Any CPU.ActiveCfg = Release|Any CPU
		{436641C4-846C-42D0-8E8F-95F70E211D22}.Release|Any CPU.Build.0 = Release|Any CPU
		{DD3CF4AA-02CC-4881-AFB1-6F10DFA1F8AF}.Debug|Any CPU.ActiveCfg = Debug|Any CPU
		{DD3CF4AA-02CC-4881-AFB1-6F10DFA1F8AF}.Debug|Any CPU.Build.0 = Debug|Any CPU
		{DD3CF4AA-02CC-4881-AFB1-6F10DFA1F8AF}.Release|Any CPU.ActiveCfg = Release|Any CPU
		{DD3CF4AA-02CC-4881-AFB1-6F10DFA1F8AF}.Release|Any CPU.Build.0 = Release|Any CPU
		{198C4842-0000-0000-0000-000000000000}.Debug|Any CPU.ActiveCfg = Debug|Any CPU
		{198C4842-0000-0000-0000-000000000000}.Debug|Any CPU.Build.0 = Debug|Any CPU
		{198C4842-0000-0000-0000-000000000000}.Release|Any CPU.ActiveCfg = Release|Any CPU
		{198C4842-0000-0000-0000-000000000000}.Release|Any CPU.Build.0 = Release|Any CPU
		{8C84DA52-0000-0000-0000-000000000000}.Debug|Any CPU.ActiveCfg = Debug|Any CPU
		{8C84DA52-0000-0000-0000-000000000000}.Debug|Any CPU.Build.0 = Debug|Any CPU
		{8C84DA52-0000-0000-0000-000000000000}.Release|Any CPU.ActiveCfg = Release|Any CPU
		{8C84DA52-0000-0000-0000-000000000000}.Release|Any CPU.Build.0 = Release|Any CPU
		{59265711-0000-0000-0000-000000000000}.Debug|Any CPU.ActiveCfg = Debug|Any CPU
		{59265711-0000-0000-0000-000000000000}.Debug|Any CPU.Build.0 = Debug|Any CPU
		{59265711-0000-0000-0000-000000000000}.Release|Any CPU.ActiveCfg = Release|Any CPU
		{59265711-0000-0000-0000-000000000000}.Release|Any CPU.Build.0 = Release|Any CPU
	EndGlobalSection
	GlobalSection(SolutionProperties) = preSolution
		HideSolutionNode = FALSE
	EndGlobalSection
EndGlobal
