
Microsoft Visual Studio Solution File, Format Version 10.00
# Visual Studio 2008
Project("{FAE04EC0-301F-11D3-BF4B-00C04F79EFBC}") = "AgateDrawing", "..\drivers\AgateDrawing\AgateDrawing.csproj", "{CCB70805-E8AF-44A8-837A-BD760340D4C3}"
EndProject
Project("{FAE04EC0-301F-11D3-BF4B-00C04F79EFBC}") = "AgateOTK", "..\drivers\AgateOTK\AgateOTK.csproj", "{DEBD482A-DDE8-468B-A8E7-AB5A56DF3085}"
EndProject
Project("{FAE04EC0-301F-11D3-BF4B-00C04F79EFBC}") = "BasicDrawingTester", "BasicDrawingTester\BasicDrawingTester.csproj", "{DC7A1A84-1547-4B14-A54A-31BC20B25F47}"
EndProject
Project("{FAE04EC0-301F-11D3-BF4B-00C04F79EFBC}") = "CreateWindowTest", "CreateWindowTest\CreateWindowTest.csproj", "{FBA15345-5D2C-440A-8BE0-83FA53BEDBCF}"
EndProject
Project("{FAE04EC0-301F-11D3-BF4B-00C04F79EFBC}") = "MultipleWindowTest", "MultipleWindowTest\MultipleWindowTest.csproj", "{29E34C41-06E2-4D25-8000-4A8740C54758}"
EndProject
Project("{FAE04EC0-301F-11D3-BF4B-00C04F79EFBC}") = "TilingTest", "TilingTest\TilingTest.csproj", "{614C418D-3DFA-4DA5-B6ED-C580A3939FEF}"
EndProject
Project("{FAE04EC0-301F-11D3-BF4B-00C04F79EFBC}") = "Pong", "Pong\Pong.csproj", "{436641C4-846C-42D0-8E8F-95F70E211D22}"
EndProject
Project("{FAE04EC0-301F-11D3-BF4B-00C04F79EFBC}") = "BallBuster.Net", "BallBuster.Net\BallBuster.Net.csproj", "{DD3CF4AA-02CC-4881-AFB1-6F10DFA1F8AF}"
EndProject
Project("{FAE04EC0-301F-11D3-BF4B-00C04F79EFBC}") = "AgateLib", "..\AgateLib\AgateLib.csproj", "{D62BD453-79AC-4A8D-8E75-F85FFF533E4D}"
EndProject
Project("{FAE04EC0-301F-11D3-BF4B-00C04F79EFBC}") = "AgateLib.WinForms", "..\Drivers\AgateLib.WinForms\AgateLib.WinForms.csproj", "{B21923C3-F28C-4F18-AE48-866C22AF98EB}"
EndProject
Global
	GlobalSection(SolutionConfigurationPlatforms) = preSolution
		Debug|Any CPU = Debug|Any CPU
		Release|Any CPU = Release|Any CPU
	EndGlobalSection
	GlobalSection(ProjectConfigurationPlatforms) = postSolution
		{CCB70805-E8AF-44A8-837A-BD760340D4C3}.Debug|Any CPU.ActiveCfg = Debug|Any CPU
		{CCB70805-E8AF-44A8-837A-BD760340D4C3}.Debug|Any CPU.Build.0 = Debug|Any CPU
		{CCB70805-E8AF-44A8-837A-BD760340D4C3}.Release|Any CPU.ActiveCfg = Release|Any CPU
		{CCB70805-E8AF-44A8-837A-BD760340D4C3}.Release|Any CPU.Build.0 = Release|Any CPU
		{DEBD482A-DDE8-468B-A8E7-AB5A56DF3085}.Debug|Any CPU.ActiveCfg = Debug|Any CPU
		{DEBD482A-DDE8-468B-A8E7-AB5A56DF3085}.Debug|Any CPU.Build.0 = Debug|Any CPU
		{DEBD482A-DDE8-468B-A8E7-AB5A56DF3085}.Release|Any CPU.ActiveCfg = Release|Any CPU
		{DEBD482A-DDE8-468B-A8E7-AB5A56DF3085}.Release|Any CPU.Build.0 = Release|Any CPU
		{DC7A1A84-1547-4B14-A54A-31BC20B25F47}.Debug|Any CPU.ActiveCfg = Debug|Any CPU
		{DC7A1A84-1547-4B14-A54A-31BC20B25F47}.Debug|Any CPU.Build.0 = Debug|Any CPU
		{DC7A1A84-1547-4B14-A54A-31BC20B25F47}.Release|Any CPU.ActiveCfg = Release|Any CPU
		{DC7A1A84-1547-4B14-A54A-31BC20B25F47}.Release|Any CPU.Build.0 = Release|Any CPU
		{FBA15345-5D2C-440A-8BE0-83FA53BEDBCF}.Debug|Any CPU.ActiveCfg = Debug|Any CPU
		{FBA15345-5D2C-440A-8BE0-83FA53BEDBCF}.Debug|Any CPU.Build.0 = Debug|Any CPU
		{FBA15345-5D2C-440A-8BE0-83FA53BEDBCF}.Release|Any CPU.ActiveCfg = Release|Any CPU
		{FBA15345-5D2C-440A-8BE0-83FA53BEDBCF}.Release|Any CPU.Build.0 = Release|Any CPU
		{29E34C41-06E2-4D25-8000-4A8740C54758}.Debug|Any CPU.ActiveCfg = Debug|Any CPU
		{29E34C41-06E2-4D25-8000-4A8740C54758}.Debug|Any CPU.Build.0 = Debug|Any CPU
		{29E34C41-06E2-4D25-8000-4A8740C54758}.Release|Any CPU.ActiveCfg = Release|Any CPU
		{29E34C41-06E2-4D25-8000-4A8740C54758}.Release|Any CPU.Build.0 = Release|Any CPU
		{614C418D-3DFA-4DA5-B6ED-C580A3939FEF}.Debug|Any CPU.ActiveCfg = Debug|Any CPU
		{614C418D-3DFA-4DA5-B6ED-C580A3939FEF}.Debug|Any CPU.Build.0 = Debug|Any CPU
		{614C418D-3DFA-4DA5-B6ED-C580A3939FEF}.Release|Any CPU.ActiveCfg = Release|Any CPU
		{614C418D-3DFA-4DA5-B6ED-C580A3939FEF}.Release|Any CPU.Build.0 = Release|Any CPU
		{436641C4-846C-42D0-8E8F-95F70E211D22}.Debug|Any CPU.ActiveCfg = Debug|Any CPU
		{436641C4-846C-42D0-8E8F-95F70E211D22}.Debug|Any CPU.Build.0 = Debug|Any CPU
		{436641C4-846C-42D0-8E8F-95F70E211D22}.Release|Any CPU.ActiveCfg = Release|Any CPU
		{436641C4-846C-42D0-8E8F-95F70E211D22}.Release|Any CPU.Build.0 = Release|Any CPU
		{DD3CF4AA-02CC-4881-AFB1-6F10DFA1F8AF}.Debug|Any CPU.ActiveCfg = Debug|Any CPU
		{DD3CF4AA-02CC-4881-AFB1-6F10DFA1F8AF}.Debug|Any CPU.Build.0 = Debug|Any CPU
		{DD3CF4AA-02CC-4881-AFB1-6F10DFA1F8AF}.Release|Any CPU.ActiveCfg = Release|Any CPU
		{DD3CF4AA-02CC-4881-AFB1-6F10DFA1F8AF}.Release|Any CPU.Build.0 = Release|Any CPU
		{D62BD453-79AC-4A8D-8E75-F85FFF533E4D}.Debug|Any CPU.ActiveCfg = Debug|Any CPU
		{D62BD453-79AC-4A8D-8E75-F85FFF533E4D}.Debug|Any CPU.Build.0 = Debug|Any CPU
		{D62BD453-79AC-4A8D-8E75-F85FFF533E4D}.Release|Any CPU.ActiveCfg = Release|Any CPU
		{D62BD453-79AC-4A8D-8E75-F85FFF533E4D}.Release|Any CPU.Build.0 = Release|Any CPU
		{B21923C3-F28C-4F18-AE48-866C22AF98EB}.Debug|Any CPU.ActiveCfg = Debug|Any CPU
		{B21923C3-F28C-4F18-AE48-866C22AF98EB}.Debug|Any CPU.Build.0 = Debug|Any CPU
		{B21923C3-F28C-4F18-AE48-866C22AF98EB}.Release|Any CPU.ActiveCfg = Release|Any CPU
		{B21923C3-F28C-4F18-AE48-866C22AF98EB}.Release|Any CPU.Build.0 = Release|Any CPU
	EndGlobalSection
	GlobalSection(SolutionProperties) = preSolution
		HideSolutionNode = FALSE
	EndGlobalSection
EndGlobal
