
Microsoft Visual Studio Solution File, Format Version 9.00
# Visual Studio 2005
Project("{FAE04EC0-301F-11D3-BF4B-00C04F79EFBC}") = "AgateLib", "..\..\src\AgateLib.csproj", "{C6B3EA23-0113-4E5D-B42E-4C715A25D084}"
EndProject
Project("{FAE04EC0-301F-11D3-BF4B-00C04F79EFBC}") = "FontTester", "FontTester\FontTester.csproj", "{6C73CDCA-97B6-460F-A440-3C4DD205CB07}"
EndProject
Project("{FAE04EC0-301F-11D3-BF4B-00C04F79EFBC}") = "AgateDrawing", "..\..\drivers\AgateDrawing\AgateDrawing.csproj", "{1AC2AEF6-2EF1-4A8B-8D2D-0480D6EDE65D}"
EndProject
Project("{FAE04EC0-301F-11D3-BF4B-00C04F79EFBC}") = "AgateMDX", "..\..\drivers\AgateMDX\AgateMDX.csproj", "{852EB9A0-5DCB-492F-9630-9D4198B81FA2}"
EndProject
Project("{FAE04EC0-301F-11D3-BF4B-00C04F79EFBC}") = "FontLineTester", "FontLineTester\FontLineTester.csproj", "{F9F434DF-BC60-4526-87C0-450BD50DC330}"
EndProject
Project("{FAE04EC0-301F-11D3-BF4B-00C04F79EFBC}") = "AgateOTK", "..\..\drivers\AgateOTK\AgateOTK.csproj", "{B8476DD4-981E-47CD-A8C2-9E28E84A156D}"
EndProject
Project("{FAE04EC0-301F-11D3-BF4B-00C04F79EFBC}") = "AgateWinForms", "..\..\drivers\AgateWinForms\AgateWinForms.csproj", "{5F029DD0-9017-4E5A-BE06-FD7D5D80E3B5}"
EndProject
Project("{FAE04EC0-301F-11D3-BF4B-00C04F79EFBC}") = "BitmapFontTester", "BitmapFontTester\BitmapFontTester.csproj", "{F0DAD35B-C5DA-484C-9BB4-74E0BFA2AD4C}"
EndProject
Global
	GlobalSection(SolutionConfigurationPlatforms) = preSolution
		Debug|Any CPU = Debug|Any CPU
		Debug|Mixed Platforms = Debug|Mixed Platforms
		Debug|x86 = Debug|x86
		Release|Any CPU = Release|Any CPU
		Release|Mixed Platforms = Release|Mixed Platforms
		Release|x86 = Release|x86
	EndGlobalSection
	GlobalSection(ProjectConfigurationPlatforms) = postSolution
		{C6B3EA23-0113-4E5D-B42E-4C715A25D084}.Debug|Any CPU.ActiveCfg = Debug|Any CPU
		{C6B3EA23-0113-4E5D-B42E-4C715A25D084}.Debug|Any CPU.Build.0 = Debug|Any CPU
		{C6B3EA23-0113-4E5D-B42E-4C715A25D084}.Debug|Mixed Platforms.ActiveCfg = Debug|Any CPU
		{C6B3EA23-0113-4E5D-B42E-4C715A25D084}.Debug|Mixed Platforms.Build.0 = Debug|Any CPU
		{C6B3EA23-0113-4E5D-B42E-4C715A25D084}.Debug|x86.ActiveCfg = Debug|Any CPU
		{C6B3EA23-0113-4E5D-B42E-4C715A25D084}.Release|Any CPU.ActiveCfg = Release|Any CPU
		{C6B3EA23-0113-4E5D-B42E-4C715A25D084}.Release|Any CPU.Build.0 = Release|Any CPU
		{C6B3EA23-0113-4E5D-B42E-4C715A25D084}.Release|Mixed Platforms.ActiveCfg = Release|Any CPU
		{C6B3EA23-0113-4E5D-B42E-4C715A25D084}.Release|Mixed Platforms.Build.0 = Release|Any CPU
		{C6B3EA23-0113-4E5D-B42E-4C715A25D084}.Release|x86.ActiveCfg = Release|Any CPU
		{6C73CDCA-97B6-460F-A440-3C4DD205CB07}.Debug|Any CPU.ActiveCfg = Debug|Any CPU
		{6C73CDCA-97B6-460F-A440-3C4DD205CB07}.Debug|Any CPU.Build.0 = Debug|Any CPU
		{6C73CDCA-97B6-460F-A440-3C4DD205CB07}.Debug|Mixed Platforms.ActiveCfg = Debug|Any CPU
		{6C73CDCA-97B6-460F-A440-3C4DD205CB07}.Debug|Mixed Platforms.Build.0 = Debug|Any CPU
		{6C73CDCA-97B6-460F-A440-3C4DD205CB07}.Debug|x86.ActiveCfg = Debug|Any CPU
		{6C73CDCA-97B6-460F-A440-3C4DD205CB07}.Release|Any CPU.ActiveCfg = Release|Any CPU
		{6C73CDCA-97B6-460F-A440-3C4DD205CB07}.Release|Any CPU.Build.0 = Release|Any CPU
		{6C73CDCA-97B6-460F-A440-3C4DD205CB07}.Release|Mixed Platforms.ActiveCfg = Release|Any CPU
		{6C73CDCA-97B6-460F-A440-3C4DD205CB07}.Release|Mixed Platforms.Build.0 = Release|Any CPU
		{6C73CDCA-97B6-460F-A440-3C4DD205CB07}.Release|x86.ActiveCfg = Release|Any CPU
		{1AC2AEF6-2EF1-4A8B-8D2D-0480D6EDE65D}.Debug|Any CPU.ActiveCfg = Debug|Any CPU
		{1AC2AEF6-2EF1-4A8B-8D2D-0480D6EDE65D}.Debug|Any CPU.Build.0 = Debug|Any CPU
		{1AC2AEF6-2EF1-4A8B-8D2D-0480D6EDE65D}.Debug|Mixed Platforms.ActiveCfg = Debug|Any CPU
		{1AC2AEF6-2EF1-4A8B-8D2D-0480D6EDE65D}.Debug|Mixed Platforms.Build.0 = Debug|Any CPU
		{1AC2AEF6-2EF1-4A8B-8D2D-0480D6EDE65D}.Debug|x86.ActiveCfg = Debug|Any CPU
		{1AC2AEF6-2EF1-4A8B-8D2D-0480D6EDE65D}.Release|Any CPU.ActiveCfg = Release|Any CPU
		{1AC2AEF6-2EF1-4A8B-8D2D-0480D6EDE65D}.Release|Any CPU.Build.0 = Release|Any CPU
		{1AC2AEF6-2EF1-4A8B-8D2D-0480D6EDE65D}.Release|Mixed Platforms.ActiveCfg = Release|Any CPU
		{1AC2AEF6-2EF1-4A8B-8D2D-0480D6EDE65D}.Release|Mixed Platforms.Build.0 = Release|Any CPU
		{1AC2AEF6-2EF1-4A8B-8D2D-0480D6EDE65D}.Release|x86.ActiveCfg = Release|Any CPU
		{852EB9A0-5DCB-492F-9630-9D4198B81FA2}.Debug|Any CPU.ActiveCfg = Debug|Any CPU
		{852EB9A0-5DCB-492F-9630-9D4198B81FA2}.Debug|Any CPU.Build.0 = Debug|Any CPU
		{852EB9A0-5DCB-492F-9630-9D4198B81FA2}.Debug|Mixed Platforms.ActiveCfg = Debug|Any CPU
		{852EB9A0-5DCB-492F-9630-9D4198B81FA2}.Debug|Mixed Platforms.Build.0 = Debug|Any CPU
		{852EB9A0-5DCB-492F-9630-9D4198B81FA2}.Debug|x86.ActiveCfg = Debug|Any CPU
		{852EB9A0-5DCB-492F-9630-9D4198B81FA2}.Release|Any CPU.ActiveCfg = Release|Any CPU
		{852EB9A0-5DCB-492F-9630-9D4198B81FA2}.Release|Any CPU.Build.0 = Release|Any CPU
		{852EB9A0-5DCB-492F-9630-9D4198B81FA2}.Release|Mixed Platforms.ActiveCfg = Release|Any CPU
		{852EB9A0-5DCB-492F-9630-9D4198B81FA2}.Release|Mixed Platforms.Build.0 = Release|Any CPU
		{852EB9A0-5DCB-492F-9630-9D4198B81FA2}.Release|x86.ActiveCfg = Release|Any CPU
		{F9F434DF-BC60-4526-87C0-450BD50DC330}.Debug|Any CPU.ActiveCfg = Debug|Any CPU
		{F9F434DF-BC60-4526-87C0-450BD50DC330}.Debug|Any CPU.Build.0 = Debug|Any CPU
		{F9F434DF-BC60-4526-87C0-450BD50DC330}.Debug|Mixed Platforms.ActiveCfg = Debug|Any CPU
		{F9F434DF-BC60-4526-87C0-450BD50DC330}.Debug|Mixed Platforms.Build.0 = Debug|Any CPU
		{F9F434DF-BC60-4526-87C0-450BD50DC330}.Debug|x86.ActiveCfg = Debug|Any CPU
		{F9F434DF-BC60-4526-87C0-450BD50DC330}.Release|Any CPU.ActiveCfg = Release|Any CPU
		{F9F434DF-BC60-4526-87C0-450BD50DC330}.Release|Any CPU.Build.0 = Release|Any CPU
		{F9F434DF-BC60-4526-87C0-450BD50DC330}.Release|Mixed Platforms.ActiveCfg = Release|Any CPU
		{F9F434DF-BC60-4526-87C0-450BD50DC330}.Release|Mixed Platforms.Build.0 = Release|Any CPU
		{F9F434DF-BC60-4526-87C0-450BD50DC330}.Release|x86.ActiveCfg = Release|Any CPU
		{B8476DD4-981E-47CD-A8C2-9E28E84A156D}.Debug|Any CPU.ActiveCfg = Debug|Any CPU
		{B8476DD4-981E-47CD-A8C2-9E28E84A156D}.Debug|Any CPU.Build.0 = Debug|Any CPU
		{B8476DD4-981E-47CD-A8C2-9E28E84A156D}.Debug|Mixed Platforms.ActiveCfg = Debug|Any CPU
		{B8476DD4-981E-47CD-A8C2-9E28E84A156D}.Debug|Mixed Platforms.Build.0 = Debug|Any CPU
		{B8476DD4-981E-47CD-A8C2-9E28E84A156D}.Debug|x86.ActiveCfg = Debug|Any CPU
		{B8476DD4-981E-47CD-A8C2-9E28E84A156D}.Release|Any CPU.ActiveCfg = Release|Any CPU
		{B8476DD4-981E-47CD-A8C2-9E28E84A156D}.Release|Any CPU.Build.0 = Release|Any CPU
		{B8476DD4-981E-47CD-A8C2-9E28E84A156D}.Release|Mixed Platforms.ActiveCfg = Release|Any CPU
		{B8476DD4-981E-47CD-A8C2-9E28E84A156D}.Release|Mixed Platforms.Build.0 = Release|Any CPU
		{B8476DD4-981E-47CD-A8C2-9E28E84A156D}.Release|x86.ActiveCfg = Release|Any CPU
		{5F029DD0-9017-4E5A-BE06-FD7D5D80E3B5}.Debug|Any CPU.ActiveCfg = Debug|Any CPU
		{5F029DD0-9017-4E5A-BE06-FD7D5D80E3B5}.Debug|Any CPU.Build.0 = Debug|Any CPU
		{5F029DD0-9017-4E5A-BE06-FD7D5D80E3B5}.Debug|Mixed Platforms.ActiveCfg = Debug|Any CPU
		{5F029DD0-9017-4E5A-BE06-FD7D5D80E3B5}.Debug|Mixed Platforms.Build.0 = Debug|Any CPU
		{5F029DD0-9017-4E5A-BE06-FD7D5D80E3B5}.Debug|x86.ActiveCfg = Debug|Any CPU
		{5F029DD0-9017-4E5A-BE06-FD7D5D80E3B5}.Release|Any CPU.ActiveCfg = Release|Any CPU
		{5F029DD0-9017-4E5A-BE06-FD7D5D80E3B5}.Release|Any CPU.Build.0 = Release|Any CPU
		{5F029DD0-9017-4E5A-BE06-FD7D5D80E3B5}.Release|Mixed Platforms.ActiveCfg = Release|Any CPU
		{5F029DD0-9017-4E5A-BE06-FD7D5D80E3B5}.Release|Mixed Platforms.Build.0 = Release|Any CPU
		{5F029DD0-9017-4E5A-BE06-FD7D5D80E3B5}.Release|x86.ActiveCfg = Release|Any CPU
		{F0DAD35B-C5DA-484C-9BB4-74E0BFA2AD4C}.Debug|Any CPU.ActiveCfg = Debug|Any CPU
		{F0DAD35B-C5DA-484C-9BB4-74E0BFA2AD4C}.Debug|Any CPU.Build.0 = Debug|Any CPU
		{F0DAD35B-C5DA-484C-9BB4-74E0BFA2AD4C}.Debug|Mixed Platforms.ActiveCfg = Debug|Any CPU
		{F0DAD35B-C5DA-484C-9BB4-74E0BFA2AD4C}.Debug|Mixed Platforms.Build.0 = Debug|Any CPU
		{F0DAD35B-C5DA-484C-9BB4-74E0BFA2AD4C}.Debug|x86.ActiveCfg = Debug|Any CPU
		{F0DAD35B-C5DA-484C-9BB4-74E0BFA2AD4C}.Release|Any CPU.ActiveCfg = Release|Any CPU
		{F0DAD35B-C5DA-484C-9BB4-74E0BFA2AD4C}.Release|Any CPU.Build.0 = Release|Any CPU
		{F0DAD35B-C5DA-484C-9BB4-74E0BFA2AD4C}.Release|Mixed Platforms.ActiveCfg = Release|Any CPU
		{F0DAD35B-C5DA-484C-9BB4-74E0BFA2AD4C}.Release|Mixed Platforms.Build.0 = Release|Any CPU
		{F0DAD35B-C5DA-484C-9BB4-74E0BFA2AD4C}.Release|x86.ActiveCfg = Release|Any CPU
	EndGlobalSection
	GlobalSection(SolutionProperties) = preSolution
		HideSolutionNode = FALSE
	EndGlobalSection
EndGlobal
