
Microsoft Visual Studio Solution File, Format Version 9.00
# Visual Studio 2005
Project("{FAE04EC0-301F-11D3-BF4B-00C04F79EFBC}") = "CreateWindowTest", "CreateWindowTest.csproj", "{FBA15345-5D2C-440A-8BE0-83FA53BEDBCF}"
EndProject
Global
	GlobalSection(SolutionConfigurationPlatforms) = preSolution
		Debug|Any CPU = Debug|Any CPU
		Release|Any CPU = Release|Any CPU
	EndGlobalSection
	GlobalSection(ProjectConfigurationPlatforms) = postSolution
		{FBA15345-5D2C-440A-8BE0-83FA53BEDBCF}.Debug|Any CPU.ActiveCfg = Debug|Any CPU
		{FBA15345-5D2C-440A-8BE0-83FA53BEDBCF}.Debug|Any CPU.Build.0 = Debug|Any CPU
		{FBA15345-5D2C-440A-8BE0-83FA53BEDBCF}.Release|Any CPU.ActiveCfg = Release|Any CPU
		{FBA15345-5D2C-440A-8BE0-83FA53BEDBCF}.Release|Any CPU.Build.0 = Release|Any CPU
	EndGlobalSection
	GlobalSection(SolutionProperties) = preSolution
		HideSolutionNode = FALSE
	EndGlobalSection
EndGlobal
